// !$*UTF8*$!
{
	archiveVersion = 1;
	classes = {
	};
	objectVersion = 54;
	objects = {

/* Begin PBXBuildFile section */
		00E356F31AD99517003FC87E /* quizzyTests.m in Sources */ = {isa = PBXBuildFile; fileRef = 00E356F21AD99517003FC87E /* quizzyTests.m */; };
		0C80B921A6F3F58F76C31292 /* libPods-quizzy.a in Frameworks */ = {isa = PBXBuildFile; fileRef = 5DCACB8F33CDC322A6C60F78 /* libPods-quizzy.a */; };
		13B07FBC1A68108700A75B9A /* AppDelegate.mm in Sources */ = {isa = PBXBuildFile; fileRef = 13B07FB01A68108700A75B9A /* AppDelegate.mm */; };
		13B07FBF1A68108700A75B9A /* Images.xcassets in Resources */ = {isa = PBXBuildFile; fileRef = 13B07FB51A68108700A75B9A /* Images.xcassets */; };
		13B07FC11A68108700A75B9A /* main.m in Sources */ = {isa = PBXBuildFile; fileRef = 13B07FB71A68108700A75B9A /* main.m */; };
		7699B88040F8A987B510C191 /* libPods-quizzy-quizzyTests.a in Frameworks */ = {isa = PBXBuildFile; fileRef = 19F6CBCC0A4E27FBF8BF4A61 /* libPods-quizzy-quizzyTests.a */; };
		81AB9BB82411601600AC10FF /* LaunchScreen.storyboard in Resources */ = {isa = PBXBuildFile; fileRef = 81AB9BB72411601600AC10FF /* LaunchScreen.storyboard */; };
		D34D23424E1C44758265C44E /* Poppins-Black.ttf in Resources */ = {isa = PBXBuildFile; fileRef = 01902D1ECEFA4BB1B9AC3D00 /* Poppins-Black.ttf */; };
		02C5275FF4A94A22B19379ED /* Poppins-BlackItalic.ttf in Resources */ = {isa = PBXBuildFile; fileRef = D5AA60362D614BB69911E448 /* Poppins-BlackItalic.ttf */; };
		42A1B7843A3541B6836BBF99 /* Poppins-Bold.ttf in Resources */ = {isa = PBXBuildFile; fileRef = F5E41AE68E874DF08C9AE6A4 /* Poppins-Bold.ttf */; };
		B9D7371C79964AD899D59906 /* Poppins-BoldItalic.ttf in Resources */ = {isa = PBXBuildFile; fileRef = 5723A74AA7B54E6C801D9D7B /* Poppins-BoldItalic.ttf */; };
		328574623C5C429090D1B2ED /* Poppins-ExtraBold.ttf in Resources */ = {isa = PBXBuildFile; fileRef = A396B048F83840B39613C496 /* Poppins-ExtraBold.ttf */; };
		B3DA1610709F4B048BB17D68 /* Poppins-ExtraBoldItalic.ttf in Resources */ = {isa = PBXBuildFile; fileRef = 0B96260ECED94783B0F05412 /* Poppins-ExtraBoldItalic.ttf */; };
		647A0C6E8BBC4740B44DAE4A /* Poppins-Italic.ttf in Resources */ = {isa = PBXBuildFile; fileRef = 42722397B4184EB88BC839A3 /* Poppins-Italic.ttf */; };
		50E2DB4345AF4C3E95AB65E8 /* Poppins-Medium.ttf in Resources */ = {isa = PBXBuildFile; fileRef = 97FF1BF7D9C040D39953D613 /* Poppins-Medium.ttf */; };
		D0305AEB2C0D40FE87566BA6 /* Poppins-MediumItalic.ttf in Resources */ = {isa = PBXBuildFile; fileRef = 0981FE40C9BD470097C5FF76 /* Poppins-MediumItalic.ttf */; };
		DD2037C56DF64186BF5F7466 /* Poppins-Regular.ttf in Resources */ = {isa = PBXBuildFile; fileRef = 99D7C75438644295B267DBE4 /* Poppins-Regular.ttf */; };
		E7567FEFC60442DC927784AF /* Poppins-SemiBold.ttf in Resources */ = {isa = PBXBuildFile; fileRef = F18E94D5C6CB4ED89F518264 /* Poppins-SemiBold.ttf */; };
		B03E70446C30408F9B4E2F17 /* Poppins-SemiBoldItalic.ttf in Resources */ = {isa = PBXBuildFile; fileRef = F833F4FB5F214125818171F2 /* Poppins-SemiBoldItalic.ttf */; };
		519A9411FF35405D9433F811 /* Poppins-Thin.ttf in Resources */ = {isa = PBXBuildFile; fileRef = 0F58921BAFB8418C9A84A96D /* Poppins-Thin.ttf */; };
		1553CA9A22B643E3B2B93802 /* Poppins-ThinItalic.ttf in Resources */ = {isa = PBXBuildFile; fileRef = AD10042278DA480CAE90F164 /* Poppins-ThinItalic.ttf */; };
		414101B7A24A477488A7E702 /* OFL.txt in Resources */ = {isa = PBXBuildFile; fileRef = 59B02796D93B47028E8A65A9 /* OFL.txt */; };
		971EB6163FE14D85AF6FE773 /* AlbertSans-Black.ttf in Resources */ = {isa = PBXBuildFile; fileRef = 53B7E7C0289946A0BC392E5E /* AlbertSans-Black.ttf */; };
		5F90F8B25609488085249135 /* AlbertSans-BlackItalic.ttf in Resources */ = {isa = PBXBuildFile; fileRef = 916843C5A15B40D78849B86E /* AlbertSans-BlackItalic.ttf */; };
		B3579E1E9821460B9807D9EC /* AlbertSans-Bold.ttf in Resources */ = {isa = PBXBuildFile; fileRef = 8660F3E5D73C44FAB6D50BA9 /* AlbertSans-Bold.ttf */; };
		D6CB80CB6BCC4209B86E0A16 /* AlbertSans-BoldItalic.ttf in Resources */ = {isa = PBXBuildFile; fileRef = 295C051443F44108871124A8 /* AlbertSans-BoldItalic.ttf */; };
		FB6631B9318841EDB88890FB /* AlbertSans-ExtraBold.ttf in Resources */ = {isa = PBXBuildFile; fileRef = CC7B7E41726F492B9753E095 /* AlbertSans-ExtraBold.ttf */; };
		5E8B01A87FB3476DA0F7D586 /* AlbertSans-ExtraBoldItalic.ttf in Resources */ = {isa = PBXBuildFile; fileRef = 6D2B86C4F519473AA6940C60 /* AlbertSans-ExtraBoldItalic.ttf */; };
		578695B0AC8F4CA0ABD6972C /* AlbertSans-ExtraLight.ttf in Resources */ = {isa = PBXBuildFile; fileRef = CBAD49EF59D742F9BE113FA3 /* AlbertSans-ExtraLight.ttf */; };
		465651706B6E45D9B5CA39FE /* AlbertSans-ExtraLightItalic.ttf in Resources */ = {isa = PBXBuildFile; fileRef = 0F8E6D539C5F4C93A2ECF8D7 /* AlbertSans-ExtraLightItalic.ttf */; };
		FDC0407BF96C4242AA018AF3 /* AlbertSans-Italic.ttf in Resources */ = {isa = PBXBuildFile; fileRef = 4AA98912CA0E42BCB7B34536 /* AlbertSans-Italic.ttf */; };
		48FA4AF6255E45108E5B5519 /* AlbertSans-Light.ttf in Resources */ = {isa = PBXBuildFile; fileRef = C7A68C26BDC343FA97828403 /* AlbertSans-Light.ttf */; };
		8CBDFCB25DAA42ABB8B37F2E /* AlbertSans-LightItalic.ttf in Resources */ = {isa = PBXBuildFile; fileRef = 8EA4F61E72E04492B3560186 /* AlbertSans-LightItalic.ttf */; };
		C26CB9ED432C4B56ABEF0720 /* AlbertSans-Medium.ttf in Resources */ = {isa = PBXBuildFile; fileRef = F0B9AA56ECA143E49DD44C47 /* AlbertSans-Medium.ttf */; };
		42326F28B9D34CA695EC4D8B /* AlbertSans-MediumItalic.ttf in Resources */ = {isa = PBXBuildFile; fileRef = 918FBC64F46241E89D007ACF /* AlbertSans-MediumItalic.ttf */; };
		29ECE72B504D4573AB298046 /* AlbertSans-Regular.ttf in Resources */ = {isa = PBXBuildFile; fileRef = AE269B70163042CD85B74D50 /* AlbertSans-Regular.ttf */; };
		B5B5F164251343009622BAC1 /* AlbertSans-SemiBold.ttf in Resources */ = {isa = PBXBuildFile; fileRef = B3244A28BFFB4C8FA19DA7E2 /* AlbertSans-SemiBold.ttf */; };
		5F1ADA238BD548E2B3411119 /* AlbertSans-SemiBoldItalic.ttf in Resources */ = {isa = PBXBuildFile; fileRef = 993C5BA211B6487581267C8C /* AlbertSans-SemiBoldItalic.ttf */; };
		2A49B5720E834E64A5921610 /* AlbertSans-Thin.ttf in Resources */ = {isa = PBXBuildFile; fileRef = 9AFBAA4283954850A3EA6D80 /* AlbertSans-Thin.ttf */; };
		0A74751CEAD648E5BC1FCBF6 /* AlbertSans-ThinItalic.ttf in Resources */ = {isa = PBXBuildFile; fileRef = 3F7ECE76433D424496483706 /* AlbertSans-ThinItalic.ttf */; };
/* End PBXBuildFile section */

/* Begin PBXContainerItemProxy section */
		00E356F41AD99517003FC87E /* PBXContainerItemProxy */ = {
			isa = PBXContainerItemProxy;
			containerPortal = 83CBB9F71A601CBA00E9B192 /* Project object */;
			proxyType = 1;
			remoteGlobalIDString = 13B07F861A680F5B00A75B9A;
			remoteInfo = quizzy;
		};
/* End PBXContainerItemProxy section */

/* Begin PBXFileReference section */
		00E356EE1AD99517003FC87E /* quizzyTests.xctest */ = {isa = PBXFileReference; explicitFileType = wrapper.cfbundle; includeInIndex = 0; path = quizzyTests.xctest; sourceTree = BUILT_PRODUCTS_DIR; };
		00E356F11AD99517003FC87E /* Info.plist */ = {isa = PBXFileReference; lastKnownFileType = text.plist.xml; path = Info.plist; sourceTree = "<group>"; };
		00E356F21AD99517003FC87E /* quizzyTests.m */ = {isa = PBXFileReference; lastKnownFileType = sourcecode.c.objc; path = quizzyTests.m; sourceTree = "<group>"; };
		13B07F961A680F5B00A75B9A /* quizzy.app */ = {isa = PBXFileReference; explicitFileType = wrapper.application; includeInIndex = 0; path = quizzy.app; sourceTree = BUILT_PRODUCTS_DIR; };
		13B07FAF1A68108700A75B9A /* AppDelegate.h */ = {isa = PBXFileReference; fileEncoding = 4; lastKnownFileType = sourcecode.c.h; name = AppDelegate.h; path = quizzy/AppDelegate.h; sourceTree = "<group>"; };
		13B07FB01A68108700A75B9A /* AppDelegate.mm */ = {isa = PBXFileReference; fileEncoding = 4; lastKnownFileType = sourcecode.cpp.objcpp; name = AppDelegate.mm; path = quizzy/AppDelegate.mm; sourceTree = "<group>"; };
		13B07FB51A68108700A75B9A /* Images.xcassets */ = {isa = PBXFileReference; lastKnownFileType = folder.assetcatalog; name = Images.xcassets; path = quizzy/Images.xcassets; sourceTree = "<group>"; };
		13B07FB61A68108700A75B9A /* Info.plist */ = {isa = PBXFileReference; fileEncoding = 4; lastKnownFileType = text.plist.xml; name = Info.plist; path = quizzy/Info.plist; sourceTree = "<group>"; };
		13B07FB71A68108700A75B9A /* main.m */ = {isa = PBXFileReference; fileEncoding = 4; lastKnownFileType = sourcecode.c.objc; name = main.m; path = quizzy/main.m; sourceTree = "<group>"; };
		19F6CBCC0A4E27FBF8BF4A61 /* libPods-quizzy-quizzyTests.a */ = {isa = PBXFileReference; explicitFileType = archive.ar; includeInIndex = 0; path = "libPods-quizzy-quizzyTests.a"; sourceTree = BUILT_PRODUCTS_DIR; };
		3B4392A12AC88292D35C810B /* Pods-quizzy.debug.xcconfig */ = {isa = PBXFileReference; includeInIndex = 1; lastKnownFileType = text.xcconfig; name = "Pods-quizzy.debug.xcconfig"; path = "Target Support Files/Pods-quizzy/Pods-quizzy.debug.xcconfig"; sourceTree = "<group>"; };
		5709B34CF0A7D63546082F79 /* Pods-quizzy.release.xcconfig */ = {isa = PBXFileReference; includeInIndex = 1; lastKnownFileType = text.xcconfig; name = "Pods-quizzy.release.xcconfig"; path = "Target Support Files/Pods-quizzy/Pods-quizzy.release.xcconfig"; sourceTree = "<group>"; };
		5B7EB9410499542E8C5724F5 /* Pods-quizzy-quizzyTests.debug.xcconfig */ = {isa = PBXFileReference; includeInIndex = 1; lastKnownFileType = text.xcconfig; name = "Pods-quizzy-quizzyTests.debug.xcconfig"; path = "Target Support Files/Pods-quizzy-quizzyTests/Pods-quizzy-quizzyTests.debug.xcconfig"; sourceTree = "<group>"; };
		5DCACB8F33CDC322A6C60F78 /* libPods-quizzy.a */ = {isa = PBXFileReference; explicitFileType = archive.ar; includeInIndex = 0; path = "libPods-quizzy.a"; sourceTree = BUILT_PRODUCTS_DIR; };
		81AB9BB72411601600AC10FF /* LaunchScreen.storyboard */ = {isa = PBXFileReference; fileEncoding = 4; lastKnownFileType = file.storyboard; name = LaunchScreen.storyboard; path = quizzy/LaunchScreen.storyboard; sourceTree = "<group>"; };
		89C6BE57DB24E9ADA2F236DE /* Pods-quizzy-quizzyTests.release.xcconfig */ = {isa = PBXFileReference; includeInIndex = 1; lastKnownFileType = text.xcconfig; name = "Pods-quizzy-quizzyTests.release.xcconfig"; path = "Target Support Files/Pods-quizzy-quizzyTests/Pods-quizzy-quizzyTests.release.xcconfig"; sourceTree = "<group>"; };
		ED297162215061F000B7C4FE /* JavaScriptCore.framework */ = {isa = PBXFileReference; lastKnownFileType = wrapper.framework; name = JavaScriptCore.framework; path = System/Library/Frameworks/JavaScriptCore.framework; sourceTree = SDKROOT; };
		01902D1ECEFA4BB1B9AC3D00 /* Poppins-Black.ttf */ = {isa = PBXFileReference; name = "Poppins-Black.ttf"; path = "../assets/fonts/Poppins (1)/Poppins-Black.ttf"; sourceTree = "<group>"; fileEncoding = undefined; lastKnownFileType = unknown; explicitFileType = undefined; includeInIndex = 0; };
		D5AA60362D614BB69911E448 /* Poppins-BlackItalic.ttf */ = {isa = PBXFileReference; name = "Poppins-BlackItalic.ttf"; path = "../assets/fonts/Poppins (1)/Poppins-BlackItalic.ttf"; sourceTree = "<group>"; fileEncoding = undefined; lastKnownFileType = unknown; explicitFileType = undefined; includeInIndex = 0; };
		F5E41AE68E874DF08C9AE6A4 /* Poppins-Bold.ttf */ = {isa = PBXFileReference; name = "Poppins-Bold.ttf"; path = "../assets/fonts/Poppins (1)/Poppins-Bold.ttf"; sourceTree = "<group>"; fileEncoding = undefined; lastKnownFileType = unknown; explicitFileType = undefined; includeInIndex = 0; };
		5723A74AA7B54E6C801D9D7B /* Poppins-BoldItalic.ttf */ = {isa = PBXFileReference; name = "Poppins-BoldItalic.ttf"; path = "../assets/fonts/Poppins (1)/Poppins-BoldItalic.ttf"; sourceTree = "<group>"; fileEncoding = undefined; lastKnownFileType = unknown; explicitFileType = undefined; includeInIndex = 0; };
		A396B048F83840B39613C496 /* Poppins-ExtraBold.ttf */ = {isa = PBXFileReference; name = "Poppins-ExtraBold.ttf"; path = "../assets/fonts/Poppins (1)/Poppins-ExtraBold.ttf"; sourceTree = "<group>"; fileEncoding = undefined; lastKnownFileType = unknown; explicitFileType = undefined; includeInIndex = 0; };
		0B96260ECED94783B0F05412 /* Poppins-ExtraBoldItalic.ttf */ = {isa = PBXFileReference; name = "Poppins-ExtraBoldItalic.ttf"; path = "../assets/fonts/Poppins (1)/Poppins-ExtraBoldItalic.ttf"; sourceTree = "<group>"; fileEncoding = undefined; lastKnownFileType = unknown; explicitFileType = undefined; includeInIndex = 0; };
		42722397B4184EB88BC839A3 /* Poppins-Italic.ttf */ = {isa = PBXFileReference; name = "Poppins-Italic.ttf"; path = "../assets/fonts/Poppins (1)/Poppins-Italic.ttf"; sourceTree = "<group>"; fileEncoding = undefined; lastKnownFileType = unknown; explicitFileType = undefined; includeInIndex = 0; };
		97FF1BF7D9C040D39953D613 /* Poppins-Medium.ttf */ = {isa = PBXFileReference; name = "Poppins-Medium.ttf"; path = "../assets/fonts/Poppins (1)/Poppins-Medium.ttf"; sourceTree = "<group>"; fileEncoding = undefined; lastKnownFileType = unknown; explicitFileType = undefined; includeInIndex = 0; };
		0981FE40C9BD470097C5FF76 /* Poppins-MediumItalic.ttf */ = {isa = PBXFileReference; name = "Poppins-MediumItalic.ttf"; path = "../assets/fonts/Poppins (1)/Poppins-MediumItalic.ttf"; sourceTree = "<group>"; fileEncoding = undefined; lastKnownFileType = unknown; explicitFileType = undefined; includeInIndex = 0; };
		99D7C75438644295B267DBE4 /* Poppins-Regular.ttf */ = {isa = PBXFileReference; name = "Poppins-Regular.ttf"; path = "../assets/fonts/Poppins (1)/Poppins-Regular.ttf"; sourceTree = "<group>"; fileEncoding = undefined; lastKnownFileType = unknown; explicitFileType = undefined; includeInIndex = 0; };
		F18E94D5C6CB4ED89F518264 /* Poppins-SemiBold.ttf */ = {isa = PBXFileReference; name = "Poppins-SemiBold.ttf"; path = "../assets/fonts/Poppins (1)/Poppins-SemiBold.ttf"; sourceTree = "<group>"; fileEncoding = undefined; lastKnownFileType = unknown; explicitFileType = undefined; includeInIndex = 0; };
		F833F4FB5F214125818171F2 /* Poppins-SemiBoldItalic.ttf */ = {isa = PBXFileReference; name = "Poppins-SemiBoldItalic.ttf"; path = "../assets/fonts/Poppins (1)/Poppins-SemiBoldItalic.ttf"; sourceTree = "<group>"; fileEncoding = undefined; lastKnownFileType = unknown; explicitFileType = undefined; includeInIndex = 0; };
		0F58921BAFB8418C9A84A96D /* Poppins-Thin.ttf */ = {isa = PBXFileReference; name = "Poppins-Thin.ttf"; path = "../assets/fonts/Poppins (1)/Poppins-Thin.ttf"; sourceTree = "<group>"; fileEncoding = undefined; lastKnownFileType = unknown; explicitFileType = undefined; includeInIndex = 0; };
		AD10042278DA480CAE90F164 /* Poppins-ThinItalic.ttf */ = {isa = PBXFileReference; name = "Poppins-ThinItalic.ttf"; path = "../assets/fonts/Poppins (1)/Poppins-ThinItalic.ttf"; sourceTree = "<group>"; fileEncoding = undefined; lastKnownFileType = unknown; explicitFileType = undefined; includeInIndex = 0; };
		59B02796D93B47028E8A65A9 /* OFL.txt */ = {isa = PBXFileReference; name = "OFL.txt"; path = "../assets/fonts/Poppins (1)/OFL.txt"; sourceTree = "<group>"; fileEncoding = undefined; lastKnownFileType = unknown; explicitFileType = undefined; includeInIndex = 0; };
		53B7E7C0289946A0BC392E5E /* AlbertSans-Black.ttf */ = {isa = PBXFileReference; name = "AlbertSans-Black.ttf"; path = "../assets/fonts/AlbertSans/AlbertSans-Black.ttf"; sourceTree = "<group>"; fileEncoding = undefined; lastKnownFileType = unknown; explicitFileType = undefined; includeInIndex = 0; };
		916843C5A15B40D78849B86E /* AlbertSans-BlackItalic.ttf */ = {isa = PBXFileReference; name = "AlbertSans-BlackItalic.ttf"; path = "../assets/fonts/AlbertSans/AlbertSans-BlackItalic.ttf"; sourceTree = "<group>"; fileEncoding = undefined; lastKnownFileType = unknown; explicitFileType = undefined; includeInIndex = 0; };
		8660F3E5D73C44FAB6D50BA9 /* AlbertSans-Bold.ttf */ = {isa = PBXFileReference; name = "AlbertSans-Bold.ttf"; path = "../assets/fonts/AlbertSans/AlbertSans-Bold.ttf"; sourceTree = "<group>"; fileEncoding = undefined; lastKnownFileType = unknown; explicitFileType = undefined; includeInIndex = 0; };
		295C051443F44108871124A8 /* AlbertSans-BoldItalic.ttf */ = {isa = PBXFileReference; name = "AlbertSans-BoldItalic.ttf"; path = "../assets/fonts/AlbertSans/AlbertSans-BoldItalic.ttf"; sourceTree = "<group>"; fileEncoding = undefined; lastKnownFileType = unknown; explicitFileType = undefined; includeInIndex = 0; };
		CC7B7E41726F492B9753E095 /* AlbertSans-ExtraBold.ttf */ = {isa = PBXFileReference; name = "AlbertSans-ExtraBold.ttf"; path = "../assets/fonts/AlbertSans/AlbertSans-ExtraBold.ttf"; sourceTree = "<group>"; fileEncoding = undefined; lastKnownFileType = unknown; explicitFileType = undefined; includeInIndex = 0; };
		6D2B86C4F519473AA6940C60 /* AlbertSans-ExtraBoldItalic.ttf */ = {isa = PBXFileReference; name = "AlbertSans-ExtraBoldItalic.ttf"; path = "../assets/fonts/AlbertSans/AlbertSans-ExtraBoldItalic.ttf"; sourceTree = "<group>"; fileEncoding = undefined; lastKnownFileType = unknown; explicitFileType = undefined; includeInIndex = 0; };
		CBAD49EF59D742F9BE113FA3 /* AlbertSans-ExtraLight.ttf */ = {isa = PBXFileReference; name = "AlbertSans-ExtraLight.ttf"; path = "../assets/fonts/AlbertSans/AlbertSans-ExtraLight.ttf"; sourceTree = "<group>"; fileEncoding = undefined; lastKnownFileType = unknown; explicitFileType = undefined; includeInIndex = 0; };
		0F8E6D539C5F4C93A2ECF8D7 /* AlbertSans-ExtraLightItalic.ttf */ = {isa = PBXFileReference; name = "AlbertSans-ExtraLightItalic.ttf"; path = "../assets/fonts/AlbertSans/AlbertSans-ExtraLightItalic.ttf"; sourceTree = "<group>"; fileEncoding = undefined; lastKnownFileType = unknown; explicitFileType = undefined; includeInIndex = 0; };
		4AA98912CA0E42BCB7B34536 /* AlbertSans-Italic.ttf */ = {isa = PBXFileReference; name = "AlbertSans-Italic.ttf"; path = "../assets/fonts/AlbertSans/AlbertSans-Italic.ttf"; sourceTree = "<group>"; fileEncoding = undefined; lastKnownFileType = unknown; explicitFileType = undefined; includeInIndex = 0; };
		C7A68C26BDC343FA97828403 /* AlbertSans-Light.ttf */ = {isa = PBXFileReference; name = "AlbertSans-Light.ttf"; path = "../assets/fonts/AlbertSans/AlbertSans-Light.ttf"; sourceTree = "<group>"; fileEncoding = undefined; lastKnownFileType = unknown; explicitFileType = undefined; includeInIndex = 0; };
		8EA4F61E72E04492B3560186 /* AlbertSans-LightItalic.ttf */ = {isa = PBXFileReference; name = "AlbertSans-LightItalic.ttf"; path = "../assets/fonts/AlbertSans/AlbertSans-LightItalic.ttf"; sourceTree = "<group>"; fileEncoding = undefined; lastKnownFileType = unknown; explicitFileType = undefined; includeInIndex = 0; };
		F0B9AA56ECA143E49DD44C47 /* AlbertSans-Medium.ttf */ = {isa = PBXFileReference; name = "AlbertSans-Medium.ttf"; path = "../assets/fonts/AlbertSans/AlbertSans-Medium.ttf"; sourceTree = "<group>"; fileEncoding = undefined; lastKnownFileType = unknown; explicitFileType = undefined; includeInIndex = 0; };
		918FBC64F46241E89D007ACF /* AlbertSans-MediumItalic.ttf */ = {isa = PBXFileReference; name = "AlbertSans-MediumItalic.ttf"; path = "../assets/fonts/AlbertSans/AlbertSans-MediumItalic.ttf"; sourceTree = "<group>"; fileEncoding = undefined; lastKnownFileType = unknown; explicitFileType = undefined; includeInIndex = 0; };
		AE269B70163042CD85B74D50 /* AlbertSans-Regular.ttf */ = {isa = PBXFileReference; name = "AlbertSans-Regular.ttf"; path = "../assets/fonts/AlbertSans/AlbertSans-Regular.ttf"; sourceTree = "<group>"; fileEncoding = undefined; lastKnownFileType = unknown; explicitFileType = undefined; includeInIndex = 0; };
		B3244A28BFFB4C8FA19DA7E2 /* AlbertSans-SemiBold.ttf */ = {isa = PBXFileReference; name = "AlbertSans-SemiBold.ttf"; path = "../assets/fonts/AlbertSans/AlbertSans-SemiBold.ttf"; sourceTree = "<group>"; fileEncoding = undefined; lastKnownFileType = unknown; explicitFileType = undefined; includeInIndex = 0; };
		993C5BA211B6487581267C8C /* AlbertSans-SemiBoldItalic.ttf */ = {isa = PBXFileReference; name = "AlbertSans-SemiBoldItalic.ttf"; path = "../assets/fonts/AlbertSans/AlbertSans-SemiBoldItalic.ttf"; sourceTree = "<group>"; fileEncoding = undefined; lastKnownFileType = unknown; explicitFileType = undefined; includeInIndex = 0; };
		9AFBAA4283954850A3EA6D80 /* AlbertSans-Thin.ttf */ = {isa = PBXFileReference; name = "AlbertSans-Thin.ttf"; path = "../assets/fonts/AlbertSans/AlbertSans-Thin.ttf"; sourceTree = "<group>"; fileEncoding = undefined; lastKnownFileType = unknown; explicitFileType = undefined; includeInIndex = 0; };
		3F7ECE76433D424496483706 /* AlbertSans-ThinItalic.ttf */ = {isa = PBXFileReference; name = "AlbertSans-ThinItalic.ttf"; path = "../assets/fonts/AlbertSans/AlbertSans-ThinItalic.ttf"; sourceTree = "<group>"; fileEncoding = undefined; lastKnownFileType = unknown; explicitFileType = undefined; includeInIndex = 0; };
/* End PBXFileReference section */

/* Begin PBXFrameworksBuildPhase section */
		00E356EB1AD99517003FC87E /* Frameworks */ = {
			isa = PBXFrameworksBuildPhase;
			buildActionMask = 2147483647;
			files = (
				7699B88040F8A987B510C191 /* libPods-quizzy-quizzyTests.a in Frameworks */,
			);
			runOnlyForDeploymentPostprocessing = 0;
		};
		13B07F8C1A680F5B00A75B9A /* Frameworks */ = {
			isa = PBXFrameworksBuildPhase;
			buildActionMask = 2147483647;
			files = (
				0C80B921A6F3F58F76C31292 /* libPods-quizzy.a in Frameworks */,
			);
			runOnlyForDeploymentPostprocessing = 0;
		};
/* End PBXFrameworksBuildPhase section */

/* Begin PBXGroup section */
		00E356EF1AD99517003FC87E /* quizzyTests */ = {
			isa = PBXGroup;
			children = (
				00E356F21AD99517003FC87E /* quizzyTests.m */,
				00E356F01AD99517003FC87E /* Supporting Files */,
			);
			path = quizzyTests;
			sourceTree = "<group>";
		};
		00E356F01AD99517003FC87E /* Supporting Files */ = {
			isa = PBXGroup;
			children = (
				00E356F11AD99517003FC87E /* Info.plist */,
			);
			name = "Supporting Files";
			sourceTree = "<group>";
		};
		13B07FAE1A68108700A75B9A /* quizzy */ = {
			isa = PBXGroup;
			children = (
				13B07FAF1A68108700A75B9A /* AppDelegate.h */,
				13B07FB01A68108700A75B9A /* AppDelegate.mm */,
				13B07FB51A68108700A75B9A /* Images.xcassets */,
				13B07FB61A68108700A75B9A /* Info.plist */,
				81AB9BB72411601600AC10FF /* LaunchScreen.storyboard */,
				13B07FB71A68108700A75B9A /* main.m */,
			);
			name = quizzy;
			sourceTree = "<group>";
		};
		2D16E6871FA4F8E400B85C8A /* Frameworks */ = {
			isa = PBXGroup;
			children = (
				ED297162215061F000B7C4FE /* JavaScriptCore.framework */,
				5DCACB8F33CDC322A6C60F78 /* libPods-quizzy.a */,
				19F6CBCC0A4E27FBF8BF4A61 /* libPods-quizzy-quizzyTests.a */,
			);
			name = Frameworks;
			sourceTree = "<group>";
		};
		832341AE1AAA6A7D00B99B32 /* Libraries */ = {
			isa = PBXGroup;
			children = (
			);
			name = Libraries;
			sourceTree = "<group>";
		};
		83CBB9F61A601CBA00E9B192 = {
			isa = PBXGroup;
			children = (
				13B07FAE1A68108700A75B9A /* quizzy */,
				832341AE1AAA6A7D00B99B32 /* Libraries */,
				00E356EF1AD99517003FC87E /* quizzyTests */,
				83CBBA001A601CBA00E9B192 /* Products */,
				2D16E6871FA4F8E400B85C8A /* Frameworks */,
				BBD78D7AC51CEA395F1C20DB /* Pods */,
				E5BC1790509545178925B347 /* Resources */,
			);
			indentWidth = 2;
			sourceTree = "<group>";
			tabWidth = 2;
			usesTabs = 0;
		};
		83CBBA001A601CBA00E9B192 /* Products */ = {
			isa = PBXGroup;
			children = (
				13B07F961A680F5B00A75B9A /* quizzy.app */,
				00E356EE1AD99517003FC87E /* quizzyTests.xctest */,
			);
			name = Products;
			sourceTree = "<group>";
		};
		BBD78D7AC51CEA395F1C20DB /* Pods */ = {
			isa = PBXGroup;
			children = (
				3B4392A12AC88292D35C810B /* Pods-quizzy.debug.xcconfig */,
				5709B34CF0A7D63546082F79 /* Pods-quizzy.release.xcconfig */,
				5B7EB9410499542E8C5724F5 /* Pods-quizzy-quizzyTests.debug.xcconfig */,
				89C6BE57DB24E9ADA2F236DE /* Pods-quizzy-quizzyTests.release.xcconfig */,
			);
			path = Pods;
			sourceTree = "<group>";
		};
		E5BC1790509545178925B347 /* Resources */ = {
			isa = "PBXGroup";
			children = (
				01902D1ECEFA4BB1B9AC3D00 /* Poppins-Black.ttf */,
				D5AA60362D614BB69911E448 /* Poppins-BlackItalic.ttf */,
				F5E41AE68E874DF08C9AE6A4 /* Poppins-Bold.ttf */,
				5723A74AA7B54E6C801D9D7B /* Poppins-BoldItalic.ttf */,
				A396B048F83840B39613C496 /* Poppins-ExtraBold.ttf */,
				0B96260ECED94783B0F05412 /* Poppins-ExtraBoldItalic.ttf */,
				42722397B4184EB88BC839A3 /* Poppins-Italic.ttf */,
				97FF1BF7D9C040D39953D613 /* Poppins-Medium.ttf */,
				0981FE40C9BD470097C5FF76 /* Poppins-MediumItalic.ttf */,
				99D7C75438644295B267DBE4 /* Poppins-Regular.ttf */,
				F18E94D5C6CB4ED89F518264 /* Poppins-SemiBold.ttf */,
				F833F4FB5F214125818171F2 /* Poppins-SemiBoldItalic.ttf */,
				0F58921BAFB8418C9A84A96D /* Poppins-Thin.ttf */,
				AD10042278DA480CAE90F164 /* Poppins-ThinItalic.ttf */,
				59B02796D93B47028E8A65A9 /* OFL.txt */,
				53B7E7C0289946A0BC392E5E /* AlbertSans-Black.ttf */,
				916843C5A15B40D78849B86E /* AlbertSans-BlackItalic.ttf */,
				8660F3E5D73C44FAB6D50BA9 /* AlbertSans-Bold.ttf */,
				295C051443F44108871124A8 /* AlbertSans-BoldItalic.ttf */,
				CC7B7E41726F492B9753E095 /* AlbertSans-ExtraBold.ttf */,
				6D2B86C4F519473AA6940C60 /* AlbertSans-ExtraBoldItalic.ttf */,
				CBAD49EF59D742F9BE113FA3 /* AlbertSans-ExtraLight.ttf */,
				0F8E6D539C5F4C93A2ECF8D7 /* AlbertSans-ExtraLightItalic.ttf */,
				4AA98912CA0E42BCB7B34536 /* AlbertSans-Italic.ttf */,
				C7A68C26BDC343FA97828403 /* AlbertSans-Light.ttf */,
				8EA4F61E72E04492B3560186 /* AlbertSans-LightItalic.ttf */,
				F0B9AA56ECA143E49DD44C47 /* AlbertSans-Medium.ttf */,
				918FBC64F46241E89D007ACF /* AlbertSans-MediumItalic.ttf */,
				AE269B70163042CD85B74D50 /* AlbertSans-Regular.ttf */,
				B3244A28BFFB4C8FA19DA7E2 /* AlbertSans-SemiBold.ttf */,
				993C5BA211B6487581267C8C /* AlbertSans-SemiBoldItalic.ttf */,
				9AFBAA4283954850A3EA6D80 /* AlbertSans-Thin.ttf */,
				3F7ECE76433D424496483706 /* AlbertSans-ThinItalic.ttf */,
			);
			name = Resources;
			sourceTree = "<group>";
			path = "";
		};
/* End PBXGroup section */

/* Begin PBXNativeTarget section */
		00E356ED1AD99517003FC87E /* quizzyTests */ = {
			isa = PBXNativeTarget;
			buildConfigurationList = 00E357021AD99517003FC87E /* Build configuration list for PBXNativeTarget "quizzyTests" */;
			buildPhases = (
				A55EABD7B0C7F3A422A6CC61 /* [CP] Check Pods Manifest.lock */,
				00E356EA1AD99517003FC87E /* Sources */,
				00E356EB1AD99517003FC87E /* Frameworks */,
				00E356EC1AD99517003FC87E /* Resources */,
				C59DA0FBD6956966B86A3779 /* [CP] Embed Pods Frameworks */,
				F6A41C54EA430FDDC6A6ED99 /* [CP] Copy Pods Resources */,
			);
			buildRules = (
			);
			dependencies = (
				00E356F51AD99517003FC87E /* PBXTargetDependency */,
			);
			name = quizzyTests;
			productName = quizzyTests;
			productReference = 00E356EE1AD99517003FC87E /* quizzyTests.xctest */;
			productType = "com.apple.product-type.bundle.unit-test";
		};
		13B07F861A680F5B00A75B9A /* quizzy */ = {
			isa = PBXNativeTarget;
			buildConfigurationList = 13B07F931A680F5B00A75B9A /* Build configuration list for PBXNativeTarget "quizzy" */;
			buildPhases = (
				C38B50BA6285516D6DCD4F65 /* [CP] Check Pods Manifest.lock */,
				13B07F871A680F5B00A75B9A /* Sources */,
				13B07F8C1A680F5B00A75B9A /* Frameworks */,
				13B07F8E1A680F5B00A75B9A /* Resources */,
				00DD1BFF1BD5951E006B06BC /* Bundle React Native code and images */,
				00EEFC60759A1932668264C0 /* [CP] Embed Pods Frameworks */,
				E235C05ADACE081382539298 /* [CP] Copy Pods Resources */,
			);
			buildRules = (
			);
			dependencies = (
			);
			name = quizzy;
			productName = quizzy;
			productReference = 13B07F961A680F5B00A75B9A /* quizzy.app */;
			productType = "com.apple.product-type.application";
		};
/* End PBXNativeTarget section */

/* Begin PBXProject section */
		83CBB9F71A601CBA00E9B192 /* Project object */ = {
			isa = PBXProject;
			attributes = {
				LastUpgradeCheck = 1210;
				TargetAttributes = {
					00E356ED1AD99517003FC87E = {
						CreatedOnToolsVersion = 6.2;
						TestTargetID = 13B07F861A680F5B00A75B9A;
					};
					13B07F861A680F5B00A75B9A = {
						LastSwiftMigration = 1120;
					};
				};
			};
			buildConfigurationList = 83CBB9FA1A601CBA00E9B192 /* Build configuration list for PBXProject "quizzy" */;
			compatibilityVersion = "Xcode 12.0";
			developmentRegion = en;
			hasScannedForEncodings = 0;
			knownRegions = (
				en,
				Base,
			);
			mainGroup = 83CBB9F61A601CBA00E9B192;
			productRefGroup = 83CBBA001A601CBA00E9B192 /* Products */;
			projectDirPath = "";
			projectRoot = "";
			targets = (
				13B07F861A680F5B00A75B9A /* quizzy */,
				00E356ED1AD99517003FC87E /* quizzyTests */,
			);
		};
/* End PBXProject section */

/* Begin PBXResourcesBuildPhase section */
		00E356EC1AD99517003FC87E /* Resources */ = {
			isa = PBXResourcesBuildPhase;
			buildActionMask = 2147483647;
			files = (
			);
			runOnlyForDeploymentPostprocessing = 0;
		};
		13B07F8E1A680F5B00A75B9A /* Resources */ = {
			isa = PBXResourcesBuildPhase;
			buildActionMask = 2147483647;
			files = (
				81AB9BB82411601600AC10FF /* LaunchScreen.storyboard in Resources */,
				13B07FBF1A68108700A75B9A /* Images.xcassets in Resources */,
				D34D23424E1C44758265C44E /* Poppins-Black.ttf in Resources */,
				02C5275FF4A94A22B19379ED /* Poppins-BlackItalic.ttf in Resources */,
				42A1B7843A3541B6836BBF99 /* Poppins-Bold.ttf in Resources */,
				B9D7371C79964AD899D59906 /* Poppins-BoldItalic.ttf in Resources */,
				328574623C5C429090D1B2ED /* Poppins-ExtraBold.ttf in Resources */,
				B3DA1610709F4B048BB17D68 /* Poppins-ExtraBoldItalic.ttf in Resources */,
				647A0C6E8BBC4740B44DAE4A /* Poppins-Italic.ttf in Resources */,
				50E2DB4345AF4C3E95AB65E8 /* Poppins-Medium.ttf in Resources */,
				D0305AEB2C0D40FE87566BA6 /* Poppins-MediumItalic.ttf in Resources */,
				DD2037C56DF64186BF5F7466 /* Poppins-Regular.ttf in Resources */,
				E7567FEFC60442DC927784AF /* Poppins-SemiBold.ttf in Resources */,
				B03E70446C30408F9B4E2F17 /* Poppins-SemiBoldItalic.ttf in Resources */,
				519A9411FF35405D9433F811 /* Poppins-Thin.ttf in Resources */,
				1553CA9A22B643E3B2B93802 /* Poppins-ThinItalic.ttf in Resources */,
				414101B7A24A477488A7E702 /* OFL.txt in Resources */,
				971EB6163FE14D85AF6FE773 /* AlbertSans-Black.ttf in Resources */,
				5F90F8B25609488085249135 /* AlbertSans-BlackItalic.ttf in Resources */,
				B3579E1E9821460B9807D9EC /* AlbertSans-Bold.ttf in Resources */,
				D6CB80CB6BCC4209B86E0A16 /* AlbertSans-BoldItalic.ttf in Resources */,
				FB6631B9318841EDB88890FB /* AlbertSans-ExtraBold.ttf in Resources */,
				5E8B01A87FB3476DA0F7D586 /* AlbertSans-ExtraBoldItalic.ttf in Resources */,
				578695B0AC8F4CA0ABD6972C /* AlbertSans-ExtraLight.ttf in Resources */,
				465651706B6E45D9B5CA39FE /* AlbertSans-ExtraLightItalic.ttf in Resources */,
				FDC0407BF96C4242AA018AF3 /* AlbertSans-Italic.ttf in Resources */,
				48FA4AF6255E45108E5B5519 /* AlbertSans-Light.ttf in Resources */,
				8CBDFCB25DAA42ABB8B37F2E /* AlbertSans-LightItalic.ttf in Resources */,
				C26CB9ED432C4B56ABEF0720 /* AlbertSans-Medium.ttf in Resources */,
				42326F28B9D34CA695EC4D8B /* AlbertSans-MediumItalic.ttf in Resources */,
				29ECE72B504D4573AB298046 /* AlbertSans-Regular.ttf in Resources */,
				B5B5F164251343009622BAC1 /* AlbertSans-SemiBold.ttf in Resources */,
				5F1ADA238BD548E2B3411119 /* AlbertSans-SemiBoldItalic.ttf in Resources */,
				2A49B5720E834E64A5921610 /* AlbertSans-Thin.ttf in Resources */,
				0A74751CEAD648E5BC1FCBF6 /* AlbertSans-ThinItalic.ttf in Resources */,
			);
			runOnlyForDeploymentPostprocessing = 0;
		};
/* End PBXResourcesBuildPhase section */

/* Begin PBXShellScriptBuildPhase section */
		00DD1BFF1BD5951E006B06BC /* Bundle React Native code and images */ = {
			isa = PBXShellScriptBuildPhase;
			buildActionMask = 2147483647;
			files = (
			);
			inputPaths = (
				"$(SRCROOT)/.xcode.env.local",
				"$(SRCROOT)/.xcode.env",
			);
			name = "Bundle React Native code and images";
			outputPaths = (
			);
			runOnlyForDeploymentPostprocessing = 0;
			shellPath = /bin/sh;
			shellScript = "set -e\n\nWITH_ENVIRONMENT=\"../node_modules/react-native/scripts/xcode/with-environment.sh\"\nREACT_NATIVE_XCODE=\"../node_modules/react-native/scripts/react-native-xcode.sh\"\n\n/bin/sh -c \"$WITH_ENVIRONMENT $REACT_NATIVE_XCODE\"\n";
		};
		00EEFC60759A1932668264C0 /* [CP] Embed Pods Frameworks */ = {
			isa = PBXShellScriptBuildPhase;
			buildActionMask = 2147483647;
			files = (
			);
			inputFileListPaths = (
				"${PODS_ROOT}/Target Support Files/Pods-quizzy/Pods-quizzy-frameworks-${CONFIGURATION}-input-files.xcfilelist",
			);
			name = "[CP] Embed Pods Frameworks";
			outputFileListPaths = (
				"${PODS_ROOT}/Target Support Files/Pods-quizzy/Pods-quizzy-frameworks-${CONFIGURATION}-output-files.xcfilelist",
			);
			runOnlyForDeploymentPostprocessing = 0;
			shellPath = /bin/sh;
			shellScript = "\"${PODS_ROOT}/Target Support Files/Pods-quizzy/Pods-quizzy-frameworks.sh\"\n";
			showEnvVarsInLog = 0;
		};
		A55EABD7B0C7F3A422A6CC61 /* [CP] Check Pods Manifest.lock */ = {
			isa = PBXShellScriptBuildPhase;
			buildActionMask = 2147483647;
			files = (
			);
			inputFileListPaths = (
			);
			inputPaths = (
				"${PODS_PODFILE_DIR_PATH}/Podfile.lock",
				"${PODS_ROOT}/Manifest.lock",
			);
			name = "[CP] Check Pods Manifest.lock";
			outputFileListPaths = (
			);
			outputPaths = (
				"$(DERIVED_FILE_DIR)/Pods-quizzy-quizzyTests-checkManifestLockResult.txt",
			);
			runOnlyForDeploymentPostprocessing = 0;
			shellPath = /bin/sh;
			shellScript = "diff \"${PODS_PODFILE_DIR_PATH}/Podfile.lock\" \"${PODS_ROOT}/Manifest.lock\" > /dev/null\nif [ $? != 0 ] ; then\n    # print error to STDERR\n    echo \"error: The sandbox is not in sync with the Podfile.lock. Run 'pod install' or update your CocoaPods installation.\" >&2\n    exit 1\nfi\n# This output is used by Xcode 'outputs' to avoid re-running this script phase.\necho \"SUCCESS\" > \"${SCRIPT_OUTPUT_FILE_0}\"\n";
			showEnvVarsInLog = 0;
		};
		C38B50BA6285516D6DCD4F65 /* [CP] Check Pods Manifest.lock */ = {
			isa = PBXShellScriptBuildPhase;
			buildActionMask = 2147483647;
			files = (
			);
			inputFileListPaths = (
			);
			inputPaths = (
				"${PODS_PODFILE_DIR_PATH}/Podfile.lock",
				"${PODS_ROOT}/Manifest.lock",
			);
			name = "[CP] Check Pods Manifest.lock";
			outputFileListPaths = (
			);
			outputPaths = (
				"$(DERIVED_FILE_DIR)/Pods-quizzy-checkManifestLockResult.txt",
			);
			runOnlyForDeploymentPostprocessing = 0;
			shellPath = /bin/sh;
			shellScript = "diff \"${PODS_PODFILE_DIR_PATH}/Podfile.lock\" \"${PODS_ROOT}/Manifest.lock\" > /dev/null\nif [ $? != 0 ] ; then\n    # print error to STDERR\n    echo \"error: The sandbox is not in sync with the Podfile.lock. Run 'pod install' or update your CocoaPods installation.\" >&2\n    exit 1\nfi\n# This output is used by Xcode 'outputs' to avoid re-running this script phase.\necho \"SUCCESS\" > \"${SCRIPT_OUTPUT_FILE_0}\"\n";
			showEnvVarsInLog = 0;
		};
		C59DA0FBD6956966B86A3779 /* [CP] Embed Pods Frameworks */ = {
			isa = PBXShellScriptBuildPhase;
			buildActionMask = 2147483647;
			files = (
			);
			inputFileListPaths = (
				"${PODS_ROOT}/Target Support Files/Pods-quizzy-quizzyTests/Pods-quizzy-quizzyTests-frameworks-${CONFIGURATION}-input-files.xcfilelist",
			);
			name = "[CP] Embed Pods Frameworks";
			outputFileListPaths = (
				"${PODS_ROOT}/Target Support Files/Pods-quizzy-quizzyTests/Pods-quizzy-quizzyTests-frameworks-${CONFIGURATION}-output-files.xcfilelist",
			);
			runOnlyForDeploymentPostprocessing = 0;
			shellPath = /bin/sh;
			shellScript = "\"${PODS_ROOT}/Target Support Files/Pods-quizzy-quizzyTests/Pods-quizzy-quizzyTests-frameworks.sh\"\n";
			showEnvVarsInLog = 0;
		};
		E235C05ADACE081382539298 /* [CP] Copy Pods Resources */ = {
			isa = PBXShellScriptBuildPhase;
			buildActionMask = 2147483647;
			files = (
			);
			inputFileListPaths = (
				"${PODS_ROOT}/Target Support Files/Pods-quizzy/Pods-quizzy-resources-${CONFIGURATION}-input-files.xcfilelist",
			);
			name = "[CP] Copy Pods Resources";
			outputFileListPaths = (
				"${PODS_ROOT}/Target Support Files/Pods-quizzy/Pods-quizzy-resources-${CONFIGURATION}-output-files.xcfilelist",
			);
			runOnlyForDeploymentPostprocessing = 0;
			shellPath = /bin/sh;
			shellScript = "\"${PODS_ROOT}/Target Support Files/Pods-quizzy/Pods-quizzy-resources.sh\"\n";
			showEnvVarsInLog = 0;
		};
		F6A41C54EA430FDDC6A6ED99 /* [CP] Copy Pods Resources */ = {
			isa = PBXShellScriptBuildPhase;
			buildActionMask = 2147483647;
			files = (
			);
			inputFileListPaths = (
				"${PODS_ROOT}/Target Support Files/Pods-quizzy-quizzyTests/Pods-quizzy-quizzyTests-resources-${CONFIGURATION}-input-files.xcfilelist",
			);
			name = "[CP] Copy Pods Resources";
			outputFileListPaths = (
				"${PODS_ROOT}/Target Support Files/Pods-quizzy-quizzyTests/Pods-quizzy-quizzyTests-resources-${CONFIGURATION}-output-files.xcfilelist",
			);
			runOnlyForDeploymentPostprocessing = 0;
			shellPath = /bin/sh;
			shellScript = "\"${PODS_ROOT}/Target Support Files/Pods-quizzy-quizzyTests/Pods-quizzy-quizzyTests-resources.sh\"\n";
			showEnvVarsInLog = 0;
		};
/* End PBXShellScriptBuildPhase section */

/* Begin PBXSourcesBuildPhase section */
		00E356EA1AD99517003FC87E /* Sources */ = {
			isa = PBXSourcesBuildPhase;
			buildActionMask = 2147483647;
			files = (
				00E356F31AD99517003FC87E /* quizzyTests.m in Sources */,
			);
			runOnlyForDeploymentPostprocessing = 0;
		};
		13B07F871A680F5B00A75B9A /* Sources */ = {
			isa = PBXSourcesBuildPhase;
			buildActionMask = 2147483647;
			files = (
				13B07FBC1A68108700A75B9A /* AppDelegate.mm in Sources */,
				13B07FC11A68108700A75B9A /* main.m in Sources */,
			);
			runOnlyForDeploymentPostprocessing = 0;
		};
/* End PBXSourcesBuildPhase section */

/* Begin PBXTargetDependency section */
		00E356F51AD99517003FC87E /* PBXTargetDependency */ = {
			isa = PBXTargetDependency;
			target = 13B07F861A680F5B00A75B9A /* quizzy */;
			targetProxy = 00E356F41AD99517003FC87E /* PBXContainerItemProxy */;
		};
/* End PBXTargetDependency section */

/* Begin XCBuildConfiguration section */
		00E356F61AD99517003FC87E /* Debug */ = {
			isa = XCBuildConfiguration;
			baseConfigurationReference = 5B7EB9410499542E8C5724F5 /* Pods-quizzy-quizzyTests.debug.xcconfig */;
			buildSettings = {
				BUNDLE_LOADER = "$(TEST_HOST)";
				GCC_PREPROCESSOR_DEFINITIONS = (
					"DEBUG=1",
					"$(inherited)",
				);
				INFOPLIST_FILE = quizzyTests/Info.plist;
				IPHONEOS_DEPLOYMENT_TARGET = 13.4;
				LD_RUNPATH_SEARCH_PATHS = (
					"$(inherited)",
					"@executable_path/Frameworks",
					"@loader_path/Frameworks",
				);
				OTHER_LDFLAGS = (
					"-ObjC",
					"-lc++",
					"$(inherited)",
				);
				PRODUCT_BUNDLE_IDENTIFIER = "org.reactjs.native.example.$(PRODUCT_NAME:rfc1034identifier)";
				PRODUCT_NAME = "$(TARGET_NAME)";
				TEST_HOST = "$(BUILT_PRODUCTS_DIR)/quizzy.app/quizzy";
			};
			name = Debug;
		};
		00E356F71AD99517003FC87E /* Release */ = {
			isa = XCBuildConfiguration;
			baseConfigurationReference = 89C6BE57DB24E9ADA2F236DE /* Pods-quizzy-quizzyTests.release.xcconfig */;
			buildSettings = {
				BUNDLE_LOADER = "$(TEST_HOST)";
				COPY_PHASE_STRIP = NO;
				INFOPLIST_FILE = quizzyTests/Info.plist;
				IPHONEOS_DEPLOYMENT_TARGET = 13.4;
				LD_RUNPATH_SEARCH_PATHS = (
					"$(inherited)",
					"@executable_path/Frameworks",
					"@loader_path/Frameworks",
				);
				OTHER_LDFLAGS = (
					"-ObjC",
					"-lc++",
					"$(inherited)",
				);
				PRODUCT_BUNDLE_IDENTIFIER = "org.reactjs.native.example.$(PRODUCT_NAME:rfc1034identifier)";
				PRODUCT_NAME = "$(TARGET_NAME)";
				TEST_HOST = "$(BUILT_PRODUCTS_DIR)/quizzy.app/quizzy";
			};
			name = Release;
		};
		13B07F941A680F5B00A75B9A /* Debug */ = {
			isa = XCBuildConfiguration;
			baseConfigurationReference = 3B4392A12AC88292D35C810B /* Pods-quizzy.debug.xcconfig */;
			buildSettings = {
				ASSETCATALOG_COMPILER_APPICON_NAME = AppIcon;
				CLANG_ENABLE_MODULES = YES;
				CURRENT_PROJECT_VERSION = 1;
				ENABLE_BITCODE = NO;
				INFOPLIST_FILE = quizzy/Info.plist;
				LD_RUNPATH_SEARCH_PATHS = (
					"$(inherited)",
					"@executable_path/Frameworks",
				);
				MARKETING_VERSION = 1.0;
				OTHER_LDFLAGS = (
					"$(inherited)",
					"-ObjC",
					"-lc++",
				);
				PRODUCT_BUNDLE_IDENTIFIER = "org.reactjs.native.example.$(PRODUCT_NAME:rfc1034identifier)";
				PRODUCT_NAME = quizzy;
				SWIFT_OPTIMIZATION_LEVEL = "-Onone";
				SWIFT_VERSION = 5.0;
				VERSIONING_SYSTEM = "apple-generic";
			};
			name = Debug;
		};
		13B07F951A680F5B00A75B9A /* Release */ = {
			isa = XCBuildConfiguration;
			baseConfigurationReference = 5709B34CF0A7D63546082F79 /* Pods-quizzy.release.xcconfig */;
			buildSettings = {
				ASSETCATALOG_COMPILER_APPICON_NAME = AppIcon;
				CLANG_ENABLE_MODULES = YES;
				CURRENT_PROJECT_VERSION = 1;
				INFOPLIST_FILE = quizzy/Info.plist;
				LD_RUNPATH_SEARCH_PATHS = (
					"$(inherited)",
					"@executable_path/Frameworks",
				);
				MARKETING_VERSION = 1.0;
				OTHER_LDFLAGS = (
					"$(inherited)",
					"-ObjC",
					"-lc++",
				);
				PRODUCT_BUNDLE_IDENTIFIER = "org.reactjs.native.example.$(PRODUCT_NAME:rfc1034identifier)";
				PRODUCT_NAME = quizzy;
				SWIFT_VERSION = 5.0;
				VERSIONING_SYSTEM = "apple-generic";
			};
			name = Release;
		};
		83CBBA201A601CBA00E9B192 /* Debug */ = {
			isa = XCBuildConfiguration;
			buildSettings = {
				ALWAYS_SEARCH_USER_PATHS = NO;
				CLANG_ANALYZER_LOCALIZABILITY_NONLOCALIZED = YES;
				CLANG_CXX_LANGUAGE_STANDARD = "c++20";
				CLANG_CXX_LIBRARY = "libc++";
				CLANG_ENABLE_MODULES = YES;
				CLANG_ENABLE_OBJC_ARC = YES;
				CLANG_WARN_BLOCK_CAPTURE_AUTORELEASING = YES;
				CLANG_WARN_BOOL_CONVERSION = YES;
				CLANG_WARN_COMMA = YES;
				CLANG_WARN_CONSTANT_CONVERSION = YES;
				CLANG_WARN_DEPRECATED_OBJC_IMPLEMENTATIONS = YES;
				CLANG_WARN_DIRECT_OBJC_ISA_USAGE = YES_ERROR;
				CLANG_WARN_EMPTY_BODY = YES;
				CLANG_WARN_ENUM_CONVERSION = YES;
				CLANG_WARN_INFINITE_RECURSION = YES;
				CLANG_WARN_INT_CONVERSION = YES;
				CLANG_WARN_NON_LITERAL_NULL_CONVERSION = YES;
				CLANG_WARN_OBJC_IMPLICIT_RETAIN_SELF = YES;
				CLANG_WARN_OBJC_LITERAL_CONVERSION = YES;
				CLANG_WARN_OBJC_ROOT_CLASS = YES_ERROR;
				CLANG_WARN_QUOTED_INCLUDE_IN_FRAMEWORK_HEADER = YES;
				CLANG_WARN_RANGE_LOOP_ANALYSIS = YES;
				CLANG_WARN_STRICT_PROTOTYPES = YES;
				CLANG_WARN_SUSPICIOUS_MOVE = YES;
				CLANG_WARN_UNREACHABLE_CODE = YES;
				CLANG_WARN__DUPLICATE_METHOD_MATCH = YES;
				"CODE_SIGN_IDENTITY[sdk=iphoneos*]" = "iPhone Developer";
				COPY_PHASE_STRIP = NO;
				ENABLE_STRICT_OBJC_MSGSEND = YES;
				ENABLE_TESTABILITY = YES;
				"EXCLUDED_ARCHS[sdk=iphonesimulator*]" = "";
				GCC_C_LANGUAGE_STANDARD = gnu99;
				GCC_DYNAMIC_NO_PIC = NO;
				GCC_NO_COMMON_BLOCKS = YES;
				GCC_OPTIMIZATION_LEVEL = 0;
				GCC_PREPROCESSOR_DEFINITIONS = (
					"DEBUG=1",
					"$(inherited)",
				);
				GCC_SYMBOLS_PRIVATE_EXTERN = NO;
				GCC_WARN_64_TO_32_BIT_CONVERSION = YES;
				GCC_WARN_ABOUT_RETURN_TYPE = YES_ERROR;
				GCC_WARN_UNDECLARED_SELECTOR = YES;
				GCC_WARN_UNINITIALIZED_AUTOS = YES_AGGRESSIVE;
				GCC_WARN_UNUSED_FUNCTION = YES;
				GCC_WARN_UNUSED_VARIABLE = YES;
				IPHONEOS_DEPLOYMENT_TARGET = 13.4;
				LD_RUNPATH_SEARCH_PATHS = (
					/usr/lib/swift,
					"$(inherited)",
				);
				LIBRARY_SEARCH_PATHS = (
					"\"$(SDKROOT)/usr/lib/swift\"",
					"\"$(TOOLCHAIN_DIR)/usr/lib/swift/$(PLATFORM_NAME)\"",
					"\"$(inherited)\"",
				);
				MTL_ENABLE_DEBUG_INFO = YES;
				ONLY_ACTIVE_ARCH = YES;
				OTHER_CPLUSPLUSFLAGS = (
					"$(OTHER_CFLAGS)",
					"-DFOLLY_NO_CONFIG",
					"-DFOLLY_MOBILE=1",
					"-DFOLLY_USE_LIBCPP=1",
					"-DFOLLY_CFG_NO_COROUTINES=1",
				);
				SDKROOT = iphoneos;
			};
			name = Debug;
		};
		83CBBA211A601CBA00E9B192 /* Release */ = {
			isa = XCBuildConfiguration;
			buildSettings = {
				ALWAYS_SEARCH_USER_PATHS = NO;
				CLANG_ANALYZER_LOCALIZABILITY_NONLOCALIZED = YES;
				CLANG_CXX_LANGUAGE_STANDARD = "c++20";
				CLANG_CXX_LIBRARY = "libc++";
				CLANG_ENABLE_MODULES = YES;
				CLANG_ENABLE_OBJC_ARC = YES;
				CLANG_WARN_BLOCK_CAPTURE_AUTORELEASING = YES;
				CLANG_WARN_BOOL_CONVERSION = YES;
				CLANG_WARN_COMMA = YES;
				CLANG_WARN_CONSTANT_CONVERSION = YES;
				CLANG_WARN_DEPRECATED_OBJC_IMPLEMENTATIONS = YES;
				CLANG_WARN_DIRECT_OBJC_ISA_USAGE = YES_ERROR;
				CLANG_WARN_EMPTY_BODY = YES;
				CLANG_WARN_ENUM_CONVERSION = YES;
				CLANG_WARN_INFINITE_RECURSION = YES;
				CLANG_WARN_INT_CONVERSION = YES;
				CLANG_WARN_NON_LITERAL_NULL_CONVERSION = YES;
				CLANG_WARN_OBJC_IMPLICIT_RETAIN_SELF = YES;
				CLANG_WARN_OBJC_LITERAL_CONVERSION = YES;
				CLANG_WARN_OBJC_ROOT_CLASS = YES_ERROR;
				CLANG_WARN_QUOTED_INCLUDE_IN_FRAMEWORK_HEADER = YES;
				CLANG_WARN_RANGE_LOOP_ANALYSIS = YES;
				CLANG_WARN_STRICT_PROTOTYPES = YES;
				CLANG_WARN_SUSPICIOUS_MOVE = YES;
				CLANG_WARN_UNREACHABLE_CODE = YES;
				CLANG_WARN__DUPLICATE_METHOD_MATCH = YES;
				"CODE_SIGN_IDENTITY[sdk=iphoneos*]" = "iPhone Developer";
				COPY_PHASE_STRIP = YES;
				ENABLE_NS_ASSERTIONS = NO;
				ENABLE_STRICT_OBJC_MSGSEND = YES;
				"EXCLUDED_ARCHS[sdk=iphonesimulator*]" = "";
				GCC_C_LANGUAGE_STANDARD = gnu99;
				GCC_NO_COMMON_BLOCKS = YES;
				GCC_WARN_64_TO_32_BIT_CONVERSION = YES;
				GCC_WARN_ABOUT_RETURN_TYPE = YES_ERROR;
				GCC_WARN_UNDECLARED_SELECTOR = YES;
				GCC_WARN_UNINITIALIZED_AUTOS = YES_AGGRESSIVE;
				GCC_WARN_UNUSED_FUNCTION = YES;
				GCC_WARN_UNUSED_VARIABLE = YES;
				IPHONEOS_DEPLOYMENT_TARGET = 13.4;
				LD_RUNPATH_SEARCH_PATHS = (
					/usr/lib/swift,
					"$(inherited)",
				);
				LIBRARY_SEARCH_PATHS = (
					"\"$(SDKROOT)/usr/lib/swift\"",
					"\"$(TOOLCHAIN_DIR)/usr/lib/swift/$(PLATFORM_NAME)\"",
					"\"$(inherited)\"",
				);
				MTL_ENABLE_DEBUG_INFO = NO;
				OTHER_CPLUSPLUSFLAGS = (
					"$(OTHER_CFLAGS)",
					"-DFOLLY_NO_CONFIG",
					"-DFOLLY_MOBILE=1",
					"-DFOLLY_USE_LIBCPP=1",
					"-DFOLLY_CFG_NO_COROUTINES=1",
				);
				SDKROOT = iphoneos;
				VALIDATE_PRODUCT = YES;
			};
			name = Release;
		};
/* End XCBuildConfiguration section */

/* Begin XCConfigurationList section */
		00E357021AD99517003FC87E /* Build configuration list for PBXNativeTarget "quizzyTests" */ = {
			isa = XCConfigurationList;
			buildConfigurations = (
				00E356F61AD99517003FC87E /* Debug */,
				00E356F71AD99517003FC87E /* Release */,
			);
			defaultConfigurationIsVisible = 0;
			defaultConfigurationName = Release;
		};
		13B07F931A680F5B00A75B9A /* Build configuration list for PBXNativeTarget "quizzy" */ = {
			isa = XCConfigurationList;
			buildConfigurations = (
				13B07F941A680F5B00A75B9A /* Debug */,
				13B07F951A680F5B00A75B9A /* Release */,
			);
			defaultConfigurationIsVisible = 0;
			defaultConfigurationName = Release;
		};
		83CBB9FA1A601CBA00E9B192 /* Build configuration list for PBXProject "quizzy" */ = {
			isa = XCConfigurationList;
			buildConfigurations = (
				83CBBA201A601CBA00E9B192 /* Debug */,
				83CBBA211A601CBA00E9B192 /* Release */,
			);
			defaultConfigurationIsVisible = 0;
			defaultConfigurationName = Release;
		};
/* End XCConfigurationList section */
	};
	rootObject = 83CBB9F71A601CBA00E9B192 /* Project object */;
}
