// !$*UTF8*$!
{
	archiveVersion = 1;
	classes = {
	};
	objectVersion = 54;
	objects = {

/* Begin PBXBuildFile section */
		00E356F31AD99517003FC87E /* quizzyTests.m in Sources */ = {isa = PBXBuildFile; fileRef = 00E356F21AD99517003FC87E /* quizzyTests.m */; };
		0C80B921A6F3F58F76C31292 /* libPods-quizzy.a in Frameworks */ = {isa = PBXBuildFile; fileRef = 5DCACB8F33CDC322A6C60F78 /* libPods-quizzy.a */; };
		13B07FBC1A68108700A75B9A /* AppDelegate.mm in Sources */ = {isa = PBXBuildFile; fileRef = 13B07FB01A68108700A75B9A /* AppDelegate.mm */; };
		13B07FBF1A68108700A75B9A /* Images.xcassets in Resources */ = {isa = PBXBuildFile; fileRef = 13B07FB51A68108700A75B9A /* Images.xcassets */; };
		13B07FC11A68108700A75B9A /* main.m in Sources */ = {isa = PBXBuildFile; fileRef = 13B07FB71A68108700A75B9A /* main.m */; };
		7699B88040F8A987B510C191 /* libPods-quizzy-quizzyTests.a in Frameworks */ = {isa = PBXBuildFile; fileRef = 19F6CBCC0A4E27FBF8BF4A61 /* libPods-quizzy-quizzyTests.a */; };
		81AB9BB82411601600AC10FF /* LaunchScreen.storyboard in Resources */ = {isa = PBXBuildFile; fileRef = 81AB9BB72411601600AC10FF /* LaunchScreen.storyboard */; };
		9501199A107642D1AA8DA738 /* AlbertSans-Black.ttf in Resources */ = {isa = PBXBuildFile; fileRef = 80824D390F0D436D83F5DD70 /* AlbertSans-Black.ttf */; };
		B45B93316F1A413B84CDCB30 /* AlbertSans-BlackItalic.ttf in Resources */ = {isa = PBXBuildFile; fileRef = 7124B178839447F08181A943 /* AlbertSans-BlackItalic.ttf */; };
		F8D7C2D7DCE745BF9BB520EA /* AlbertSans-Bold.ttf in Resources */ = {isa = PBXBuildFile; fileRef = 03744CAC89F340A7A743B03F /* AlbertSans-Bold.ttf */; };
		02D3E174BA764A30843CAB54 /* AlbertSans-BoldItalic.ttf in Resources */ = {isa = PBXBuildFile; fileRef = 76F84F83A7B24070A311F3B1 /* AlbertSans-BoldItalic.ttf */; };
		2FB4AB52709340BE8716BC03 /* AlbertSans-ExtraBold.ttf in Resources */ = {isa = PBXBuildFile; fileRef = E66F9C9A4AE34A4AA390B80E /* AlbertSans-ExtraBold.ttf */; };
		76405BDC662E4AB2BAC32E5D /* AlbertSans-ExtraBoldItalic.ttf in Resources */ = {isa = PBXBuildFile; fileRef = 1B3D4D4029704F7F933E33E6 /* AlbertSans-ExtraBoldItalic.ttf */; };
		876C62EEFB824F8AA321EFEB /* AlbertSans-ExtraLight.ttf in Resources */ = {isa = PBXBuildFile; fileRef = A966F2AEE13B44D78A27DF57 /* AlbertSans-ExtraLight.ttf */; };
		CBA8072842C6497DA160258B /* AlbertSans-ExtraLightItalic.ttf in Resources */ = {isa = PBXBuildFile; fileRef = 0FF3214F5574499090C012E4 /* AlbertSans-ExtraLightItalic.ttf */; };
		CF9CD4209B724574A391533F /* AlbertSans-Italic.ttf in Resources */ = {isa = PBXBuildFile; fileRef = 1B6D7886738E4223BBEB92C4 /* AlbertSans-Italic.ttf */; };
		AFA047DFA2264C8E9CE35919 /* AlbertSans-Light.ttf in Resources */ = {isa = PBXBuildFile; fileRef = 89849584C5A040FE85877D06 /* AlbertSans-Light.ttf */; };
		DB7A4954312A4D069679F68C /* AlbertSans-LightItalic.ttf in Resources */ = {isa = PBXBuildFile; fileRef = F29C129DDCA442BAA8D2AC55 /* AlbertSans-LightItalic.ttf */; };
		9D2D95C3C3CE46FD9BC60E22 /* AlbertSans-Medium.ttf in Resources */ = {isa = PBXBuildFile; fileRef = AB6E0D9125344C9FBDB2DA22 /* AlbertSans-Medium.ttf */; };
		E4AA01D8AEF7489EADDE0977 /* AlbertSans-MediumItalic.ttf in Resources */ = {isa = PBXBuildFile; fileRef = EFE3083F13384D80A4B322D1 /* AlbertSans-MediumItalic.ttf */; };
		8463C9B51FEF4AC9876DED11 /* AlbertSans-Regular.ttf in Resources */ = {isa = PBXBuildFile; fileRef = 3A7C016101694B2BA31BB0E6 /* AlbertSans-Regular.ttf */; };
		D2B5E0FAABB94E5DB178D2EB /* AlbertSans-SemiBold.ttf in Resources */ = {isa = PBXBuildFile; fileRef = FAD9444EA8964C438F202A74 /* AlbertSans-SemiBold.ttf */; };
		9E9B5762C7E54AF4AF3C8CD9 /* AlbertSans-SemiBoldItalic.ttf in Resources */ = {isa = PBXBuildFile; fileRef = 6605476ED56C41D1B58A1DC1 /* AlbertSans-SemiBoldItalic.ttf */; };
		BF40AD89484A4E4FBCF41ADC /* AlbertSans-Thin.ttf in Resources */ = {isa = PBXBuildFile; fileRef = 1E07F37E99364EB88A516908 /* AlbertSans-Thin.ttf */; };
		42C4C6A1A47D48768C8AB7CF /* AlbertSans-ThinItalic.ttf in Resources */ = {isa = PBXBuildFile; fileRef = 2934E2C233D6426D9FD3D4DD /* AlbertSans-ThinItalic.ttf */; };
		41CF6398216A41CF8AAB5D8B /* NotoSans-Regular.ttf in Resources */ = {isa = PBXBuildFile; fileRef = D4DD3A35A98649DB8BE947AB /* NotoSans-Regular.ttf */; };
		BD523A73F3B74A93A66D8FB5 /* Poppins-Black.ttf in Resources */ = {isa = PBXBuildFile; fileRef = 10675C669AD2433D96414646 /* Poppins-Black.ttf */; };
		672A216FC1D449D68C2AE786 /* Poppins-BlackItalic.ttf in Resources */ = {isa = PBXBuildFile; fileRef = 3130AA09F42B4320A3998453 /* Poppins-BlackItalic.ttf */; };
		35257E8BA4C448A6ACD462B1 /* Poppins-Bold.ttf in Resources */ = {isa = PBXBuildFile; fileRef = 02C8627281CD41F18DFA44E9 /* Poppins-Bold.ttf */; };
		ED6F82BA24274CDFAC79E6FC /* Poppins-BoldItalic.ttf in Resources */ = {isa = PBXBuildFile; fileRef = 607CDE45454E48B3A95E9641 /* Poppins-BoldItalic.ttf */; };
		BF5AF318553540A09339E7E2 /* Poppins-ExtraBold.ttf in Resources */ = {isa = PBXBuildFile; fileRef = AA23B0B1559944F793BBA04F /* Poppins-ExtraBold.ttf */; };
		18F4C25D98AE45A48B9B1B6C /* Poppins-ExtraBoldItalic.ttf in Resources */ = {isa = PBXBuildFile; fileRef = 2D607FEF1EFD4501B6865780 /* Poppins-ExtraBoldItalic.ttf */; };
		D066681862A74110A979F984 /* Poppins-Italic.ttf in Resources */ = {isa = PBXBuildFile; fileRef = B3CECE2F470B4A099D65DA75 /* Poppins-Italic.ttf */; };
		A91B5F53461C40159FD11708 /* Poppins-Medium.ttf in Resources */ = {isa = PBXBuildFile; fileRef = B905F701E99941ACB2FF5CEF /* Poppins-Medium.ttf */; };
		318E64715062401995209EBF /* Poppins-MediumItalic.ttf in Resources */ = {isa = PBXBuildFile; fileRef = 5FDBFC30122842DC917BDE6C /* Poppins-MediumItalic.ttf */; };
		87E1B28835BE472AB925595B /* Poppins-Regular.ttf in Resources */ = {isa = PBXBuildFile; fileRef = 8FEA2F3803FB4447B1A0F970 /* Poppins-Regular.ttf */; };
		599821C06D114760A152BD95 /* Poppins-SemiBold.ttf in Resources */ = {isa = PBXBuildFile; fileRef = 1C201147391E4A10AAA5E3F3 /* Poppins-SemiBold.ttf */; };
		C13DF5670F0547B2B7B19086 /* Poppins-SemiBoldItalic.ttf in Resources */ = {isa = PBXBuildFile; fileRef = 9F94CB665F1545E0A638896C /* Poppins-SemiBoldItalic.ttf */; };
		9DF2D40D7FD74D6980F36080 /* Poppins-Thin.ttf in Resources */ = {isa = PBXBuildFile; fileRef = A6477AB587A8497F9CEE81C4 /* Poppins-Thin.ttf */; };
		A562FACB264C4C37BAFDCAF8 /* Poppins-ThinItalic.ttf in Resources */ = {isa = PBXBuildFile; fileRef = BB6ED582E2EB479DB5646569 /* Poppins-ThinItalic.ttf */; };
		8B5E21069D50409AA863E901 /* Roboto-Bold.ttf in Resources */ = {isa = PBXBuildFile; fileRef = A32E1C0F17AD4340886E60D7 /* Roboto-Bold.ttf */; };
		81FE530B42EB48D3938B3230 /* Roboto-Light.ttf in Resources */ = {isa = PBXBuildFile; fileRef = 79D19661FB8145048C3494B2 /* Roboto-Light.ttf */; };
		AF320FD989154491861F049A /* Roboto-Medium.ttf in Resources */ = {isa = PBXBuildFile; fileRef = 1669FE51A82B41689B0F69D5 /* Roboto-Medium.ttf */; };
		C93946D41C1A4585B11E8722 /* OFL.txt in Resources */ = {isa = PBXBuildFile; fileRef = CEDC8992482440D9AB6B1B6C /* OFL.txt */; };
		B6D9D395816E45B9975A7648 /* LICENSE.txt in Resources */ = {isa = PBXBuildFile; fileRef = A94817E19CA345D2B19677E6 /* LICENSE.txt */; };
		E3873DE8EEEC4D27A611A732 /* GreyQo-Regular.ttf in Resources */ = {isa = PBXBuildFile; fileRef = 39A9C452C7E2487B9478F781 /* GreyQo-Regular.ttf */; };
		72413BE0AD234F00A7DACC61 /* Hind-Bold.ttf in Resources */ = {isa = PBXBuildFile; fileRef = 3315CEFD8F0D4380B84030A9 /* Hind-Bold.ttf */; };
		A0E747C3351C4478A39EA68C /* Hind-Light.ttf in Resources */ = {isa = PBXBuildFile; fileRef = 351A6A12744A4075B3E2E67C /* Hind-Light.ttf */; };
		5663A525FFC146C49A4C81D5 /* Hind-Medium.ttf in Resources */ = {isa = PBXBuildFile; fileRef = 65756A4421FF49EA88FCDC42 /* Hind-Medium.ttf */; };
		F7A122166860495C80E5CEA9 /* Hind-Regular.ttf in Resources */ = {isa = PBXBuildFile; fileRef = 1C51DE8964A24806AFE0DA65 /* Hind-Regular.ttf */; };
		D015CB92570B44078C301575 /* Hind-SemiBold.ttf in Resources */ = {isa = PBXBuildFile; fileRef = 4B55447F760240A98EB25C5F /* Hind-SemiBold.ttf */; };
/* End PBXBuildFile section */

/* Begin PBXContainerItemProxy section */
		00E356F41AD99517003FC87E /* PBXContainerItemProxy */ = {
			isa = PBXContainerItemProxy;
			containerPortal = 83CBB9F71A601CBA00E9B192 /* Project object */;
			proxyType = 1;
			remoteGlobalIDString = 13B07F861A680F5B00A75B9A;
			remoteInfo = quizzy;
		};
/* End PBXContainerItemProxy section */

/* Begin PBXFileReference section */
		00E356EE1AD99517003FC87E /* quizzyTests.xctest */ = {isa = PBXFileReference; explicitFileType = wrapper.cfbundle; includeInIndex = 0; path = quizzyTests.xctest; sourceTree = BUILT_PRODUCTS_DIR; };
		00E356F11AD99517003FC87E /* Info.plist */ = {isa = PBXFileReference; lastKnownFileType = text.plist.xml; path = Info.plist; sourceTree = "<group>"; };
		00E356F21AD99517003FC87E /* quizzyTests.m */ = {isa = PBXFileReference; lastKnownFileType = sourcecode.c.objc; path = quizzyTests.m; sourceTree = "<group>"; };
		13B07F961A680F5B00A75B9A /* quizzy.app */ = {isa = PBXFileReference; explicitFileType = wrapper.application; includeInIndex = 0; path = quizzy.app; sourceTree = BUILT_PRODUCTS_DIR; };
		13B07FAF1A68108700A75B9A /* AppDelegate.h */ = {isa = PBXFileReference; fileEncoding = 4; lastKnownFileType = sourcecode.c.h; name = AppDelegate.h; path = quizzy/AppDelegate.h; sourceTree = "<group>"; };
		13B07FB01A68108700A75B9A /* AppDelegate.mm */ = {isa = PBXFileReference; fileEncoding = 4; lastKnownFileType = sourcecode.cpp.objcpp; name = AppDelegate.mm; path = quizzy/AppDelegate.mm; sourceTree = "<group>"; };
		13B07FB51A68108700A75B9A /* Images.xcassets */ = {isa = PBXFileReference; lastKnownFileType = folder.assetcatalog; name = Images.xcassets; path = quizzy/Images.xcassets; sourceTree = "<group>"; };
		13B07FB61A68108700A75B9A /* Info.plist */ = {isa = PBXFileReference; fileEncoding = 4; lastKnownFileType = text.plist.xml; name = Info.plist; path = quizzy/Info.plist; sourceTree = "<group>"; };
		13B07FB71A68108700A75B9A /* main.m */ = {isa = PBXFileReference; fileEncoding = 4; lastKnownFileType = sourcecode.c.objc; name = main.m; path = quizzy/main.m; sourceTree = "<group>"; };
		19F6CBCC0A4E27FBF8BF4A61 /* libPods-quizzy-quizzyTests.a */ = {isa = PBXFileReference; explicitFileType = archive.ar; includeInIndex = 0; path = "libPods-quizzy-quizzyTests.a"; sourceTree = BUILT_PRODUCTS_DIR; };
		3B4392A12AC88292D35C810B /* Pods-quizzy.debug.xcconfig */ = {isa = PBXFileReference; includeInIndex = 1; lastKnownFileType = text.xcconfig; name = "Pods-quizzy.debug.xcconfig"; path = "Target Support Files/Pods-quizzy/Pods-quizzy.debug.xcconfig"; sourceTree = "<group>"; };
		5709B34CF0A7D63546082F79 /* Pods-quizzy.release.xcconfig */ = {isa = PBXFileReference; includeInIndex = 1; lastKnownFileType = text.xcconfig; name = "Pods-quizzy.release.xcconfig"; path = "Target Support Files/Pods-quizzy/Pods-quizzy.release.xcconfig"; sourceTree = "<group>"; };
		5B7EB9410499542E8C5724F5 /* Pods-quizzy-quizzyTests.debug.xcconfig */ = {isa = PBXFileReference; includeInIndex = 1; lastKnownFileType = text.xcconfig; name = "Pods-quizzy-quizzyTests.debug.xcconfig"; path = "Target Support Files/Pods-quizzy-quizzyTests/Pods-quizzy-quizzyTests.debug.xcconfig"; sourceTree = "<group>"; };
		5DCACB8F33CDC322A6C60F78 /* libPods-quizzy.a */ = {isa = PBXFileReference; explicitFileType = archive.ar; includeInIndex = 0; path = "libPods-quizzy.a"; sourceTree = BUILT_PRODUCTS_DIR; };
		81AB9BB72411601600AC10FF /* LaunchScreen.storyboard */ = {isa = PBXFileReference; fileEncoding = 4; lastKnownFileType = file.storyboard; name = LaunchScreen.storyboard; path = quizzy/LaunchScreen.storyboard; sourceTree = "<group>"; };
		89C6BE57DB24E9ADA2F236DE /* Pods-quizzy-quizzyTests.release.xcconfig */ = {isa = PBXFileReference; includeInIndex = 1; lastKnownFileType = text.xcconfig; name = "Pods-quizzy-quizzyTests.release.xcconfig"; path = "Target Support Files/Pods-quizzy-quizzyTests/Pods-quizzy-quizzyTests.release.xcconfig"; sourceTree = "<group>"; };
		ED297162215061F000B7C4FE /* JavaScriptCore.framework */ = {isa = PBXFileReference; lastKnownFileType = wrapper.framework; name = JavaScriptCore.framework; path = System/Library/Frameworks/JavaScriptCore.framework; sourceTree = SDKROOT; };
		80824D390F0D436D83F5DD70 /* AlbertSans-Black.ttf */ = {isa = PBXFileReference; name = "AlbertSans-Black.ttf"; path = "../assets/Fonts/AlbertSans/AlbertSans-Black.ttf"; sourceTree = "<group>"; fileEncoding = undefined; lastKnownFileType = unknown; explicitFileType = undefined; includeInIndex = 0; };
		7124B178839447F08181A943 /* AlbertSans-BlackItalic.ttf */ = {isa = PBXFileReference; name = "AlbertSans-BlackItalic.ttf"; path = "../assets/Fonts/AlbertSans/AlbertSans-BlackItalic.ttf"; sourceTree = "<group>"; fileEncoding = undefined; lastKnownFileType = unknown; explicitFileType = undefined; includeInIndex = 0; };
		03744CAC89F340A7A743B03F /* AlbertSans-Bold.ttf */ = {isa = PBXFileReference; name = "AlbertSans-Bold.ttf"; path = "../assets/Fonts/AlbertSans/AlbertSans-Bold.ttf"; sourceTree = "<group>"; fileEncoding = undefined; lastKnownFileType = unknown; explicitFileType = undefined; includeInIndex = 0; };
		76F84F83A7B24070A311F3B1 /* AlbertSans-BoldItalic.ttf */ = {isa = PBXFileReference; name = "AlbertSans-BoldItalic.ttf"; path = "../assets/Fonts/AlbertSans/AlbertSans-BoldItalic.ttf"; sourceTree = "<group>"; fileEncoding = undefined; lastKnownFileType = unknown; explicitFileType = undefined; includeInIndex = 0; };
		E66F9C9A4AE34A4AA390B80E /* AlbertSans-ExtraBold.ttf */ = {isa = PBXFileReference; name = "AlbertSans-ExtraBold.ttf"; path = "../assets/Fonts/AlbertSans/AlbertSans-ExtraBold.ttf"; sourceTree = "<group>"; fileEncoding = undefined; lastKnownFileType = unknown; explicitFileType = undefined; includeInIndex = 0; };
		1B3D4D4029704F7F933E33E6 /* AlbertSans-ExtraBoldItalic.ttf */ = {isa = PBXFileReference; name = "AlbertSans-ExtraBoldItalic.ttf"; path = "../assets/Fonts/AlbertSans/AlbertSans-ExtraBoldItalic.ttf"; sourceTree = "<group>"; fileEncoding = undefined; lastKnownFileType = unknown; explicitFileType = undefined; includeInIndex = 0; };
		A966F2AEE13B44D78A27DF57 /* AlbertSans-ExtraLight.ttf */ = {isa = PBXFileReference; name = "AlbertSans-ExtraLight.ttf"; path = "../assets/Fonts/AlbertSans/AlbertSans-ExtraLight.ttf"; sourceTree = "<group>"; fileEncoding = undefined; lastKnownFileType = unknown; explicitFileType = undefined; includeInIndex = 0; };
		0FF3214F5574499090C012E4 /* AlbertSans-ExtraLightItalic.ttf */ = {isa = PBXFileReference; name = "AlbertSans-ExtraLightItalic.ttf"; path = "../assets/Fonts/AlbertSans/AlbertSans-ExtraLightItalic.ttf"; sourceTree = "<group>"; fileEncoding = undefined; lastKnownFileType = unknown; explicitFileType = undefined; includeInIndex = 0; };
		1B6D7886738E4223BBEB92C4 /* AlbertSans-Italic.ttf */ = {isa = PBXFileReference; name = "AlbertSans-Italic.ttf"; path = "../assets/Fonts/AlbertSans/AlbertSans-Italic.ttf"; sourceTree = "<group>"; fileEncoding = undefined; lastKnownFileType = unknown; explicitFileType = undefined; includeInIndex = 0; };
		89849584C5A040FE85877D06 /* AlbertSans-Light.ttf */ = {isa = PBXFileReference; name = "AlbertSans-Light.ttf"; path = "../assets/Fonts/AlbertSans/AlbertSans-Light.ttf"; sourceTree = "<group>"; fileEncoding = undefined; lastKnownFileType = unknown; explicitFileType = undefined; includeInIndex = 0; };
		F29C129DDCA442BAA8D2AC55 /* AlbertSans-LightItalic.ttf */ = {isa = PBXFileReference; name = "AlbertSans-LightItalic.ttf"; path = "../assets/Fonts/AlbertSans/AlbertSans-LightItalic.ttf"; sourceTree = "<group>"; fileEncoding = undefined; lastKnownFileType = unknown; explicitFileType = undefined; includeInIndex = 0; };
		AB6E0D9125344C9FBDB2DA22 /* AlbertSans-Medium.ttf */ = {isa = PBXFileReference; name = "AlbertSans-Medium.ttf"; path = "../assets/Fonts/AlbertSans/AlbertSans-Medium.ttf"; sourceTree = "<group>"; fileEncoding = undefined; lastKnownFileType = unknown; explicitFileType = undefined; includeInIndex = 0; };
		EFE3083F13384D80A4B322D1 /* AlbertSans-MediumItalic.ttf */ = {isa = PBXFileReference; name = "AlbertSans-MediumItalic.ttf"; path = "../assets/Fonts/AlbertSans/AlbertSans-MediumItalic.ttf"; sourceTree = "<group>"; fileEncoding = undefined; lastKnownFileType = unknown; explicitFileType = undefined; includeInIndex = 0; };
		3A7C016101694B2BA31BB0E6 /* AlbertSans-Regular.ttf */ = {isa = PBXFileReference; name = "AlbertSans-Regular.ttf"; path = "../assets/Fonts/AlbertSans/AlbertSans-Regular.ttf"; sourceTree = "<group>"; fileEncoding = undefined; lastKnownFileType = unknown; explicitFileType = undefined; includeInIndex = 0; };
		FAD9444EA8964C438F202A74 /* AlbertSans-SemiBold.ttf */ = {isa = PBXFileReference; name = "AlbertSans-SemiBold.ttf"; path = "../assets/Fonts/AlbertSans/AlbertSans-SemiBold.ttf"; sourceTree = "<group>"; fileEncoding = undefined; lastKnownFileType = unknown; explicitFileType = undefined; includeInIndex = 0; };
		6605476ED56C41D1B58A1DC1 /* AlbertSans-SemiBoldItalic.ttf */ = {isa = PBXFileReference; name = "AlbertSans-SemiBoldItalic.ttf"; path = "../assets/Fonts/AlbertSans/AlbertSans-SemiBoldItalic.ttf"; sourceTree = "<group>"; fileEncoding = undefined; lastKnownFileType = unknown; explicitFileType = undefined; includeInIndex = 0; };
		1E07F37E99364EB88A516908 /* AlbertSans-Thin.ttf */ = {isa = PBXFileReference; name = "AlbertSans-Thin.ttf"; path = "../assets/Fonts/AlbertSans/AlbertSans-Thin.ttf"; sourceTree = "<group>"; fileEncoding = undefined; lastKnownFileType = unknown; explicitFileType = undefined; includeInIndex = 0; };
		2934E2C233D6426D9FD3D4DD /* AlbertSans-ThinItalic.ttf */ = {isa = PBXFileReference; name = "AlbertSans-ThinItalic.ttf"; path = "../assets/Fonts/AlbertSans/AlbertSans-ThinItalic.ttf"; sourceTree = "<group>"; fileEncoding = undefined; lastKnownFileType = unknown; explicitFileType = undefined; includeInIndex = 0; };
		D4DD3A35A98649DB8BE947AB /* NotoSans-Regular.ttf */ = {isa = PBXFileReference; name = "NotoSans-Regular.ttf"; path = "../assets/Fonts/NotoSans-Regular.ttf"; sourceTree = "<group>"; fileEncoding = undefined; lastKnownFileType = unknown; explicitFileType = undefined; includeInIndex = 0; };
		10675C669AD2433D96414646 /* Poppins-Black.ttf */ = {isa = PBXFileReference; name = "Poppins-Black.ttf"; path = "../assets/Fonts/Poppins (1)/Poppins-Black.ttf"; sourceTree = "<group>"; fileEncoding = undefined; lastKnownFileType = unknown; explicitFileType = undefined; includeInIndex = 0; };
		3130AA09F42B4320A3998453 /* Poppins-BlackItalic.ttf */ = {isa = PBXFileReference; name = "Poppins-BlackItalic.ttf"; path = "../assets/Fonts/Poppins (1)/Poppins-BlackItalic.ttf"; sourceTree = "<group>"; fileEncoding = undefined; lastKnownFileType = unknown; explicitFileType = undefined; includeInIndex = 0; };
		02C8627281CD41F18DFA44E9 /* Poppins-Bold.ttf */ = {isa = PBXFileReference; name = "Poppins-Bold.ttf"; path = "../assets/Fonts/Poppins (1)/Poppins-Bold.ttf"; sourceTree = "<group>"; fileEncoding = undefined; lastKnownFileType = unknown; explicitFileType = undefined; includeInIndex = 0; };
		607CDE45454E48B3A95E9641 /* Poppins-BoldItalic.ttf */ = {isa = PBXFileReference; name = "Poppins-BoldItalic.ttf"; path = "../assets/Fonts/Poppins (1)/Poppins-BoldItalic.ttf"; sourceTree = "<group>"; fileEncoding = undefined; lastKnownFileType = unknown; explicitFileType = undefined; includeInIndex = 0; };
		AA23B0B1559944F793BBA04F /* Poppins-ExtraBold.ttf */ = {isa = PBXFileReference; name = "Poppins-ExtraBold.ttf"; path = "../assets/Fonts/Poppins (1)/Poppins-ExtraBold.ttf"; sourceTree = "<group>"; fileEncoding = undefined; lastKnownFileType = unknown; explicitFileType = undefined; includeInIndex = 0; };
		2D607FEF1EFD4501B6865780 /* Poppins-ExtraBoldItalic.ttf */ = {isa = PBXFileReference; name = "Poppins-ExtraBoldItalic.ttf"; path = "../assets/Fonts/Poppins (1)/Poppins-ExtraBoldItalic.ttf"; sourceTree = "<group>"; fileEncoding = undefined; lastKnownFileType = unknown; explicitFileType = undefined; includeInIndex = 0; };
		B3CECE2F470B4A099D65DA75 /* Poppins-Italic.ttf */ = {isa = PBXFileReference; name = "Poppins-Italic.ttf"; path = "../assets/Fonts/Poppins (1)/Poppins-Italic.ttf"; sourceTree = "<group>"; fileEncoding = undefined; lastKnownFileType = unknown; explicitFileType = undefined; includeInIndex = 0; };
		B905F701E99941ACB2FF5CEF /* Poppins-Medium.ttf */ = {isa = PBXFileReference; name = "Poppins-Medium.ttf"; path = "../assets/Fonts/Poppins (1)/Poppins-Medium.ttf"; sourceTree = "<group>"; fileEncoding = undefined; lastKnownFileType = unknown; explicitFileType = undefined; includeInIndex = 0; };
		5FDBFC30122842DC917BDE6C /* Poppins-MediumItalic.ttf */ = {isa = PBXFileReference; name = "Poppins-MediumItalic.ttf"; path = "../assets/Fonts/Poppins (1)/Poppins-MediumItalic.ttf"; sourceTree = "<group>"; fileEncoding = undefined; lastKnownFileType = unknown; explicitFileType = undefined; includeInIndex = 0; };
		8FEA2F3803FB4447B1A0F970 /* Poppins-Regular.ttf */ = {isa = PBXFileReference; name = "Poppins-Regular.ttf"; path = "../assets/Fonts/Poppins (1)/Poppins-Regular.ttf"; sourceTree = "<group>"; fileEncoding = undefined; lastKnownFileType = unknown; explicitFileType = undefined; includeInIndex = 0; };
		1C201147391E4A10AAA5E3F3 /* Poppins-SemiBold.ttf */ = {isa = PBXFileReference; name = "Poppins-SemiBold.ttf"; path = "../assets/Fonts/Poppins (1)/Poppins-SemiBold.ttf"; sourceTree = "<group>"; fileEncoding = undefined; lastKnownFileType = unknown; explicitFileType = undefined; includeInIndex = 0; };
		9F94CB665F1545E0A638896C /* Poppins-SemiBoldItalic.ttf */ = {isa = PBXFileReference; name = "Poppins-SemiBoldItalic.ttf"; path = "../assets/Fonts/Poppins (1)/Poppins-SemiBoldItalic.ttf"; sourceTree = "<group>"; fileEncoding = undefined; lastKnownFileType = unknown; explicitFileType = undefined; includeInIndex = 0; };
		A6477AB587A8497F9CEE81C4 /* Poppins-Thin.ttf */ = {isa = PBXFileReference; name = "Poppins-Thin.ttf"; path = "../assets/Fonts/Poppins (1)/Poppins-Thin.ttf"; sourceTree = "<group>"; fileEncoding = undefined; lastKnownFileType = unknown; explicitFileType = undefined; includeInIndex = 0; };
		BB6ED582E2EB479DB5646569 /* Poppins-ThinItalic.ttf */ = {isa = PBXFileReference; name = "Poppins-ThinItalic.ttf"; path = "../assets/Fonts/Poppins (1)/Poppins-ThinItalic.ttf"; sourceTree = "<group>"; fileEncoding = undefined; lastKnownFileType = unknown; explicitFileType = undefined; includeInIndex = 0; };
		A32E1C0F17AD4340886E60D7 /* Roboto-Bold.ttf */ = {isa = PBXFileReference; name = "Roboto-Bold.ttf"; path = "../assets/Fonts/Roboto/Roboto-Bold.ttf"; sourceTree = "<group>"; fileEncoding = undefined; lastKnownFileType = unknown; explicitFileType = undefined; includeInIndex = 0; };
		79D19661FB8145048C3494B2 /* Roboto-Light.ttf */ = {isa = PBXFileReference; name = "Roboto-Light.ttf"; path = "../assets/Fonts/Roboto/Roboto-Light.ttf"; sourceTree = "<group>"; fileEncoding = undefined; lastKnownFileType = unknown; explicitFileType = undefined; includeInIndex = 0; };
		1669FE51A82B41689B0F69D5 /* Roboto-Medium.ttf */ = {isa = PBXFileReference; name = "Roboto-Medium.ttf"; path = "../assets/Fonts/Roboto/Roboto-Medium.ttf"; sourceTree = "<group>"; fileEncoding = undefined; lastKnownFileType = unknown; explicitFileType = undefined; includeInIndex = 0; };
		CEDC8992482440D9AB6B1B6C /* OFL.txt */ = {isa = PBXFileReference; name = "OFL.txt"; path = "../assets/Fonts/AlbertSans/OFL.txt"; sourceTree = "<group>"; fileEncoding = undefined; lastKnownFileType = unknown; explicitFileType = undefined; includeInIndex = 0; };
		A94817E19CA345D2B19677E6 /* LICENSE.txt */ = {isa = PBXFileReference; name = "LICENSE.txt"; path = "../assets/Fonts/Roboto/LICENSE.txt"; sourceTree = "<group>"; fileEncoding = undefined; lastKnownFileType = unknown; explicitFileType = undefined; includeInIndex = 0; };
		39A9C452C7E2487B9478F781 /* GreyQo-Regular.ttf */ = {isa = PBXFileReference; name = "GreyQo-Regular.ttf"; path = "../assets/Fonts/Grey_Qo/GreyQo-Regular.ttf"; sourceTree = "<group>"; fileEncoding = undefined; lastKnownFileType = unknown; explicitFileType = undefined; includeInIndex = 0; };
		3315CEFD8F0D4380B84030A9 /* Hind-Bold.ttf */ = {isa = PBXFileReference; name = "Hind-Bold.ttf"; path = "../assets/Fonts/Hind/Hind-Bold.ttf"; sourceTree = "<group>"; fileEncoding = undefined; lastKnownFileType = unknown; explicitFileType = undefined; includeInIndex = 0; };
		351A6A12744A4075B3E2E67C /* Hind-Light.ttf */ = {isa = PBXFileReference; name = "Hind-Light.ttf"; path = "../assets/Fonts/Hind/Hind-Light.ttf"; sourceTree = "<group>"; fileEncoding = undefined; lastKnownFileType = unknown; explicitFileType = undefined; includeInIndex = 0; };
		65756A4421FF49EA88FCDC42 /* Hind-Medium.ttf */ = {isa = PBXFileReference; name = "Hind-Medium.ttf"; path = "../assets/Fonts/Hind/Hind-Medium.ttf"; sourceTree = "<group>"; fileEncoding = undefined; lastKnownFileType = unknown; explicitFileType = undefined; includeInIndex = 0; };
		1C51DE8964A24806AFE0DA65 /* Hind-Regular.ttf */ = {isa = PBXFileReference; name = "Hind-Regular.ttf"; path = "../assets/Fonts/Hind/Hind-Regular.ttf"; sourceTree = "<group>"; fileEncoding = undefined; lastKnownFileType = unknown; explicitFileType = undefined; includeInIndex = 0; };
		4B55447F760240A98EB25C5F /* Hind-SemiBold.ttf */ = {isa = PBXFileReference; name = "Hind-SemiBold.ttf"; path = "../assets/Fonts/Hind/Hind-SemiBold.ttf"; sourceTree = "<group>"; fileEncoding = undefined; lastKnownFileType = unknown; explicitFileType = undefined; includeInIndex = 0; };
/* End PBXFileReference section */

/* Begin PBXFrameworksBuildPhase section */
		00E356EB1AD99517003FC87E /* Frameworks */ = {
			isa = PBXFrameworksBuildPhase;
			buildActionMask = 2147483647;
			files = (
				7699B88040F8A987B510C191 /* libPods-quizzy-quizzyTests.a in Frameworks */,
			);
			runOnlyForDeploymentPostprocessing = 0;
		};
		13B07F8C1A680F5B00A75B9A /* Frameworks */ = {
			isa = PBXFrameworksBuildPhase;
			buildActionMask = 2147483647;
			files = (
				0C80B921A6F3F58F76C31292 /* libPods-quizzy.a in Frameworks */,
			);
			runOnlyForDeploymentPostprocessing = 0;
		};
/* End PBXFrameworksBuildPhase section */

/* Begin PBXGroup section */
		00E356EF1AD99517003FC87E /* quizzyTests */ = {
			isa = PBXGroup;
			children = (
				00E356F21AD99517003FC87E /* quizzyTests.m */,
				00E356F01AD99517003FC87E /* Supporting Files */,
			);
			path = quizzyTests;
			sourceTree = "<group>";
		};
		00E356F01AD99517003FC87E /* Supporting Files */ = {
			isa = PBXGroup;
			children = (
				00E356F11AD99517003FC87E /* Info.plist */,
			);
			name = "Supporting Files";
			sourceTree = "<group>";
		};
		13B07FAE1A68108700A75B9A /* quizzy */ = {
			isa = PBXGroup;
			children = (
				13B07FAF1A68108700A75B9A /* AppDelegate.h */,
				13B07FB01A68108700A75B9A /* AppDelegate.mm */,
				13B07FB51A68108700A75B9A /* Images.xcassets */,
				13B07FB61A68108700A75B9A /* Info.plist */,
				81AB9BB72411601600AC10FF /* LaunchScreen.storyboard */,
				13B07FB71A68108700A75B9A /* main.m */,
			);
			name = quizzy;
			sourceTree = "<group>";
		};
		2D16E6871FA4F8E400B85C8A /* Frameworks */ = {
			isa = PBXGroup;
			children = (
				ED297162215061F000B7C4FE /* JavaScriptCore.framework */,
				5DCACB8F33CDC322A6C60F78 /* libPods-quizzy.a */,
				19F6CBCC0A4E27FBF8BF4A61 /* libPods-quizzy-quizzyTests.a */,
			);
			name = Frameworks;
			sourceTree = "<group>";
		};
		832341AE1AAA6A7D00B99B32 /* Libraries */ = {
			isa = PBXGroup;
			children = (
			);
			name = Libraries;
			sourceTree = "<group>";
		};
		83CBB9F61A601CBA00E9B192 = {
			isa = PBXGroup;
			children = (
				13B07FAE1A68108700A75B9A /* quizzy */,
				832341AE1AAA6A7D00B99B32 /* Libraries */,
				00E356EF1AD99517003FC87E /* quizzyTests */,
				83CBBA001A601CBA00E9B192 /* Products */,
				2D16E6871FA4F8E400B85C8A /* Frameworks */,
				BBD78D7AC51CEA395F1C20DB /* Pods */,
				E5BC1790509545178925B347 /* Resources */,
			);
			indentWidth = 2;
			sourceTree = "<group>";
			tabWidth = 2;
			usesTabs = 0;
		};
		83CBBA001A601CBA00E9B192 /* Products */ = {
			isa = PBXGroup;
			children = (
				13B07F961A680F5B00A75B9A /* quizzy.app */,
				00E356EE1AD99517003FC87E /* quizzyTests.xctest */,
			);
			name = Products;
			sourceTree = "<group>";
		};
		BBD78D7AC51CEA395F1C20DB /* Pods */ = {
			isa = PBXGroup;
			children = (
				3B4392A12AC88292D35C810B /* Pods-quizzy.debug.xcconfig */,
				5709B34CF0A7D63546082F79 /* Pods-quizzy.release.xcconfig */,
				5B7EB9410499542E8C5724F5 /* Pods-quizzy-quizzyTests.debug.xcconfig */,
				89C6BE57DB24E9ADA2F236DE /* Pods-quizzy-quizzyTests.release.xcconfig */,
			);
			path = Pods;
			sourceTree = "<group>";
		};
		E5BC1790509545178925B347 /* Resources */ = {
			isa = "PBXGroup";
			children = (
				80824D390F0D436D83F5DD70 /* AlbertSans-Black.ttf */,
				7124B178839447F08181A943 /* AlbertSans-BlackItalic.ttf */,
				03744CAC89F340A7A743B03F /* AlbertSans-Bold.ttf */,
				76F84F83A7B24070A311F3B1 /* AlbertSans-BoldItalic.ttf */,
				E66F9C9A4AE34A4AA390B80E /* AlbertSans-ExtraBold.ttf */,
				1B3D4D4029704F7F933E33E6 /* AlbertSans-ExtraBoldItalic.ttf */,
				A966F2AEE13B44D78A27DF57 /* AlbertSans-ExtraLight.ttf */,
				0FF3214F5574499090C012E4 /* AlbertSans-ExtraLightItalic.ttf */,
				1B6D7886738E4223BBEB92C4 /* AlbertSans-Italic.ttf */,
				89849584C5A040FE85877D06 /* AlbertSans-Light.ttf */,
				F29C129DDCA442BAA8D2AC55 /* AlbertSans-LightItalic.ttf */,
				AB6E0D9125344C9FBDB2DA22 /* AlbertSans-Medium.ttf */,
				EFE3083F13384D80A4B322D1 /* AlbertSans-MediumItalic.ttf */,
				3A7C016101694B2BA31BB0E6 /* AlbertSans-Regular.ttf */,
				FAD9444EA8964C438F202A74 /* AlbertSans-SemiBold.ttf */,
				6605476ED56C41D1B58A1DC1 /* AlbertSans-SemiBoldItalic.ttf */,
				1E07F37E99364EB88A516908 /* AlbertSans-Thin.ttf */,
				2934E2C233D6426D9FD3D4DD /* AlbertSans-ThinItalic.ttf */,
				D4DD3A35A98649DB8BE947AB /* NotoSans-Regular.ttf */,
				10675C669AD2433D96414646 /* Poppins-Black.ttf */,
				3130AA09F42B4320A3998453 /* Poppins-BlackItalic.ttf */,
				02C8627281CD41F18DFA44E9 /* Poppins-Bold.ttf */,
				607CDE45454E48B3A95E9641 /* Poppins-BoldItalic.ttf */,
				AA23B0B1559944F793BBA04F /* Poppins-ExtraBold.ttf */,
				2D607FEF1EFD4501B6865780 /* Poppins-ExtraBoldItalic.ttf */,
				B3CECE2F470B4A099D65DA75 /* Poppins-Italic.ttf */,
				B905F701E99941ACB2FF5CEF /* Poppins-Medium.ttf */,
				5FDBFC30122842DC917BDE6C /* Poppins-MediumItalic.ttf */,
				8FEA2F3803FB4447B1A0F970 /* Poppins-Regular.ttf */,
				1C201147391E4A10AAA5E3F3 /* Poppins-SemiBold.ttf */,
				9F94CB665F1545E0A638896C /* Poppins-SemiBoldItalic.ttf */,
				A6477AB587A8497F9CEE81C4 /* Poppins-Thin.ttf */,
				BB6ED582E2EB479DB5646569 /* Poppins-ThinItalic.ttf */,
				A32E1C0F17AD4340886E60D7 /* Roboto-Bold.ttf */,
				79D19661FB8145048C3494B2 /* Roboto-Light.ttf */,
				1669FE51A82B41689B0F69D5 /* Roboto-Medium.ttf */,
				CEDC8992482440D9AB6B1B6C /* OFL.txt */,
				A94817E19CA345D2B19677E6 /* LICENSE.txt */,
				39A9C452C7E2487B9478F781 /* GreyQo-Regular.ttf */,
				3315CEFD8F0D4380B84030A9 /* Hind-Bold.ttf */,
				351A6A12744A4075B3E2E67C /* Hind-Light.ttf */,
				65756A4421FF49EA88FCDC42 /* Hind-Medium.ttf */,
				1C51DE8964A24806AFE0DA65 /* Hind-Regular.ttf */,
				4B55447F760240A98EB25C5F /* Hind-SemiBold.ttf */,
			);
			name = Resources;
			sourceTree = "<group>";
			path = "";
		};
/* End PBXGroup section */

/* Begin PBXNativeTarget section */
		00E356ED1AD99517003FC87E /* quizzyTests */ = {
			isa = PBXNativeTarget;
			buildConfigurationList = 00E357021AD99517003FC87E /* Build configuration list for PBXNativeTarget "quizzyTests" */;
			buildPhases = (
				A55EABD7B0C7F3A422A6CC61 /* [CP] Check Pods Manifest.lock */,
				00E356EA1AD99517003FC87E /* Sources */,
				00E356EB1AD99517003FC87E /* Frameworks */,
				00E356EC1AD99517003FC87E /* Resources */,
				C59DA0FBD6956966B86A3779 /* [CP] Embed Pods Frameworks */,
				F6A41C54EA430FDDC6A6ED99 /* [CP] Copy Pods Resources */,
			);
			buildRules = (
			);
			dependencies = (
				00E356F51AD99517003FC87E /* PBXTargetDependency */,
			);
			name = quizzyTests;
			productName = quizzyTests;
			productReference = 00E356EE1AD99517003FC87E /* quizzyTests.xctest */;
			productType = "com.apple.product-type.bundle.unit-test";
		};
		13B07F861A680F5B00A75B9A /* quizzy */ = {
			isa = PBXNativeTarget;
			buildConfigurationList = 13B07F931A680F5B00A75B9A /* Build configuration list for PBXNativeTarget "quizzy" */;
			buildPhases = (
				C38B50BA6285516D6DCD4F65 /* [CP] Check Pods Manifest.lock */,
				13B07F871A680F5B00A75B9A /* Sources */,
				13B07F8C1A680F5B00A75B9A /* Frameworks */,
				13B07F8E1A680F5B00A75B9A /* Resources */,
				00DD1BFF1BD5951E006B06BC /* Bundle React Native code and images */,
				00EEFC60759A1932668264C0 /* [CP] Embed Pods Frameworks */,
				E235C05ADACE081382539298 /* [CP] Copy Pods Resources */,
			);
			buildRules = (
			);
			dependencies = (
			);
			name = quizzy;
			productName = quizzy;
			productReference = 13B07F961A680F5B00A75B9A /* quizzy.app */;
			productType = "com.apple.product-type.application";
		};
/* End PBXNativeTarget section */

/* Begin PBXProject section */
		83CBB9F71A601CBA00E9B192 /* Project object */ = {
			isa = PBXProject;
			attributes = {
				LastUpgradeCheck = 1210;
				TargetAttributes = {
					00E356ED1AD99517003FC87E = {
						CreatedOnToolsVersion = 6.2;
						TestTargetID = 13B07F861A680F5B00A75B9A;
					};
					13B07F861A680F5B00A75B9A = {
						LastSwiftMigration = 1120;
					};
				};
			};
			buildConfigurationList = 83CBB9FA1A601CBA00E9B192 /* Build configuration list for PBXProject "quizzy" */;
			compatibilityVersion = "Xcode 12.0";
			developmentRegion = en;
			hasScannedForEncodings = 0;
			knownRegions = (
				en,
				Base,
			);
			mainGroup = 83CBB9F61A601CBA00E9B192;
			productRefGroup = 83CBBA001A601CBA00E9B192 /* Products */;
			projectDirPath = "";
			projectRoot = "";
			targets = (
				13B07F861A680F5B00A75B9A /* quizzy */,
				00E356ED1AD99517003FC87E /* quizzyTests */,
			);
		};
/* End PBXProject section */

/* Begin PBXResourcesBuildPhase section */
		00E356EC1AD99517003FC87E /* Resources */ = {
			isa = PBXResourcesBuildPhase;
			buildActionMask = 2147483647;
			files = (
			);
			runOnlyForDeploymentPostprocessing = 0;
		};
		13B07F8E1A680F5B00A75B9A /* Resources */ = {
			isa = PBXResourcesBuildPhase;
			buildActionMask = 2147483647;
			files = (
				81AB9BB82411601600AC10FF /* LaunchScreen.storyboard in Resources */,
				13B07FBF1A68108700A75B9A /* Images.xcassets in Resources */,
				9501199A107642D1AA8DA738 /* AlbertSans-Black.ttf in Resources */,
				B45B93316F1A413B84CDCB30 /* AlbertSans-BlackItalic.ttf in Resources */,
				F8D7C2D7DCE745BF9BB520EA /* AlbertSans-Bold.ttf in Resources */,
				02D3E174BA764A30843CAB54 /* AlbertSans-BoldItalic.ttf in Resources */,
				2FB4AB52709340BE8716BC03 /* AlbertSans-ExtraBold.ttf in Resources */,
				76405BDC662E4AB2BAC32E5D /* AlbertSans-ExtraBoldItalic.ttf in Resources */,
				876C62EEFB824F8AA321EFEB /* AlbertSans-ExtraLight.ttf in Resources */,
				CBA8072842C6497DA160258B /* AlbertSans-ExtraLightItalic.ttf in Resources */,
				CF9CD4209B724574A391533F /* AlbertSans-Italic.ttf in Resources */,
				AFA047DFA2264C8E9CE35919 /* AlbertSans-Light.ttf in Resources */,
				DB7A4954312A4D069679F68C /* AlbertSans-LightItalic.ttf in Resources */,
				9D2D95C3C3CE46FD9BC60E22 /* AlbertSans-Medium.ttf in Resources */,
				E4AA01D8AEF7489EADDE0977 /* AlbertSans-MediumItalic.ttf in Resources */,
				8463C9B51FEF4AC9876DED11 /* AlbertSans-Regular.ttf in Resources */,
				D2B5E0FAABB94E5DB178D2EB /* AlbertSans-SemiBold.ttf in Resources */,
				9E9B5762C7E54AF4AF3C8CD9 /* AlbertSans-SemiBoldItalic.ttf in Resources */,
				BF40AD89484A4E4FBCF41ADC /* AlbertSans-Thin.ttf in Resources */,
				42C4C6A1A47D48768C8AB7CF /* AlbertSans-ThinItalic.ttf in Resources */,
				41CF6398216A41CF8AAB5D8B /* NotoSans-Regular.ttf in Resources */,
				BD523A73F3B74A93A66D8FB5 /* Poppins-Black.ttf in Resources */,
				672A216FC1D449D68C2AE786 /* Poppins-BlackItalic.ttf in Resources */,
				35257E8BA4C448A6ACD462B1 /* Poppins-Bold.ttf in Resources */,
				ED6F82BA24274CDFAC79E6FC /* Poppins-BoldItalic.ttf in Resources */,
				BF5AF318553540A09339E7E2 /* Poppins-ExtraBold.ttf in Resources */,
				18F4C25D98AE45A48B9B1B6C /* Poppins-ExtraBoldItalic.ttf in Resources */,
				D066681862A74110A979F984 /* Poppins-Italic.ttf in Resources */,
				A91B5F53461C40159FD11708 /* Poppins-Medium.ttf in Resources */,
				318E64715062401995209EBF /* Poppins-MediumItalic.ttf in Resources */,
				87E1B28835BE472AB925595B /* Poppins-Regular.ttf in Resources */,
				599821C06D114760A152BD95 /* Poppins-SemiBold.ttf in Resources */,
				C13DF5670F0547B2B7B19086 /* Poppins-SemiBoldItalic.ttf in Resources */,
				9DF2D40D7FD74D6980F36080 /* Poppins-Thin.ttf in Resources */,
				A562FACB264C4C37BAFDCAF8 /* Poppins-ThinItalic.ttf in Resources */,
				8B5E21069D50409AA863E901 /* Roboto-Bold.ttf in Resources */,
				81FE530B42EB48D3938B3230 /* Roboto-Light.ttf in Resources */,
				AF320FD989154491861F049A /* Roboto-Medium.ttf in Resources */,
				C93946D41C1A4585B11E8722 /* OFL.txt in Resources */,
				B6D9D395816E45B9975A7648 /* LICENSE.txt in Resources */,
				E3873DE8EEEC4D27A611A732 /* GreyQo-Regular.ttf in Resources */,
				72413BE0AD234F00A7DACC61 /* Hind-Bold.ttf in Resources */,
				A0E747C3351C4478A39EA68C /* Hind-Light.ttf in Resources */,
				5663A525FFC146C49A4C81D5 /* Hind-Medium.ttf in Resources */,
				F7A122166860495C80E5CEA9 /* Hind-Regular.ttf in Resources */,
				D015CB92570B44078C301575 /* Hind-SemiBold.ttf in Resources */,
			);
			runOnlyForDeploymentPostprocessing = 0;
		};
/* End PBXResourcesBuildPhase section */

/* Begin PBXShellScriptBuildPhase section */
		00DD1BFF1BD5951E006B06BC /* Bundle React Native code and images */ = {
			isa = PBXShellScriptBuildPhase;
			buildActionMask = 2147483647;
			files = (
			);
			inputPaths = (
				"$(SRCROOT)/.xcode.env.local",
				"$(SRCROOT)/.xcode.env",
			);
			name = "Bundle React Native code and images";
			outputPaths = (
			);
			runOnlyForDeploymentPostprocessing = 0;
			shellPath = /bin/sh;
			shellScript = "set -e\n\nWITH_ENVIRONMENT=\"../node_modules/react-native/scripts/xcode/with-environment.sh\"\nREACT_NATIVE_XCODE=\"../node_modules/react-native/scripts/react-native-xcode.sh\"\n\n/bin/sh -c \"$WITH_ENVIRONMENT $REACT_NATIVE_XCODE\"\n";
		};
		00EEFC60759A1932668264C0 /* [CP] Embed Pods Frameworks */ = {
			isa = PBXShellScriptBuildPhase;
			buildActionMask = 2147483647;
			files = (
			);
			inputFileListPaths = (
				"${PODS_ROOT}/Target Support Files/Pods-quizzy/Pods-quizzy-frameworks-${CONFIGURATION}-input-files.xcfilelist",
			);
			name = "[CP] Embed Pods Frameworks";
			outputFileListPaths = (
				"${PODS_ROOT}/Target Support Files/Pods-quizzy/Pods-quizzy-frameworks-${CONFIGURATION}-output-files.xcfilelist",
			);
			runOnlyForDeploymentPostprocessing = 0;
			shellPath = /bin/sh;
			shellScript = "\"${PODS_ROOT}/Target Support Files/Pods-quizzy/Pods-quizzy-frameworks.sh\"\n";
			showEnvVarsInLog = 0;
		};
		A55EABD7B0C7F3A422A6CC61 /* [CP] Check Pods Manifest.lock */ = {
			isa = PBXShellScriptBuildPhase;
			buildActionMask = 2147483647;
			files = (
			);
			inputFileListPaths = (
			);
			inputPaths = (
				"${PODS_PODFILE_DIR_PATH}/Podfile.lock",
				"${PODS_ROOT}/Manifest.lock",
			);
			name = "[CP] Check Pods Manifest.lock";
			outputFileListPaths = (
			);
			outputPaths = (
				"$(DERIVED_FILE_DIR)/Pods-quizzy-quizzyTests-checkManifestLockResult.txt",
			);
			runOnlyForDeploymentPostprocessing = 0;
			shellPath = /bin/sh;
			shellScript = "diff \"${PODS_PODFILE_DIR_PATH}/Podfile.lock\" \"${PODS_ROOT}/Manifest.lock\" > /dev/null\nif [ $? != 0 ] ; then\n    # print error to STDERR\n    echo \"error: The sandbox is not in sync with the Podfile.lock. Run 'pod install' or update your CocoaPods installation.\" >&2\n    exit 1\nfi\n# This output is used by Xcode 'outputs' to avoid re-running this script phase.\necho \"SUCCESS\" > \"${SCRIPT_OUTPUT_FILE_0}\"\n";
			showEnvVarsInLog = 0;
		};
		C38B50BA6285516D6DCD4F65 /* [CP] Check Pods Manifest.lock */ = {
			isa = PBXShellScriptBuildPhase;
			buildActionMask = 2147483647;
			files = (
			);
			inputFileListPaths = (
			);
			inputPaths = (
				"${PODS_PODFILE_DIR_PATH}/Podfile.lock",
				"${PODS_ROOT}/Manifest.lock",
			);
			name = "[CP] Check Pods Manifest.lock";
			outputFileListPaths = (
			);
			outputPaths = (
				"$(DERIVED_FILE_DIR)/Pods-quizzy-checkManifestLockResult.txt",
			);
			runOnlyForDeploymentPostprocessing = 0;
			shellPath = /bin/sh;
			shellScript = "diff \"${PODS_PODFILE_DIR_PATH}/Podfile.lock\" \"${PODS_ROOT}/Manifest.lock\" > /dev/null\nif [ $? != 0 ] ; then\n    # print error to STDERR\n    echo \"error: The sandbox is not in sync with the Podfile.lock. Run 'pod install' or update your CocoaPods installation.\" >&2\n    exit 1\nfi\n# This output is used by Xcode 'outputs' to avoid re-running this script phase.\necho \"SUCCESS\" > \"${SCRIPT_OUTPUT_FILE_0}\"\n";
			showEnvVarsInLog = 0;
		};
		C59DA0FBD6956966B86A3779 /* [CP] Embed Pods Frameworks */ = {
			isa = PBXShellScriptBuildPhase;
			buildActionMask = 2147483647;
			files = (
			);
			inputFileListPaths = (
				"${PODS_ROOT}/Target Support Files/Pods-quizzy-quizzyTests/Pods-quizzy-quizzyTests-frameworks-${CONFIGURATION}-input-files.xcfilelist",
			);
			name = "[CP] Embed Pods Frameworks";
			outputFileListPaths = (
				"${PODS_ROOT}/Target Support Files/Pods-quizzy-quizzyTests/Pods-quizzy-quizzyTests-frameworks-${CONFIGURATION}-output-files.xcfilelist",
			);
			runOnlyForDeploymentPostprocessing = 0;
			shellPath = /bin/sh;
			shellScript = "\"${PODS_ROOT}/Target Support Files/Pods-quizzy-quizzyTests/Pods-quizzy-quizzyTests-frameworks.sh\"\n";
			showEnvVarsInLog = 0;
		};
		E235C05ADACE081382539298 /* [CP] Copy Pods Resources */ = {
			isa = PBXShellScriptBuildPhase;
			buildActionMask = 2147483647;
			files = (
			);
			inputFileListPaths = (
				"${PODS_ROOT}/Target Support Files/Pods-quizzy/Pods-quizzy-resources-${CONFIGURATION}-input-files.xcfilelist",
			);
			name = "[CP] Copy Pods Resources";
			outputFileListPaths = (
				"${PODS_ROOT}/Target Support Files/Pods-quizzy/Pods-quizzy-resources-${CONFIGURATION}-output-files.xcfilelist",
			);
			runOnlyForDeploymentPostprocessing = 0;
			shellPath = /bin/sh;
			shellScript = "\"${PODS_ROOT}/Target Support Files/Pods-quizzy/Pods-quizzy-resources.sh\"\n";
			showEnvVarsInLog = 0;
		};
		F6A41C54EA430FDDC6A6ED99 /* [CP] Copy Pods Resources */ = {
			isa = PBXShellScriptBuildPhase;
			buildActionMask = 2147483647;
			files = (
			);
			inputFileListPaths = (
				"${PODS_ROOT}/Target Support Files/Pods-quizzy-quizzyTests/Pods-quizzy-quizzyTests-resources-${CONFIGURATION}-input-files.xcfilelist",
			);
			name = "[CP] Copy Pods Resources";
			outputFileListPaths = (
				"${PODS_ROOT}/Target Support Files/Pods-quizzy-quizzyTests/Pods-quizzy-quizzyTests-resources-${CONFIGURATION}-output-files.xcfilelist",
			);
			runOnlyForDeploymentPostprocessing = 0;
			shellPath = /bin/sh;
			shellScript = "\"${PODS_ROOT}/Target Support Files/Pods-quizzy-quizzyTests/Pods-quizzy-quizzyTests-resources.sh\"\n";
			showEnvVarsInLog = 0;
		};
/* End PBXShellScriptBuildPhase section */

/* Begin PBXSourcesBuildPhase section */
		00E356EA1AD99517003FC87E /* Sources */ = {
			isa = PBXSourcesBuildPhase;
			buildActionMask = 2147483647;
			files = (
				00E356F31AD99517003FC87E /* quizzyTests.m in Sources */,
			);
			runOnlyForDeploymentPostprocessing = 0;
		};
		13B07F871A680F5B00A75B9A /* Sources */ = {
			isa = PBXSourcesBuildPhase;
			buildActionMask = 2147483647;
			files = (
				13B07FBC1A68108700A75B9A /* AppDelegate.mm in Sources */,
				13B07FC11A68108700A75B9A /* main.m in Sources */,
			);
			runOnlyForDeploymentPostprocessing = 0;
		};
/* End PBXSourcesBuildPhase section */

/* Begin PBXTargetDependency section */
		00E356F51AD99517003FC87E /* PBXTargetDependency */ = {
			isa = PBXTargetDependency;
			target = 13B07F861A680F5B00A75B9A /* quizzy */;
			targetProxy = 00E356F41AD99517003FC87E /* PBXContainerItemProxy */;
		};
/* End PBXTargetDependency section */

/* Begin XCBuildConfiguration section */
		00E356F61AD99517003FC87E /* Debug */ = {
			isa = XCBuildConfiguration;
			baseConfigurationReference = 5B7EB9410499542E8C5724F5 /* Pods-quizzy-quizzyTests.debug.xcconfig */;
			buildSettings = {
				BUNDLE_LOADER = "$(TEST_HOST)";
				GCC_PREPROCESSOR_DEFINITIONS = (
					"DEBUG=1",
					"$(inherited)",
				);
				INFOPLIST_FILE = quizzyTests/Info.plist;
				IPHONEOS_DEPLOYMENT_TARGET = 13.4;
				LD_RUNPATH_SEARCH_PATHS = (
					"$(inherited)",
					"@executable_path/Frameworks",
					"@loader_path/Frameworks",
				);
				OTHER_LDFLAGS = (
					"-ObjC",
					"-lc++",
					"$(inherited)",
				);
				PRODUCT_BUNDLE_IDENTIFIER = "org.reactjs.native.example.$(PRODUCT_NAME:rfc1034identifier)";
				PRODUCT_NAME = "$(TARGET_NAME)";
				TEST_HOST = "$(BUILT_PRODUCTS_DIR)/quizzy.app/quizzy";
			};
			name = Debug;
		};
		00E356F71AD99517003FC87E /* Release */ = {
			isa = XCBuildConfiguration;
			baseConfigurationReference = 89C6BE57DB24E9ADA2F236DE /* Pods-quizzy-quizzyTests.release.xcconfig */;
			buildSettings = {
				BUNDLE_LOADER = "$(TEST_HOST)";
				COPY_PHASE_STRIP = NO;
				INFOPLIST_FILE = quizzyTests/Info.plist;
				IPHONEOS_DEPLOYMENT_TARGET = 13.4;
				LD_RUNPATH_SEARCH_PATHS = (
					"$(inherited)",
					"@executable_path/Frameworks",
					"@loader_path/Frameworks",
				);
				OTHER_LDFLAGS = (
					"-ObjC",
					"-lc++",
					"$(inherited)",
				);
				PRODUCT_BUNDLE_IDENTIFIER = "org.reactjs.native.example.$(PRODUCT_NAME:rfc1034identifier)";
				PRODUCT_NAME = "$(TARGET_NAME)";
				TEST_HOST = "$(BUILT_PRODUCTS_DIR)/quizzy.app/quizzy";
			};
			name = Release;
		};
		13B07F941A680F5B00A75B9A /* Debug */ = {
			isa = XCBuildConfiguration;
			baseConfigurationReference = 3B4392A12AC88292D35C810B /* Pods-quizzy.debug.xcconfig */;
			buildSettings = {
				ASSETCATALOG_COMPILER_APPICON_NAME = AppIcon;
				CLANG_ENABLE_MODULES = YES;
				CURRENT_PROJECT_VERSION = 1;
				ENABLE_BITCODE = NO;
				INFOPLIST_FILE = quizzy/Info.plist;
				LD_RUNPATH_SEARCH_PATHS = (
					"$(inherited)",
					"@executable_path/Frameworks",
				);
				MARKETING_VERSION = 1.0;
				OTHER_LDFLAGS = (
					"$(inherited)",
					"-ObjC",
					"-lc++",
				);
				PRODUCT_BUNDLE_IDENTIFIER = "org.reactjs.native.example.$(PRODUCT_NAME:rfc1034identifier)";
				PRODUCT_NAME = quizzy;
				SWIFT_OPTIMIZATION_LEVEL = "-Onone";
				SWIFT_VERSION = 5.0;
				VERSIONING_SYSTEM = "apple-generic";
			};
			name = Debug;
		};
		13B07F951A680F5B00A75B9A /* Release */ = {
			isa = XCBuildConfiguration;
			baseConfigurationReference = 5709B34CF0A7D63546082F79 /* Pods-quizzy.release.xcconfig */;
			buildSettings = {
				ASSETCATALOG_COMPILER_APPICON_NAME = AppIcon;
				CLANG_ENABLE_MODULES = YES;
				CURRENT_PROJECT_VERSION = 1;
				INFOPLIST_FILE = quizzy/Info.plist;
				LD_RUNPATH_SEARCH_PATHS = (
					"$(inherited)",
					"@executable_path/Frameworks",
				);
				MARKETING_VERSION = 1.0;
				OTHER_LDFLAGS = (
					"$(inherited)",
					"-ObjC",
					"-lc++",
				);
				PRODUCT_BUNDLE_IDENTIFIER = "org.reactjs.native.example.$(PRODUCT_NAME:rfc1034identifier)";
				PRODUCT_NAME = quizzy;
				SWIFT_VERSION = 5.0;
				VERSIONING_SYSTEM = "apple-generic";
			};
			name = Release;
		};
		83CBBA201A601CBA00E9B192 /* Debug */ = {
			isa = XCBuildConfiguration;
			buildSettings = {
				ALWAYS_SEARCH_USER_PATHS = NO;
				CLANG_ANALYZER_LOCALIZABILITY_NONLOCALIZED = YES;
				CLANG_CXX_LANGUAGE_STANDARD = "c++20";
				CLANG_CXX_LIBRARY = "libc++";
				CLANG_ENABLE_MODULES = YES;
				CLANG_ENABLE_OBJC_ARC = YES;
				CLANG_WARN_BLOCK_CAPTURE_AUTORELEASING = YES;
				CLANG_WARN_BOOL_CONVERSION = YES;
				CLANG_WARN_COMMA = YES;
				CLANG_WARN_CONSTANT_CONVERSION = YES;
				CLANG_WARN_DEPRECATED_OBJC_IMPLEMENTATIONS = YES;
				CLANG_WARN_DIRECT_OBJC_ISA_USAGE = YES_ERROR;
				CLANG_WARN_EMPTY_BODY = YES;
				CLANG_WARN_ENUM_CONVERSION = YES;
				CLANG_WARN_INFINITE_RECURSION = YES;
				CLANG_WARN_INT_CONVERSION = YES;
				CLANG_WARN_NON_LITERAL_NULL_CONVERSION = YES;
				CLANG_WARN_OBJC_IMPLICIT_RETAIN_SELF = YES;
				CLANG_WARN_OBJC_LITERAL_CONVERSION = YES;
				CLANG_WARN_OBJC_ROOT_CLASS = YES_ERROR;
				CLANG_WARN_QUOTED_INCLUDE_IN_FRAMEWORK_HEADER = YES;
				CLANG_WARN_RANGE_LOOP_ANALYSIS = YES;
				CLANG_WARN_STRICT_PROTOTYPES = YES;
				CLANG_WARN_SUSPICIOUS_MOVE = YES;
				CLANG_WARN_UNREACHABLE_CODE = YES;
				CLANG_WARN__DUPLICATE_METHOD_MATCH = YES;
				"CODE_SIGN_IDENTITY[sdk=iphoneos*]" = "iPhone Developer";
				COPY_PHASE_STRIP = NO;
				ENABLE_STRICT_OBJC_MSGSEND = YES;
				ENABLE_TESTABILITY = YES;
				"EXCLUDED_ARCHS[sdk=iphonesimulator*]" = "";
				GCC_C_LANGUAGE_STANDARD = gnu99;
				GCC_DYNAMIC_NO_PIC = NO;
				GCC_NO_COMMON_BLOCKS = YES;
				GCC_OPTIMIZATION_LEVEL = 0;
				GCC_PREPROCESSOR_DEFINITIONS = (
					"DEBUG=1",
					"$(inherited)",
				);
				GCC_SYMBOLS_PRIVATE_EXTERN = NO;
				GCC_WARN_64_TO_32_BIT_CONVERSION = YES;
				GCC_WARN_ABOUT_RETURN_TYPE = YES_ERROR;
				GCC_WARN_UNDECLARED_SELECTOR = YES;
				GCC_WARN_UNINITIALIZED_AUTOS = YES_AGGRESSIVE;
				GCC_WARN_UNUSED_FUNCTION = YES;
				GCC_WARN_UNUSED_VARIABLE = YES;
				IPHONEOS_DEPLOYMENT_TARGET = 13.4;
				LD_RUNPATH_SEARCH_PATHS = (
					/usr/lib/swift,
					"$(inherited)",
				);
				LIBRARY_SEARCH_PATHS = (
					"\"$(SDKROOT)/usr/lib/swift\"",
					"\"$(TOOLCHAIN_DIR)/usr/lib/swift/$(PLATFORM_NAME)\"",
					"\"$(inherited)\"",
				);
				MTL_ENABLE_DEBUG_INFO = YES;
				ONLY_ACTIVE_ARCH = YES;
				OTHER_CPLUSPLUSFLAGS = (
					"$(OTHER_CFLAGS)",
					"-DFOLLY_NO_CONFIG",
					"-DFOLLY_MOBILE=1",
					"-DFOLLY_USE_LIBCPP=1",
					"-DFOLLY_CFG_NO_COROUTINES=1",
				);
				SDKROOT = iphoneos;
			};
			name = Debug;
		};
		83CBBA211A601CBA00E9B192 /* Release */ = {
			isa = XCBuildConfiguration;
			buildSettings = {
				ALWAYS_SEARCH_USER_PATHS = NO;
				CLANG_ANALYZER_LOCALIZABILITY_NONLOCALIZED = YES;
				CLANG_CXX_LANGUAGE_STANDARD = "c++20";
				CLANG_CXX_LIBRARY = "libc++";
				CLANG_ENABLE_MODULES = YES;
				CLANG_ENABLE_OBJC_ARC = YES;
				CLANG_WARN_BLOCK_CAPTURE_AUTORELEASING = YES;
				CLANG_WARN_BOOL_CONVERSION = YES;
				CLANG_WARN_COMMA = YES;
				CLANG_WARN_CONSTANT_CONVERSION = YES;
				CLANG_WARN_DEPRECATED_OBJC_IMPLEMENTATIONS = YES;
				CLANG_WARN_DIRECT_OBJC_ISA_USAGE = YES_ERROR;
				CLANG_WARN_EMPTY_BODY = YES;
				CLANG_WARN_ENUM_CONVERSION = YES;
				CLANG_WARN_INFINITE_RECURSION = YES;
				CLANG_WARN_INT_CONVERSION = YES;
				CLANG_WARN_NON_LITERAL_NULL_CONVERSION = YES;
				CLANG_WARN_OBJC_IMPLICIT_RETAIN_SELF = YES;
				CLANG_WARN_OBJC_LITERAL_CONVERSION = YES;
				CLANG_WARN_OBJC_ROOT_CLASS = YES_ERROR;
				CLANG_WARN_QUOTED_INCLUDE_IN_FRAMEWORK_HEADER = YES;
				CLANG_WARN_RANGE_LOOP_ANALYSIS = YES;
				CLANG_WARN_STRICT_PROTOTYPES = YES;
				CLANG_WARN_SUSPICIOUS_MOVE = YES;
				CLANG_WARN_UNREACHABLE_CODE = YES;
				CLANG_WARN__DUPLICATE_METHOD_MATCH = YES;
				"CODE_SIGN_IDENTITY[sdk=iphoneos*]" = "iPhone Developer";
				COPY_PHASE_STRIP = YES;
				ENABLE_NS_ASSERTIONS = NO;
				ENABLE_STRICT_OBJC_MSGSEND = YES;
				"EXCLUDED_ARCHS[sdk=iphonesimulator*]" = "";
				GCC_C_LANGUAGE_STANDARD = gnu99;
				GCC_NO_COMMON_BLOCKS = YES;
				GCC_WARN_64_TO_32_BIT_CONVERSION = YES;
				GCC_WARN_ABOUT_RETURN_TYPE = YES_ERROR;
				GCC_WARN_UNDECLARED_SELECTOR = YES;
				GCC_WARN_UNINITIALIZED_AUTOS = YES_AGGRESSIVE;
				GCC_WARN_UNUSED_FUNCTION = YES;
				GCC_WARN_UNUSED_VARIABLE = YES;
				IPHONEOS_DEPLOYMENT_TARGET = 13.4;
				LD_RUNPATH_SEARCH_PATHS = (
					/usr/lib/swift,
					"$(inherited)",
				);
				LIBRARY_SEARCH_PATHS = (
					"\"$(SDKROOT)/usr/lib/swift\"",
					"\"$(TOOLCHAIN_DIR)/usr/lib/swift/$(PLATFORM_NAME)\"",
					"\"$(inherited)\"",
				);
				MTL_ENABLE_DEBUG_INFO = NO;
				OTHER_CPLUSPLUSFLAGS = (
					"$(OTHER_CFLAGS)",
					"-DFOLLY_NO_CONFIG",
					"-DFOLLY_MOBILE=1",
					"-DFOLLY_USE_LIBCPP=1",
					"-DFOLLY_CFG_NO_COROUTINES=1",
				);
				SDKROOT = iphoneos;
				VALIDATE_PRODUCT = YES;
			};
			name = Release;
		};
/* End XCBuildConfiguration section */

/* Begin XCConfigurationList section */
		00E357021AD99517003FC87E /* Build configuration list for PBXNativeTarget "quizzyTests" */ = {
			isa = XCConfigurationList;
			buildConfigurations = (
				00E356F61AD99517003FC87E /* Debug */,
				00E356F71AD99517003FC87E /* Release */,
			);
			defaultConfigurationIsVisible = 0;
			defaultConfigurationName = Release;
		};
		13B07F931A680F5B00A75B9A /* Build configuration list for PBXNativeTarget "quizzy" */ = {
			isa = XCConfigurationList;
			buildConfigurations = (
				13B07F941A680F5B00A75B9A /* Debug */,
				13B07F951A680F5B00A75B9A /* Release */,
			);
			defaultConfigurationIsVisible = 0;
			defaultConfigurationName = Release;
		};
		83CBB9FA1A601CBA00E9B192 /* Build configuration list for PBXProject "quizzy" */ = {
			isa = XCConfigurationList;
			buildConfigurations = (
				83CBBA201A601CBA00E9B192 /* Debug */,
				83CBBA211A601CBA00E9B192 /* Release */,
			);
			defaultConfigurationIsVisible = 0;
			defaultConfigurationName = Release;
		};
/* End XCConfigurationList section */
	};
	rootObject = 83CBB9F71A601CBA00E9B192 /* Project object */;
}
