// !$*UTF8*$!
{
	archiveVersion = 1;
	classes = {
	};
	objectVersion = 54;
	objects = {

/* Begin PBXBuildFile section */
		00E356F31AD99517003FC87E /* quizzyTests.m in Sources */ = {isa = PBXBuildFile; fileRef = 00E356F21AD99517003FC87E /* quizzyTests.m */; };
		0C80B921A6F3F58F76C31292 /* libPods-quizzy.a in Frameworks */ = {isa = PBXBuildFile; fileRef = 5DCACB8F33CDC322A6C60F78 /* libPods-quizzy.a */; };
		13B07FBC1A68108700A75B9A /* AppDelegate.mm in Sources */ = {isa = PBXBuildFile; fileRef = 13B07FB01A68108700A75B9A /* AppDelegate.mm */; };
		13B07FBF1A68108700A75B9A /* Images.xcassets in Resources */ = {isa = PBXBuildFile; fileRef = 13B07FB51A68108700A75B9A /* Images.xcassets */; };
		13B07FC11A68108700A75B9A /* main.m in Sources */ = {isa = PBXBuildFile; fileRef = 13B07FB71A68108700A75B9A /* main.m */; };
		7699B88040F8A987B510C191 /* libPods-quizzy-quizzyTests.a in Frameworks */ = {isa = PBXBuildFile; fileRef = 19F6CBCC0A4E27FBF8BF4A61 /* libPods-quizzy-quizzyTests.a */; };
		81AB9BB82411601600AC10FF /* LaunchScreen.storyboard in Resources */ = {isa = PBXBuildFile; fileRef = 81AB9BB72411601600AC10FF /* LaunchScreen.storyboard */; };
		AD464D9FD1464439935547A1 /* AlbertSans-Black.ttf in Resources */ = {isa = PBXBuildFile; fileRef = E063CFFE9A3A4C488D2A5B6A /* AlbertSans-Black.ttf */; };
		E69A7161F037405A8C17D666 /* AlbertSans-BlackItalic.ttf in Resources */ = {isa = PBXBuildFile; fileRef = 66D29645C80C45049D3C30D7 /* AlbertSans-BlackItalic.ttf */; };
		C60C9F8F86354E7CA677F08D /* AlbertSans-Bold.ttf in Resources */ = {isa = PBXBuildFile; fileRef = 9FDD66B812FA44D7B0D56F32 /* AlbertSans-Bold.ttf */; };
		581D66F5E44E4B9F9406953F /* AlbertSans-BoldItalic.ttf in Resources */ = {isa = PBXBuildFile; fileRef = 4EA76DD7879F4879BD079D8D /* AlbertSans-BoldItalic.ttf */; };
		A1865E1F4F1F4AFD83A4D1DC /* AlbertSans-ExtraBold.ttf in Resources */ = {isa = PBXBuildFile; fileRef = 5B26082CC1934B3E95F864E4 /* AlbertSans-ExtraBold.ttf */; };
		23B11A35A23C4A389D4F0674 /* AlbertSans-ExtraBoldItalic.ttf in Resources */ = {isa = PBXBuildFile; fileRef = B35938D8F54F492FB9B41E06 /* AlbertSans-ExtraBoldItalic.ttf */; };
		4B032FE92A004F9CBADA27DA /* AlbertSans-ExtraLight.ttf in Resources */ = {isa = PBXBuildFile; fileRef = F562AECEDEFF426FACDC1F40 /* AlbertSans-ExtraLight.ttf */; };
		B18DEC833E2F4C89AE255C93 /* AlbertSans-ExtraLightItalic.ttf in Resources */ = {isa = PBXBuildFile; fileRef = 65B319B56ED443E5AE4F3D3C /* AlbertSans-ExtraLightItalic.ttf */; };
		BB420F484D3C4BDF9006B91E /* AlbertSans-Italic.ttf in Resources */ = {isa = PBXBuildFile; fileRef = 9A8B17546CD047ADAC37915F /* AlbertSans-Italic.ttf */; };
		43F00F042C1A45DE880ED649 /* AlbertSans-Light.ttf in Resources */ = {isa = PBXBuildFile; fileRef = FBDFEB2A066F408B85F5C0C1 /* AlbertSans-Light.ttf */; };
		0787996E8B594B10B3EB520B /* AlbertSans-LightItalic.ttf in Resources */ = {isa = PBXBuildFile; fileRef = E4DF8D1D856F4701AA45FE28 /* AlbertSans-LightItalic.ttf */; };
		BE9E6021BF5B4E88BEDDF44F /* AlbertSans-Medium.ttf in Resources */ = {isa = PBXBuildFile; fileRef = 8CE01EA5309248D19580DC87 /* AlbertSans-Medium.ttf */; };
		8F6C0A7DC4B34D44A5141A9E /* AlbertSans-MediumItalic.ttf in Resources */ = {isa = PBXBuildFile; fileRef = A0C46DFA95FE47B2A5BAC145 /* AlbertSans-MediumItalic.ttf */; };
		2EB002A313CB418CBF8B5B20 /* AlbertSans-Regular.ttf in Resources */ = {isa = PBXBuildFile; fileRef = 24FC88C302824646B281910E /* AlbertSans-Regular.ttf */; };
		E1612C880F6042ABAE9DA190 /* AlbertSans-SemiBold.ttf in Resources */ = {isa = PBXBuildFile; fileRef = 0B56FC70B0774E13AB8ED2B9 /* AlbertSans-SemiBold.ttf */; };
		5C54DFCACA3A41728B18000E /* AlbertSans-SemiBoldItalic.ttf in Resources */ = {isa = PBXBuildFile; fileRef = 076C40688FA94B15A0B16AA2 /* AlbertSans-SemiBoldItalic.ttf */; };
		39322151957242A1B6C2C354 /* AlbertSans-Thin.ttf in Resources */ = {isa = PBXBuildFile; fileRef = 07872ED5DB534C9982CFF272 /* AlbertSans-Thin.ttf */; };
		35F7C1A78D1F41EBA7FDEF9E /* AlbertSans-ThinItalic.ttf in Resources */ = {isa = PBXBuildFile; fileRef = 7ACD57FECD844EF3834C7BBE /* AlbertSans-ThinItalic.ttf */; };
		DECC294BA07849A2A2F9CEE5 /* Montserrat-Black.ttf in Resources */ = {isa = PBXBuildFile; fileRef = 1AF512854CD5401AB1BF3610 /* Montserrat-Black.ttf */; };
		50BBA213AB4D440BA840FC5B /* Montserrat-BlackItalic.ttf in Resources */ = {isa = PBXBuildFile; fileRef = 8139BA978DA840F29C2B5B6E /* Montserrat-BlackItalic.ttf */; };
		37B294B606824F93BCE0F4FA /* Montserrat-Bold.ttf in Resources */ = {isa = PBXBuildFile; fileRef = FA1A120B6B504BB8B2A23B89 /* Montserrat-Bold.ttf */; };
		7B794F39A6F542C491F8EC7B /* Montserrat-BoldItalic.ttf in Resources */ = {isa = PBXBuildFile; fileRef = 42BACC93F5074AE3ABBBCDB7 /* Montserrat-BoldItalic.ttf */; };
		2557DB0A01074974BEB8D9D4 /* Montserrat-ExtraBold.ttf in Resources */ = {isa = PBXBuildFile; fileRef = 34192674C20844FA90A92754 /* Montserrat-ExtraBold.ttf */; };
		84B415DEC1204BE6AD052D50 /* Montserrat-ExtraBoldItalic.ttf in Resources */ = {isa = PBXBuildFile; fileRef = FB5ADA9EF774465C816A202E /* Montserrat-ExtraBoldItalic.ttf */; };
		6248B17D23FA437BBA97120E /* Montserrat-ExtraLight.ttf in Resources */ = {isa = PBXBuildFile; fileRef = 238AD57083CD4F0893240F35 /* Montserrat-ExtraLight.ttf */; };
		EAA9967782DD41E386CDDFC8 /* Montserrat-ExtraLightItalic.ttf in Resources */ = {isa = PBXBuildFile; fileRef = 67BFA9FB8DA345DB839E1369 /* Montserrat-ExtraLightItalic.ttf */; };
		2A1F4F5F96964A8F95B28049 /* Montserrat-Italic.ttf in Resources */ = {isa = PBXBuildFile; fileRef = C5DC2342E54848C5BA7BB16D /* Montserrat-Italic.ttf */; };
		88C3DD235FFC461A8E6F1A71 /* Montserrat-Light.ttf in Resources */ = {isa = PBXBuildFile; fileRef = 144981C762524B5CB3D991B5 /* Montserrat-Light.ttf */; };
		D5081459341E46D0906BB9E2 /* Montserrat-LightItalic.ttf in Resources */ = {isa = PBXBuildFile; fileRef = A54ACD4A10B24D59AFA8F6AC /* Montserrat-LightItalic.ttf */; };
		6334D60BD5CF4F2FA648F689 /* Montserrat-Medium.ttf in Resources */ = {isa = PBXBuildFile; fileRef = 32C96907FCC4478E887240F2 /* Montserrat-Medium.ttf */; };
		5D2EB350E8EF4B61AC4FBDA1 /* Montserrat-MediumItalic.ttf in Resources */ = {isa = PBXBuildFile; fileRef = E90C9ECBFE744A6180D0A5F4 /* Montserrat-MediumItalic.ttf */; };
		10F65296BC9147BA8A2EE4D8 /* Montserrat-Regular.ttf in Resources */ = {isa = PBXBuildFile; fileRef = AEFAC8E260C24896958D0684 /* Montserrat-Regular.ttf */; };
		E9B18A9065DB40CCA8973684 /* Montserrat-SemiBold.ttf in Resources */ = {isa = PBXBuildFile; fileRef = 0194B192539F42E0BF95FC0A /* Montserrat-SemiBold.ttf */; };
		F6EAB96B80274775AEE9A88D /* Montserrat-SemiBoldItalic.ttf in Resources */ = {isa = PBXBuildFile; fileRef = 8DDCE77EB4DB467C8E40D587 /* Montserrat-SemiBoldItalic.ttf */; };
		625244AEA1F4439AB81A126F /* Montserrat-Thin.ttf in Resources */ = {isa = PBXBuildFile; fileRef = BBD9505ECC094A909879FFC8 /* Montserrat-Thin.ttf */; };
		17FA8742A3C24F34AAAB9140 /* Montserrat-ThinItalic.ttf in Resources */ = {isa = PBXBuildFile; fileRef = 7F3FAFD207984EFB96ED058F /* Montserrat-ThinItalic.ttf */; };
		88E42B91A64047DB99B71FE3 /* NotoSans-Regular.ttf in Resources */ = {isa = PBXBuildFile; fileRef = 535BBA04DC604881A2790F68 /* NotoSans-Regular.ttf */; };
		934F251849E94B3FB36DC425 /* Poppins-Black.ttf in Resources */ = {isa = PBXBuildFile; fileRef = CE4BA95DDED144C18CDCDD1B /* Poppins-Black.ttf */; };
		DBD5136B712540C882813552 /* Poppins-BlackItalic.ttf in Resources */ = {isa = PBXBuildFile; fileRef = 0F9E83D933DD44308F846466 /* Poppins-BlackItalic.ttf */; };
		29DF9012857F4B53AEFBD10E /* Poppins-Bold.ttf in Resources */ = {isa = PBXBuildFile; fileRef = 509CF3C02C43410D8FCB7E93 /* Poppins-Bold.ttf */; };
		957EDC295B4C4F728871B7B9 /* Poppins-BoldItalic.ttf in Resources */ = {isa = PBXBuildFile; fileRef = 2997774D2FC54475B4988386 /* Poppins-BoldItalic.ttf */; };
		8ED0E980DEDC4A4C92C160C2 /* Poppins-ExtraBold.ttf in Resources */ = {isa = PBXBuildFile; fileRef = 00343C8A3F3D44848FB5F7C8 /* Poppins-ExtraBold.ttf */; };
		F441C93018C241F78DDFBBDD /* Poppins-ExtraBoldItalic.ttf in Resources */ = {isa = PBXBuildFile; fileRef = 9D48562596CE4986BEB31EF4 /* Poppins-ExtraBoldItalic.ttf */; };
		6A60DE8DBF874DAEB52B601D /* Poppins-Italic.ttf in Resources */ = {isa = PBXBuildFile; fileRef = 645C1B32AE504166A9E8B337 /* Poppins-Italic.ttf */; };
		A8E86EAA0C624FB3ADE76F1D /* Poppins-Medium.ttf in Resources */ = {isa = PBXBuildFile; fileRef = 865C4D234F2A4D3399BBB23B /* Poppins-Medium.ttf */; };
		C356A2E1F0DC4853A1246485 /* Poppins-MediumItalic.ttf in Resources */ = {isa = PBXBuildFile; fileRef = 6F59B3946B4548F9804523FB /* Poppins-MediumItalic.ttf */; };
		276AD969536347C1B2A47A63 /* Poppins-Regular.ttf in Resources */ = {isa = PBXBuildFile; fileRef = 3E794B0D54704B16B74AB780 /* Poppins-Regular.ttf */; };
		526D914088CF43038B329300 /* Poppins-SemiBold.ttf in Resources */ = {isa = PBXBuildFile; fileRef = FC64E4DAA6F249DEBFD4C5FF /* Poppins-SemiBold.ttf */; };
		F8DE5F2FD5C04C3BB7B7D27A /* Poppins-SemiBoldItalic.ttf in Resources */ = {isa = PBXBuildFile; fileRef = 0A51FCDC496E49F9ABDA38DF /* Poppins-SemiBoldItalic.ttf */; };
		77B8C7E353E5412B8A5DFD1A /* Poppins-Thin.ttf in Resources */ = {isa = PBXBuildFile; fileRef = C515AB3510A04CFCB59768F9 /* Poppins-Thin.ttf */; };
		72886AFBEEF3462499777E95 /* Poppins-ThinItalic.ttf in Resources */ = {isa = PBXBuildFile; fileRef = 521A805B1AE047668273C319 /* Poppins-ThinItalic.ttf */; };
		D8F709ED558747A799CB115D /* Roboto-Bold.ttf in Resources */ = {isa = PBXBuildFile; fileRef = CFB22A5224B44007A64FAC91 /* Roboto-Bold.ttf */; };
		36F57EF846614995B75D0E2B /* Roboto-Light.ttf in Resources */ = {isa = PBXBuildFile; fileRef = C06F8B7787E94884BC0B8B1B /* Roboto-Light.ttf */; };
		8BC8001385AE464F9EEC2411 /* Roboto-Medium.ttf in Resources */ = {isa = PBXBuildFile; fileRef = 7526B598E6D549D3BFC1BB30 /* Roboto-Medium.ttf */; };
		EE009AD6C1D04DD18ACE36A1 /* OFL.txt in Resources */ = {isa = PBXBuildFile; fileRef = A049F38B96FB4EBFBD08C55E /* OFL.txt */; };
		4483011F10FD4679B8364688 /* LICENSE.txt in Resources */ = {isa = PBXBuildFile; fileRef = C96B05AC8794454587E641BF /* LICENSE.txt */; };
/* End PBXBuildFile section */

/* Begin PBXContainerItemProxy section */
		00E356F41AD99517003FC87E /* PBXContainerItemProxy */ = {
			isa = PBXContainerItemProxy;
			containerPortal = 83CBB9F71A601CBA00E9B192 /* Project object */;
			proxyType = 1;
			remoteGlobalIDString = 13B07F861A680F5B00A75B9A;
			remoteInfo = quizzy;
		};
/* End PBXContainerItemProxy section */

/* Begin PBXFileReference section */
		00E356EE1AD99517003FC87E /* quizzyTests.xctest */ = {isa = PBXFileReference; explicitFileType = wrapper.cfbundle; includeInIndex = 0; path = quizzyTests.xctest; sourceTree = BUILT_PRODUCTS_DIR; };
		00E356F11AD99517003FC87E /* Info.plist */ = {isa = PBXFileReference; lastKnownFileType = text.plist.xml; path = Info.plist; sourceTree = "<group>"; };
		00E356F21AD99517003FC87E /* quizzyTests.m */ = {isa = PBXFileReference; lastKnownFileType = sourcecode.c.objc; path = quizzyTests.m; sourceTree = "<group>"; };
		13B07F961A680F5B00A75B9A /* quizzy.app */ = {isa = PBXFileReference; explicitFileType = wrapper.application; includeInIndex = 0; path = quizzy.app; sourceTree = BUILT_PRODUCTS_DIR; };
		13B07FAF1A68108700A75B9A /* AppDelegate.h */ = {isa = PBXFileReference; fileEncoding = 4; lastKnownFileType = sourcecode.c.h; name = AppDelegate.h; path = quizzy/AppDelegate.h; sourceTree = "<group>"; };
		13B07FB01A68108700A75B9A /* AppDelegate.mm */ = {isa = PBXFileReference; fileEncoding = 4; lastKnownFileType = sourcecode.cpp.objcpp; name = AppDelegate.mm; path = quizzy/AppDelegate.mm; sourceTree = "<group>"; };
		13B07FB51A68108700A75B9A /* Images.xcassets */ = {isa = PBXFileReference; lastKnownFileType = folder.assetcatalog; name = Images.xcassets; path = quizzy/Images.xcassets; sourceTree = "<group>"; };
		13B07FB61A68108700A75B9A /* Info.plist */ = {isa = PBXFileReference; fileEncoding = 4; lastKnownFileType = text.plist.xml; name = Info.plist; path = quizzy/Info.plist; sourceTree = "<group>"; };
		13B07FB71A68108700A75B9A /* main.m */ = {isa = PBXFileReference; fileEncoding = 4; lastKnownFileType = sourcecode.c.objc; name = main.m; path = quizzy/main.m; sourceTree = "<group>"; };
		19F6CBCC0A4E27FBF8BF4A61 /* libPods-quizzy-quizzyTests.a */ = {isa = PBXFileReference; explicitFileType = archive.ar; includeInIndex = 0; path = "libPods-quizzy-quizzyTests.a"; sourceTree = BUILT_PRODUCTS_DIR; };
		3B4392A12AC88292D35C810B /* Pods-quizzy.debug.xcconfig */ = {isa = PBXFileReference; includeInIndex = 1; lastKnownFileType = text.xcconfig; name = "Pods-quizzy.debug.xcconfig"; path = "Target Support Files/Pods-quizzy/Pods-quizzy.debug.xcconfig"; sourceTree = "<group>"; };
		5709B34CF0A7D63546082F79 /* Pods-quizzy.release.xcconfig */ = {isa = PBXFileReference; includeInIndex = 1; lastKnownFileType = text.xcconfig; name = "Pods-quizzy.release.xcconfig"; path = "Target Support Files/Pods-quizzy/Pods-quizzy.release.xcconfig"; sourceTree = "<group>"; };
		5B7EB9410499542E8C5724F5 /* Pods-quizzy-quizzyTests.debug.xcconfig */ = {isa = PBXFileReference; includeInIndex = 1; lastKnownFileType = text.xcconfig; name = "Pods-quizzy-quizzyTests.debug.xcconfig"; path = "Target Support Files/Pods-quizzy-quizzyTests/Pods-quizzy-quizzyTests.debug.xcconfig"; sourceTree = "<group>"; };
		5DCACB8F33CDC322A6C60F78 /* libPods-quizzy.a */ = {isa = PBXFileReference; explicitFileType = archive.ar; includeInIndex = 0; path = "libPods-quizzy.a"; sourceTree = BUILT_PRODUCTS_DIR; };
		81AB9BB72411601600AC10FF /* LaunchScreen.storyboard */ = {isa = PBXFileReference; fileEncoding = 4; lastKnownFileType = file.storyboard; name = LaunchScreen.storyboard; path = quizzy/LaunchScreen.storyboard; sourceTree = "<group>"; };
		89C6BE57DB24E9ADA2F236DE /* Pods-quizzy-quizzyTests.release.xcconfig */ = {isa = PBXFileReference; includeInIndex = 1; lastKnownFileType = text.xcconfig; name = "Pods-quizzy-quizzyTests.release.xcconfig"; path = "Target Support Files/Pods-quizzy-quizzyTests/Pods-quizzy-quizzyTests.release.xcconfig"; sourceTree = "<group>"; };
		ED297162215061F000B7C4FE /* JavaScriptCore.framework */ = {isa = PBXFileReference; lastKnownFileType = wrapper.framework; name = JavaScriptCore.framework; path = System/Library/Frameworks/JavaScriptCore.framework; sourceTree = SDKROOT; };
		E063CFFE9A3A4C488D2A5B6A /* AlbertSans-Black.ttf */ = {isa = PBXFileReference; name = "AlbertSans-Black.ttf"; path = "../assets/fonts/AlbertSans/AlbertSans-Black.ttf"; sourceTree = "<group>"; fileEncoding = undefined; lastKnownFileType = unknown; explicitFileType = undefined; includeInIndex = 0; };
		66D29645C80C45049D3C30D7 /* AlbertSans-BlackItalic.ttf */ = {isa = PBXFileReference; name = "AlbertSans-BlackItalic.ttf"; path = "../assets/fonts/AlbertSans/AlbertSans-BlackItalic.ttf"; sourceTree = "<group>"; fileEncoding = undefined; lastKnownFileType = unknown; explicitFileType = undefined; includeInIndex = 0; };
		9FDD66B812FA44D7B0D56F32 /* AlbertSans-Bold.ttf */ = {isa = PBXFileReference; name = "AlbertSans-Bold.ttf"; path = "../assets/fonts/AlbertSans/AlbertSans-Bold.ttf"; sourceTree = "<group>"; fileEncoding = undefined; lastKnownFileType = unknown; explicitFileType = undefined; includeInIndex = 0; };
		4EA76DD7879F4879BD079D8D /* AlbertSans-BoldItalic.ttf */ = {isa = PBXFileReference; name = "AlbertSans-BoldItalic.ttf"; path = "../assets/fonts/AlbertSans/AlbertSans-BoldItalic.ttf"; sourceTree = "<group>"; fileEncoding = undefined; lastKnownFileType = unknown; explicitFileType = undefined; includeInIndex = 0; };
		5B26082CC1934B3E95F864E4 /* AlbertSans-ExtraBold.ttf */ = {isa = PBXFileReference; name = "AlbertSans-ExtraBold.ttf"; path = "../assets/fonts/AlbertSans/AlbertSans-ExtraBold.ttf"; sourceTree = "<group>"; fileEncoding = undefined; lastKnownFileType = unknown; explicitFileType = undefined; includeInIndex = 0; };
		B35938D8F54F492FB9B41E06 /* AlbertSans-ExtraBoldItalic.ttf */ = {isa = PBXFileReference; name = "AlbertSans-ExtraBoldItalic.ttf"; path = "../assets/fonts/AlbertSans/AlbertSans-ExtraBoldItalic.ttf"; sourceTree = "<group>"; fileEncoding = undefined; lastKnownFileType = unknown; explicitFileType = undefined; includeInIndex = 0; };
		F562AECEDEFF426FACDC1F40 /* AlbertSans-ExtraLight.ttf */ = {isa = PBXFileReference; name = "AlbertSans-ExtraLight.ttf"; path = "../assets/fonts/AlbertSans/AlbertSans-ExtraLight.ttf"; sourceTree = "<group>"; fileEncoding = undefined; lastKnownFileType = unknown; explicitFileType = undefined; includeInIndex = 0; };
		65B319B56ED443E5AE4F3D3C /* AlbertSans-ExtraLightItalic.ttf */ = {isa = PBXFileReference; name = "AlbertSans-ExtraLightItalic.ttf"; path = "../assets/fonts/AlbertSans/AlbertSans-ExtraLightItalic.ttf"; sourceTree = "<group>"; fileEncoding = undefined; lastKnownFileType = unknown; explicitFileType = undefined; includeInIndex = 0; };
		9A8B17546CD047ADAC37915F /* AlbertSans-Italic.ttf */ = {isa = PBXFileReference; name = "AlbertSans-Italic.ttf"; path = "../assets/fonts/AlbertSans/AlbertSans-Italic.ttf"; sourceTree = "<group>"; fileEncoding = undefined; lastKnownFileType = unknown; explicitFileType = undefined; includeInIndex = 0; };
		FBDFEB2A066F408B85F5C0C1 /* AlbertSans-Light.ttf */ = {isa = PBXFileReference; name = "AlbertSans-Light.ttf"; path = "../assets/fonts/AlbertSans/AlbertSans-Light.ttf"; sourceTree = "<group>"; fileEncoding = undefined; lastKnownFileType = unknown; explicitFileType = undefined; includeInIndex = 0; };
		E4DF8D1D856F4701AA45FE28 /* AlbertSans-LightItalic.ttf */ = {isa = PBXFileReference; name = "AlbertSans-LightItalic.ttf"; path = "../assets/fonts/AlbertSans/AlbertSans-LightItalic.ttf"; sourceTree = "<group>"; fileEncoding = undefined; lastKnownFileType = unknown; explicitFileType = undefined; includeInIndex = 0; };
		8CE01EA5309248D19580DC87 /* AlbertSans-Medium.ttf */ = {isa = PBXFileReference; name = "AlbertSans-Medium.ttf"; path = "../assets/fonts/AlbertSans/AlbertSans-Medium.ttf"; sourceTree = "<group>"; fileEncoding = undefined; lastKnownFileType = unknown; explicitFileType = undefined; includeInIndex = 0; };
		A0C46DFA95FE47B2A5BAC145 /* AlbertSans-MediumItalic.ttf */ = {isa = PBXFileReference; name = "AlbertSans-MediumItalic.ttf"; path = "../assets/fonts/AlbertSans/AlbertSans-MediumItalic.ttf"; sourceTree = "<group>"; fileEncoding = undefined; lastKnownFileType = unknown; explicitFileType = undefined; includeInIndex = 0; };
		24FC88C302824646B281910E /* AlbertSans-Regular.ttf */ = {isa = PBXFileReference; name = "AlbertSans-Regular.ttf"; path = "../assets/fonts/AlbertSans/AlbertSans-Regular.ttf"; sourceTree = "<group>"; fileEncoding = undefined; lastKnownFileType = unknown; explicitFileType = undefined; includeInIndex = 0; };
		0B56FC70B0774E13AB8ED2B9 /* AlbertSans-SemiBold.ttf */ = {isa = PBXFileReference; name = "AlbertSans-SemiBold.ttf"; path = "../assets/fonts/AlbertSans/AlbertSans-SemiBold.ttf"; sourceTree = "<group>"; fileEncoding = undefined; lastKnownFileType = unknown; explicitFileType = undefined; includeInIndex = 0; };
		076C40688FA94B15A0B16AA2 /* AlbertSans-SemiBoldItalic.ttf */ = {isa = PBXFileReference; name = "AlbertSans-SemiBoldItalic.ttf"; path = "../assets/fonts/AlbertSans/AlbertSans-SemiBoldItalic.ttf"; sourceTree = "<group>"; fileEncoding = undefined; lastKnownFileType = unknown; explicitFileType = undefined; includeInIndex = 0; };
		07872ED5DB534C9982CFF272 /* AlbertSans-Thin.ttf */ = {isa = PBXFileReference; name = "AlbertSans-Thin.ttf"; path = "../assets/fonts/AlbertSans/AlbertSans-Thin.ttf"; sourceTree = "<group>"; fileEncoding = undefined; lastKnownFileType = unknown; explicitFileType = undefined; includeInIndex = 0; };
		7ACD57FECD844EF3834C7BBE /* AlbertSans-ThinItalic.ttf */ = {isa = PBXFileReference; name = "AlbertSans-ThinItalic.ttf"; path = "../assets/fonts/AlbertSans/AlbertSans-ThinItalic.ttf"; sourceTree = "<group>"; fileEncoding = undefined; lastKnownFileType = unknown; explicitFileType = undefined; includeInIndex = 0; };
		1AF512854CD5401AB1BF3610 /* Montserrat-Black.ttf */ = {isa = PBXFileReference; name = "Montserrat-Black.ttf"; path = "../assets/fonts/Montserrat/Montserrat-Black.ttf"; sourceTree = "<group>"; fileEncoding = undefined; lastKnownFileType = unknown; explicitFileType = undefined; includeInIndex = 0; };
		8139BA978DA840F29C2B5B6E /* Montserrat-BlackItalic.ttf */ = {isa = PBXFileReference; name = "Montserrat-BlackItalic.ttf"; path = "../assets/fonts/Montserrat/Montserrat-BlackItalic.ttf"; sourceTree = "<group>"; fileEncoding = undefined; lastKnownFileType = unknown; explicitFileType = undefined; includeInIndex = 0; };
		FA1A120B6B504BB8B2A23B89 /* Montserrat-Bold.ttf */ = {isa = PBXFileReference; name = "Montserrat-Bold.ttf"; path = "../assets/fonts/Montserrat/Montserrat-Bold.ttf"; sourceTree = "<group>"; fileEncoding = undefined; lastKnownFileType = unknown; explicitFileType = undefined; includeInIndex = 0; };
		42BACC93F5074AE3ABBBCDB7 /* Montserrat-BoldItalic.ttf */ = {isa = PBXFileReference; name = "Montserrat-BoldItalic.ttf"; path = "../assets/fonts/Montserrat/Montserrat-BoldItalic.ttf"; sourceTree = "<group>"; fileEncoding = undefined; lastKnownFileType = unknown; explicitFileType = undefined; includeInIndex = 0; };
		34192674C20844FA90A92754 /* Montserrat-ExtraBold.ttf */ = {isa = PBXFileReference; name = "Montserrat-ExtraBold.ttf"; path = "../assets/fonts/Montserrat/Montserrat-ExtraBold.ttf"; sourceTree = "<group>"; fileEncoding = undefined; lastKnownFileType = unknown; explicitFileType = undefined; includeInIndex = 0; };
		FB5ADA9EF774465C816A202E /* Montserrat-ExtraBoldItalic.ttf */ = {isa = PBXFileReference; name = "Montserrat-ExtraBoldItalic.ttf"; path = "../assets/fonts/Montserrat/Montserrat-ExtraBoldItalic.ttf"; sourceTree = "<group>"; fileEncoding = undefined; lastKnownFileType = unknown; explicitFileType = undefined; includeInIndex = 0; };
		238AD57083CD4F0893240F35 /* Montserrat-ExtraLight.ttf */ = {isa = PBXFileReference; name = "Montserrat-ExtraLight.ttf"; path = "../assets/fonts/Montserrat/Montserrat-ExtraLight.ttf"; sourceTree = "<group>"; fileEncoding = undefined; lastKnownFileType = unknown; explicitFileType = undefined; includeInIndex = 0; };
		67BFA9FB8DA345DB839E1369 /* Montserrat-ExtraLightItalic.ttf */ = {isa = PBXFileReference; name = "Montserrat-ExtraLightItalic.ttf"; path = "../assets/fonts/Montserrat/Montserrat-ExtraLightItalic.ttf"; sourceTree = "<group>"; fileEncoding = undefined; lastKnownFileType = unknown; explicitFileType = undefined; includeInIndex = 0; };
		C5DC2342E54848C5BA7BB16D /* Montserrat-Italic.ttf */ = {isa = PBXFileReference; name = "Montserrat-Italic.ttf"; path = "../assets/fonts/Montserrat/Montserrat-Italic.ttf"; sourceTree = "<group>"; fileEncoding = undefined; lastKnownFileType = unknown; explicitFileType = undefined; includeInIndex = 0; };
		144981C762524B5CB3D991B5 /* Montserrat-Light.ttf */ = {isa = PBXFileReference; name = "Montserrat-Light.ttf"; path = "../assets/fonts/Montserrat/Montserrat-Light.ttf"; sourceTree = "<group>"; fileEncoding = undefined; lastKnownFileType = unknown; explicitFileType = undefined; includeInIndex = 0; };
		A54ACD4A10B24D59AFA8F6AC /* Montserrat-LightItalic.ttf */ = {isa = PBXFileReference; name = "Montserrat-LightItalic.ttf"; path = "../assets/fonts/Montserrat/Montserrat-LightItalic.ttf"; sourceTree = "<group>"; fileEncoding = undefined; lastKnownFileType = unknown; explicitFileType = undefined; includeInIndex = 0; };
		32C96907FCC4478E887240F2 /* Montserrat-Medium.ttf */ = {isa = PBXFileReference; name = "Montserrat-Medium.ttf"; path = "../assets/fonts/Montserrat/Montserrat-Medium.ttf"; sourceTree = "<group>"; fileEncoding = undefined; lastKnownFileType = unknown; explicitFileType = undefined; includeInIndex = 0; };
		E90C9ECBFE744A6180D0A5F4 /* Montserrat-MediumItalic.ttf */ = {isa = PBXFileReference; name = "Montserrat-MediumItalic.ttf"; path = "../assets/fonts/Montserrat/Montserrat-MediumItalic.ttf"; sourceTree = "<group>"; fileEncoding = undefined; lastKnownFileType = unknown; explicitFileType = undefined; includeInIndex = 0; };
		AEFAC8E260C24896958D0684 /* Montserrat-Regular.ttf */ = {isa = PBXFileReference; name = "Montserrat-Regular.ttf"; path = "../assets/fonts/Montserrat/Montserrat-Regular.ttf"; sourceTree = "<group>"; fileEncoding = undefined; lastKnownFileType = unknown; explicitFileType = undefined; includeInIndex = 0; };
		0194B192539F42E0BF95FC0A /* Montserrat-SemiBold.ttf */ = {isa = PBXFileReference; name = "Montserrat-SemiBold.ttf"; path = "../assets/fonts/Montserrat/Montserrat-SemiBold.ttf"; sourceTree = "<group>"; fileEncoding = undefined; lastKnownFileType = unknown; explicitFileType = undefined; includeInIndex = 0; };
		8DDCE77EB4DB467C8E40D587 /* Montserrat-SemiBoldItalic.ttf */ = {isa = PBXFileReference; name = "Montserrat-SemiBoldItalic.ttf"; path = "../assets/fonts/Montserrat/Montserrat-SemiBoldItalic.ttf"; sourceTree = "<group>"; fileEncoding = undefined; lastKnownFileType = unknown; explicitFileType = undefined; includeInIndex = 0; };
		BBD9505ECC094A909879FFC8 /* Montserrat-Thin.ttf */ = {isa = PBXFileReference; name = "Montserrat-Thin.ttf"; path = "../assets/fonts/Montserrat/Montserrat-Thin.ttf"; sourceTree = "<group>"; fileEncoding = undefined; lastKnownFileType = unknown; explicitFileType = undefined; includeInIndex = 0; };
		7F3FAFD207984EFB96ED058F /* Montserrat-ThinItalic.ttf */ = {isa = PBXFileReference; name = "Montserrat-ThinItalic.ttf"; path = "../assets/fonts/Montserrat/Montserrat-ThinItalic.ttf"; sourceTree = "<group>"; fileEncoding = undefined; lastKnownFileType = unknown; explicitFileType = undefined; includeInIndex = 0; };
		535BBA04DC604881A2790F68 /* NotoSans-Regular.ttf */ = {isa = PBXFileReference; name = "NotoSans-Regular.ttf"; path = "../assets/fonts/NotoSans-Regular.ttf"; sourceTree = "<group>"; fileEncoding = undefined; lastKnownFileType = unknown; explicitFileType = undefined; includeInIndex = 0; };
		CE4BA95DDED144C18CDCDD1B /* Poppins-Black.ttf */ = {isa = PBXFileReference; name = "Poppins-Black.ttf"; path = "../assets/fonts/Poppins (1)/Poppins-Black.ttf"; sourceTree = "<group>"; fileEncoding = undefined; lastKnownFileType = unknown; explicitFileType = undefined; includeInIndex = 0; };
		0F9E83D933DD44308F846466 /* Poppins-BlackItalic.ttf */ = {isa = PBXFileReference; name = "Poppins-BlackItalic.ttf"; path = "../assets/fonts/Poppins (1)/Poppins-BlackItalic.ttf"; sourceTree = "<group>"; fileEncoding = undefined; lastKnownFileType = unknown; explicitFileType = undefined; includeInIndex = 0; };
		509CF3C02C43410D8FCB7E93 /* Poppins-Bold.ttf */ = {isa = PBXFileReference; name = "Poppins-Bold.ttf"; path = "../assets/fonts/Poppins (1)/Poppins-Bold.ttf"; sourceTree = "<group>"; fileEncoding = undefined; lastKnownFileType = unknown; explicitFileType = undefined; includeInIndex = 0; };
		2997774D2FC54475B4988386 /* Poppins-BoldItalic.ttf */ = {isa = PBXFileReference; name = "Poppins-BoldItalic.ttf"; path = "../assets/fonts/Poppins (1)/Poppins-BoldItalic.ttf"; sourceTree = "<group>"; fileEncoding = undefined; lastKnownFileType = unknown; explicitFileType = undefined; includeInIndex = 0; };
		00343C8A3F3D44848FB5F7C8 /* Poppins-ExtraBold.ttf */ = {isa = PBXFileReference; name = "Poppins-ExtraBold.ttf"; path = "../assets/fonts/Poppins (1)/Poppins-ExtraBold.ttf"; sourceTree = "<group>"; fileEncoding = undefined; lastKnownFileType = unknown; explicitFileType = undefined; includeInIndex = 0; };
		9D48562596CE4986BEB31EF4 /* Poppins-ExtraBoldItalic.ttf */ = {isa = PBXFileReference; name = "Poppins-ExtraBoldItalic.ttf"; path = "../assets/fonts/Poppins (1)/Poppins-ExtraBoldItalic.ttf"; sourceTree = "<group>"; fileEncoding = undefined; lastKnownFileType = unknown; explicitFileType = undefined; includeInIndex = 0; };
		645C1B32AE504166A9E8B337 /* Poppins-Italic.ttf */ = {isa = PBXFileReference; name = "Poppins-Italic.ttf"; path = "../assets/fonts/Poppins (1)/Poppins-Italic.ttf"; sourceTree = "<group>"; fileEncoding = undefined; lastKnownFileType = unknown; explicitFileType = undefined; includeInIndex = 0; };
		865C4D234F2A4D3399BBB23B /* Poppins-Medium.ttf */ = {isa = PBXFileReference; name = "Poppins-Medium.ttf"; path = "../assets/fonts/Poppins (1)/Poppins-Medium.ttf"; sourceTree = "<group>"; fileEncoding = undefined; lastKnownFileType = unknown; explicitFileType = undefined; includeInIndex = 0; };
		6F59B3946B4548F9804523FB /* Poppins-MediumItalic.ttf */ = {isa = PBXFileReference; name = "Poppins-MediumItalic.ttf"; path = "../assets/fonts/Poppins (1)/Poppins-MediumItalic.ttf"; sourceTree = "<group>"; fileEncoding = undefined; lastKnownFileType = unknown; explicitFileType = undefined; includeInIndex = 0; };
		3E794B0D54704B16B74AB780 /* Poppins-Regular.ttf */ = {isa = PBXFileReference; name = "Poppins-Regular.ttf"; path = "../assets/fonts/Poppins (1)/Poppins-Regular.ttf"; sourceTree = "<group>"; fileEncoding = undefined; lastKnownFileType = unknown; explicitFileType = undefined; includeInIndex = 0; };
		FC64E4DAA6F249DEBFD4C5FF /* Poppins-SemiBold.ttf */ = {isa = PBXFileReference; name = "Poppins-SemiBold.ttf"; path = "../assets/fonts/Poppins (1)/Poppins-SemiBold.ttf"; sourceTree = "<group>"; fileEncoding = undefined; lastKnownFileType = unknown; explicitFileType = undefined; includeInIndex = 0; };
		0A51FCDC496E49F9ABDA38DF /* Poppins-SemiBoldItalic.ttf */ = {isa = PBXFileReference; name = "Poppins-SemiBoldItalic.ttf"; path = "../assets/fonts/Poppins (1)/Poppins-SemiBoldItalic.ttf"; sourceTree = "<group>"; fileEncoding = undefined; lastKnownFileType = unknown; explicitFileType = undefined; includeInIndex = 0; };
		C515AB3510A04CFCB59768F9 /* Poppins-Thin.ttf */ = {isa = PBXFileReference; name = "Poppins-Thin.ttf"; path = "../assets/fonts/Poppins (1)/Poppins-Thin.ttf"; sourceTree = "<group>"; fileEncoding = undefined; lastKnownFileType = unknown; explicitFileType = undefined; includeInIndex = 0; };
		521A805B1AE047668273C319 /* Poppins-ThinItalic.ttf */ = {isa = PBXFileReference; name = "Poppins-ThinItalic.ttf"; path = "../assets/fonts/Poppins (1)/Poppins-ThinItalic.ttf"; sourceTree = "<group>"; fileEncoding = undefined; lastKnownFileType = unknown; explicitFileType = undefined; includeInIndex = 0; };
		CFB22A5224B44007A64FAC91 /* Roboto-Bold.ttf */ = {isa = PBXFileReference; name = "Roboto-Bold.ttf"; path = "../assets/fonts/Roboto/Roboto-Bold.ttf"; sourceTree = "<group>"; fileEncoding = undefined; lastKnownFileType = unknown; explicitFileType = undefined; includeInIndex = 0; };
		C06F8B7787E94884BC0B8B1B /* Roboto-Light.ttf */ = {isa = PBXFileReference; name = "Roboto-Light.ttf"; path = "../assets/fonts/Roboto/Roboto-Light.ttf"; sourceTree = "<group>"; fileEncoding = undefined; lastKnownFileType = unknown; explicitFileType = undefined; includeInIndex = 0; };
		7526B598E6D549D3BFC1BB30 /* Roboto-Medium.ttf */ = {isa = PBXFileReference; name = "Roboto-Medium.ttf"; path = "../assets/fonts/Roboto/Roboto-Medium.ttf"; sourceTree = "<group>"; fileEncoding = undefined; lastKnownFileType = unknown; explicitFileType = undefined; includeInIndex = 0; };
		A049F38B96FB4EBFBD08C55E /* OFL.txt */ = {isa = PBXFileReference; name = "OFL.txt"; path = "../assets/fonts/AlbertSans/OFL.txt"; sourceTree = "<group>"; fileEncoding = undefined; lastKnownFileType = unknown; explicitFileType = undefined; includeInIndex = 0; };
		C96B05AC8794454587E641BF /* LICENSE.txt */ = {isa = PBXFileReference; name = "LICENSE.txt"; path = "../assets/fonts/Roboto/LICENSE.txt"; sourceTree = "<group>"; fileEncoding = undefined; lastKnownFileType = unknown; explicitFileType = undefined; includeInIndex = 0; };
/* End PBXFileReference section */

/* Begin PBXFrameworksBuildPhase section */
		00E356EB1AD99517003FC87E /* Frameworks */ = {
			isa = PBXFrameworksBuildPhase;
			buildActionMask = 2147483647;
			files = (
				7699B88040F8A987B510C191 /* libPods-quizzy-quizzyTests.a in Frameworks */,
			);
			runOnlyForDeploymentPostprocessing = 0;
		};
		13B07F8C1A680F5B00A75B9A /* Frameworks */ = {
			isa = PBXFrameworksBuildPhase;
			buildActionMask = 2147483647;
			files = (
				0C80B921A6F3F58F76C31292 /* libPods-quizzy.a in Frameworks */,
			);
			runOnlyForDeploymentPostprocessing = 0;
		};
/* End PBXFrameworksBuildPhase section */

/* Begin PBXGroup section */
		00E356EF1AD99517003FC87E /* quizzyTests */ = {
			isa = PBXGroup;
			children = (
				00E356F21AD99517003FC87E /* quizzyTests.m */,
				00E356F01AD99517003FC87E /* Supporting Files */,
			);
			path = quizzyTests;
			sourceTree = "<group>";
		};
		00E356F01AD99517003FC87E /* Supporting Files */ = {
			isa = PBXGroup;
			children = (
				00E356F11AD99517003FC87E /* Info.plist */,
			);
			name = "Supporting Files";
			sourceTree = "<group>";
		};
		13B07FAE1A68108700A75B9A /* quizzy */ = {
			isa = PBXGroup;
			children = (
				13B07FAF1A68108700A75B9A /* AppDelegate.h */,
				13B07FB01A68108700A75B9A /* AppDelegate.mm */,
				13B07FB51A68108700A75B9A /* Images.xcassets */,
				13B07FB61A68108700A75B9A /* Info.plist */,
				81AB9BB72411601600AC10FF /* LaunchScreen.storyboard */,
				13B07FB71A68108700A75B9A /* main.m */,
			);
			name = quizzy;
			sourceTree = "<group>";
		};
		2D16E6871FA4F8E400B85C8A /* Frameworks */ = {
			isa = PBXGroup;
			children = (
				ED297162215061F000B7C4FE /* JavaScriptCore.framework */,
				5DCACB8F33CDC322A6C60F78 /* libPods-quizzy.a */,
				19F6CBCC0A4E27FBF8BF4A61 /* libPods-quizzy-quizzyTests.a */,
			);
			name = Frameworks;
			sourceTree = "<group>";
		};
		832341AE1AAA6A7D00B99B32 /* Libraries */ = {
			isa = PBXGroup;
			children = (
			);
			name = Libraries;
			sourceTree = "<group>";
		};
		83CBB9F61A601CBA00E9B192 = {
			isa = PBXGroup;
			children = (
				13B07FAE1A68108700A75B9A /* quizzy */,
				832341AE1AAA6A7D00B99B32 /* Libraries */,
				00E356EF1AD99517003FC87E /* quizzyTests */,
				83CBBA001A601CBA00E9B192 /* Products */,
				2D16E6871FA4F8E400B85C8A /* Frameworks */,
				BBD78D7AC51CEA395F1C20DB /* Pods */,
				E5BC1790509545178925B347 /* Resources */,
			);
			indentWidth = 2;
			sourceTree = "<group>";
			tabWidth = 2;
			usesTabs = 0;
		};
		83CBBA001A601CBA00E9B192 /* Products */ = {
			isa = PBXGroup;
			children = (
				13B07F961A680F5B00A75B9A /* quizzy.app */,
				00E356EE1AD99517003FC87E /* quizzyTests.xctest */,
			);
			name = Products;
			sourceTree = "<group>";
		};
		BBD78D7AC51CEA395F1C20DB /* Pods */ = {
			isa = PBXGroup;
			children = (
				3B4392A12AC88292D35C810B /* Pods-quizzy.debug.xcconfig */,
				5709B34CF0A7D63546082F79 /* Pods-quizzy.release.xcconfig */,
				5B7EB9410499542E8C5724F5 /* Pods-quizzy-quizzyTests.debug.xcconfig */,
				89C6BE57DB24E9ADA2F236DE /* Pods-quizzy-quizzyTests.release.xcconfig */,
			);
			path = Pods;
			sourceTree = "<group>";
		};
		E5BC1790509545178925B347 /* Resources */ = {
			isa = "PBXGroup";
			children = (
				E063CFFE9A3A4C488D2A5B6A /* AlbertSans-Black.ttf */,
				66D29645C80C45049D3C30D7 /* AlbertSans-BlackItalic.ttf */,
				9FDD66B812FA44D7B0D56F32 /* AlbertSans-Bold.ttf */,
				4EA76DD7879F4879BD079D8D /* AlbertSans-BoldItalic.ttf */,
				5B26082CC1934B3E95F864E4 /* AlbertSans-ExtraBold.ttf */,
				B35938D8F54F492FB9B41E06 /* AlbertSans-ExtraBoldItalic.ttf */,
				F562AECEDEFF426FACDC1F40 /* AlbertSans-ExtraLight.ttf */,
				65B319B56ED443E5AE4F3D3C /* AlbertSans-ExtraLightItalic.ttf */,
				9A8B17546CD047ADAC37915F /* AlbertSans-Italic.ttf */,
				FBDFEB2A066F408B85F5C0C1 /* AlbertSans-Light.ttf */,
				E4DF8D1D856F4701AA45FE28 /* AlbertSans-LightItalic.ttf */,
				8CE01EA5309248D19580DC87 /* AlbertSans-Medium.ttf */,
				A0C46DFA95FE47B2A5BAC145 /* AlbertSans-MediumItalic.ttf */,
				24FC88C302824646B281910E /* AlbertSans-Regular.ttf */,
				0B56FC70B0774E13AB8ED2B9 /* AlbertSans-SemiBold.ttf */,
				076C40688FA94B15A0B16AA2 /* AlbertSans-SemiBoldItalic.ttf */,
				07872ED5DB534C9982CFF272 /* AlbertSans-Thin.ttf */,
				7ACD57FECD844EF3834C7BBE /* AlbertSans-ThinItalic.ttf */,
				1AF512854CD5401AB1BF3610 /* Montserrat-Black.ttf */,
				8139BA978DA840F29C2B5B6E /* Montserrat-BlackItalic.ttf */,
				FA1A120B6B504BB8B2A23B89 /* Montserrat-Bold.ttf */,
				42BACC93F5074AE3ABBBCDB7 /* Montserrat-BoldItalic.ttf */,
				34192674C20844FA90A92754 /* Montserrat-ExtraBold.ttf */,
				FB5ADA9EF774465C816A202E /* Montserrat-ExtraBoldItalic.ttf */,
				238AD57083CD4F0893240F35 /* Montserrat-ExtraLight.ttf */,
				67BFA9FB8DA345DB839E1369 /* Montserrat-ExtraLightItalic.ttf */,
				C5DC2342E54848C5BA7BB16D /* Montserrat-Italic.ttf */,
				144981C762524B5CB3D991B5 /* Montserrat-Light.ttf */,
				A54ACD4A10B24D59AFA8F6AC /* Montserrat-LightItalic.ttf */,
				32C96907FCC4478E887240F2 /* Montserrat-Medium.ttf */,
				E90C9ECBFE744A6180D0A5F4 /* Montserrat-MediumItalic.ttf */,
				AEFAC8E260C24896958D0684 /* Montserrat-Regular.ttf */,
				0194B192539F42E0BF95FC0A /* Montserrat-SemiBold.ttf */,
				8DDCE77EB4DB467C8E40D587 /* Montserrat-SemiBoldItalic.ttf */,
				BBD9505ECC094A909879FFC8 /* Montserrat-Thin.ttf */,
				7F3FAFD207984EFB96ED058F /* Montserrat-ThinItalic.ttf */,
				535BBA04DC604881A2790F68 /* NotoSans-Regular.ttf */,
				CE4BA95DDED144C18CDCDD1B /* Poppins-Black.ttf */,
				0F9E83D933DD44308F846466 /* Poppins-BlackItalic.ttf */,
				509CF3C02C43410D8FCB7E93 /* Poppins-Bold.ttf */,
				2997774D2FC54475B4988386 /* Poppins-BoldItalic.ttf */,
				00343C8A3F3D44848FB5F7C8 /* Poppins-ExtraBold.ttf */,
				9D48562596CE4986BEB31EF4 /* Poppins-ExtraBoldItalic.ttf */,
				645C1B32AE504166A9E8B337 /* Poppins-Italic.ttf */,
				865C4D234F2A4D3399BBB23B /* Poppins-Medium.ttf */,
				6F59B3946B4548F9804523FB /* Poppins-MediumItalic.ttf */,
				3E794B0D54704B16B74AB780 /* Poppins-Regular.ttf */,
				FC64E4DAA6F249DEBFD4C5FF /* Poppins-SemiBold.ttf */,
				0A51FCDC496E49F9ABDA38DF /* Poppins-SemiBoldItalic.ttf */,
				C515AB3510A04CFCB59768F9 /* Poppins-Thin.ttf */,
				521A805B1AE047668273C319 /* Poppins-ThinItalic.ttf */,
				CFB22A5224B44007A64FAC91 /* Roboto-Bold.ttf */,
				C06F8B7787E94884BC0B8B1B /* Roboto-Light.ttf */,
				7526B598E6D549D3BFC1BB30 /* Roboto-Medium.ttf */,
				A049F38B96FB4EBFBD08C55E /* OFL.txt */,
				C96B05AC8794454587E641BF /* LICENSE.txt */,
			);
			name = Resources;
			sourceTree = "<group>";
			path = "";
		};
/* End PBXGroup section */

/* Begin PBXNativeTarget section */
		00E356ED1AD99517003FC87E /* quizzyTests */ = {
			isa = PBXNativeTarget;
			buildConfigurationList = 00E357021AD99517003FC87E /* Build configuration list for PBXNativeTarget "quizzyTests" */;
			buildPhases = (
				A55EABD7B0C7F3A422A6CC61 /* [CP] Check Pods Manifest.lock */,
				00E356EA1AD99517003FC87E /* Sources */,
				00E356EB1AD99517003FC87E /* Frameworks */,
				00E356EC1AD99517003FC87E /* Resources */,
				C59DA0FBD6956966B86A3779 /* [CP] Embed Pods Frameworks */,
				F6A41C54EA430FDDC6A6ED99 /* [CP] Copy Pods Resources */,
			);
			buildRules = (
			);
			dependencies = (
				00E356F51AD99517003FC87E /* PBXTargetDependency */,
			);
			name = quizzyTests;
			productName = quizzyTests;
			productReference = 00E356EE1AD99517003FC87E /* quizzyTests.xctest */;
			productType = "com.apple.product-type.bundle.unit-test";
		};
		13B07F861A680F5B00A75B9A /* quizzy */ = {
			isa = PBXNativeTarget;
			buildConfigurationList = 13B07F931A680F5B00A75B9A /* Build configuration list for PBXNativeTarget "quizzy" */;
			buildPhases = (
				C38B50BA6285516D6DCD4F65 /* [CP] Check Pods Manifest.lock */,
				13B07F871A680F5B00A75B9A /* Sources */,
				13B07F8C1A680F5B00A75B9A /* Frameworks */,
				13B07F8E1A680F5B00A75B9A /* Resources */,
				00DD1BFF1BD5951E006B06BC /* Bundle React Native code and images */,
				00EEFC60759A1932668264C0 /* [CP] Embed Pods Frameworks */,
				E235C05ADACE081382539298 /* [CP] Copy Pods Resources */,
			);
			buildRules = (
			);
			dependencies = (
			);
			name = quizzy;
			productName = quizzy;
			productReference = 13B07F961A680F5B00A75B9A /* quizzy.app */;
			productType = "com.apple.product-type.application";
		};
/* End PBXNativeTarget section */

/* Begin PBXProject section */
		83CBB9F71A601CBA00E9B192 /* Project object */ = {
			isa = PBXProject;
			attributes = {
				LastUpgradeCheck = 1210;
				TargetAttributes = {
					00E356ED1AD99517003FC87E = {
						CreatedOnToolsVersion = 6.2;
						TestTargetID = 13B07F861A680F5B00A75B9A;
					};
					13B07F861A680F5B00A75B9A = {
						LastSwiftMigration = 1120;
					};
				};
			};
			buildConfigurationList = 83CBB9FA1A601CBA00E9B192 /* Build configuration list for PBXProject "quizzy" */;
			compatibilityVersion = "Xcode 12.0";
			developmentRegion = en;
			hasScannedForEncodings = 0;
			knownRegions = (
				en,
				Base,
			);
			mainGroup = 83CBB9F61A601CBA00E9B192;
			productRefGroup = 83CBBA001A601CBA00E9B192 /* Products */;
			projectDirPath = "";
			projectRoot = "";
			targets = (
				13B07F861A680F5B00A75B9A /* quizzy */,
				00E356ED1AD99517003FC87E /* quizzyTests */,
			);
		};
/* End PBXProject section */

/* Begin PBXResourcesBuildPhase section */
		00E356EC1AD99517003FC87E /* Resources */ = {
			isa = PBXResourcesBuildPhase;
			buildActionMask = 2147483647;
			files = (
			);
			runOnlyForDeploymentPostprocessing = 0;
		};
		13B07F8E1A680F5B00A75B9A /* Resources */ = {
			isa = PBXResourcesBuildPhase;
			buildActionMask = 2147483647;
			files = (
				81AB9BB82411601600AC10FF /* LaunchScreen.storyboard in Resources */,
				13B07FBF1A68108700A75B9A /* Images.xcassets in Resources */,
				AD464D9FD1464439935547A1 /* AlbertSans-Black.ttf in Resources */,
				E69A7161F037405A8C17D666 /* AlbertSans-BlackItalic.ttf in Resources */,
				C60C9F8F86354E7CA677F08D /* AlbertSans-Bold.ttf in Resources */,
				581D66F5E44E4B9F9406953F /* AlbertSans-BoldItalic.ttf in Resources */,
				A1865E1F4F1F4AFD83A4D1DC /* AlbertSans-ExtraBold.ttf in Resources */,
				23B11A35A23C4A389D4F0674 /* AlbertSans-ExtraBoldItalic.ttf in Resources */,
				4B032FE92A004F9CBADA27DA /* AlbertSans-ExtraLight.ttf in Resources */,
				B18DEC833E2F4C89AE255C93 /* AlbertSans-ExtraLightItalic.ttf in Resources */,
				BB420F484D3C4BDF9006B91E /* AlbertSans-Italic.ttf in Resources */,
				43F00F042C1A45DE880ED649 /* AlbertSans-Light.ttf in Resources */,
				0787996E8B594B10B3EB520B /* AlbertSans-LightItalic.ttf in Resources */,
				BE9E6021BF5B4E88BEDDF44F /* AlbertSans-Medium.ttf in Resources */,
				8F6C0A7DC4B34D44A5141A9E /* AlbertSans-MediumItalic.ttf in Resources */,
				2EB002A313CB418CBF8B5B20 /* AlbertSans-Regular.ttf in Resources */,
				E1612C880F6042ABAE9DA190 /* AlbertSans-SemiBold.ttf in Resources */,
				5C54DFCACA3A41728B18000E /* AlbertSans-SemiBoldItalic.ttf in Resources */,
				39322151957242A1B6C2C354 /* AlbertSans-Thin.ttf in Resources */,
				35F7C1A78D1F41EBA7FDEF9E /* AlbertSans-ThinItalic.ttf in Resources */,
				DECC294BA07849A2A2F9CEE5 /* Montserrat-Black.ttf in Resources */,
				50BBA213AB4D440BA840FC5B /* Montserrat-BlackItalic.ttf in Resources */,
				37B294B606824F93BCE0F4FA /* Montserrat-Bold.ttf in Resources */,
				7B794F39A6F542C491F8EC7B /* Montserrat-BoldItalic.ttf in Resources */,
				2557DB0A01074974BEB8D9D4 /* Montserrat-ExtraBold.ttf in Resources */,
				84B415DEC1204BE6AD052D50 /* Montserrat-ExtraBoldItalic.ttf in Resources */,
				6248B17D23FA437BBA97120E /* Montserrat-ExtraLight.ttf in Resources */,
				EAA9967782DD41E386CDDFC8 /* Montserrat-ExtraLightItalic.ttf in Resources */,
				2A1F4F5F96964A8F95B28049 /* Montserrat-Italic.ttf in Resources */,
				88C3DD235FFC461A8E6F1A71 /* Montserrat-Light.ttf in Resources */,
				D5081459341E46D0906BB9E2 /* Montserrat-LightItalic.ttf in Resources */,
				6334D60BD5CF4F2FA648F689 /* Montserrat-Medium.ttf in Resources */,
				5D2EB350E8EF4B61AC4FBDA1 /* Montserrat-MediumItalic.ttf in Resources */,
				10F65296BC9147BA8A2EE4D8 /* Montserrat-Regular.ttf in Resources */,
				E9B18A9065DB40CCA8973684 /* Montserrat-SemiBold.ttf in Resources */,
				F6EAB96B80274775AEE9A88D /* Montserrat-SemiBoldItalic.ttf in Resources */,
				625244AEA1F4439AB81A126F /* Montserrat-Thin.ttf in Resources */,
				17FA8742A3C24F34AAAB9140 /* Montserrat-ThinItalic.ttf in Resources */,
				88E42B91A64047DB99B71FE3 /* NotoSans-Regular.ttf in Resources */,
				934F251849E94B3FB36DC425 /* Poppins-Black.ttf in Resources */,
				DBD5136B712540C882813552 /* Poppins-BlackItalic.ttf in Resources */,
				29DF9012857F4B53AEFBD10E /* Poppins-Bold.ttf in Resources */,
				957EDC295B4C4F728871B7B9 /* Poppins-BoldItalic.ttf in Resources */,
				8ED0E980DEDC4A4C92C160C2 /* Poppins-ExtraBold.ttf in Resources */,
				F441C93018C241F78DDFBBDD /* Poppins-ExtraBoldItalic.ttf in Resources */,
				6A60DE8DBF874DAEB52B601D /* Poppins-Italic.ttf in Resources */,
				A8E86EAA0C624FB3ADE76F1D /* Poppins-Medium.ttf in Resources */,
				C356A2E1F0DC4853A1246485 /* Poppins-MediumItalic.ttf in Resources */,
				276AD969536347C1B2A47A63 /* Poppins-Regular.ttf in Resources */,
				526D914088CF43038B329300 /* Poppins-SemiBold.ttf in Resources */,
				F8DE5F2FD5C04C3BB7B7D27A /* Poppins-SemiBoldItalic.ttf in Resources */,
				77B8C7E353E5412B8A5DFD1A /* Poppins-Thin.ttf in Resources */,
				72886AFBEEF3462499777E95 /* Poppins-ThinItalic.ttf in Resources */,
				D8F709ED558747A799CB115D /* Roboto-Bold.ttf in Resources */,
				36F57EF846614995B75D0E2B /* Roboto-Light.ttf in Resources */,
				8BC8001385AE464F9EEC2411 /* Roboto-Medium.ttf in Resources */,
				EE009AD6C1D04DD18ACE36A1 /* OFL.txt in Resources */,
				4483011F10FD4679B8364688 /* LICENSE.txt in Resources */,
			);
			runOnlyForDeploymentPostprocessing = 0;
		};
/* End PBXResourcesBuildPhase section */

/* Begin PBXShellScriptBuildPhase section */
		00DD1BFF1BD5951E006B06BC /* Bundle React Native code and images */ = {
			isa = PBXShellScriptBuildPhase;
			buildActionMask = 2147483647;
			files = (
			);
			inputPaths = (
				"$(SRCROOT)/.xcode.env.local",
				"$(SRCROOT)/.xcode.env",
			);
			name = "Bundle React Native code and images";
			outputPaths = (
			);
			runOnlyForDeploymentPostprocessing = 0;
			shellPath = /bin/sh;
			shellScript = "set -e\n\nWITH_ENVIRONMENT=\"../node_modules/react-native/scripts/xcode/with-environment.sh\"\nREACT_NATIVE_XCODE=\"../node_modules/react-native/scripts/react-native-xcode.sh\"\n\n/bin/sh -c \"$WITH_ENVIRONMENT $REACT_NATIVE_XCODE\"\n";
		};
		00EEFC60759A1932668264C0 /* [CP] Embed Pods Frameworks */ = {
			isa = PBXShellScriptBuildPhase;
			buildActionMask = 2147483647;
			files = (
			);
			inputFileListPaths = (
				"${PODS_ROOT}/Target Support Files/Pods-quizzy/Pods-quizzy-frameworks-${CONFIGURATION}-input-files.xcfilelist",
			);
			name = "[CP] Embed Pods Frameworks";
			outputFileListPaths = (
				"${PODS_ROOT}/Target Support Files/Pods-quizzy/Pods-quizzy-frameworks-${CONFIGURATION}-output-files.xcfilelist",
			);
			runOnlyForDeploymentPostprocessing = 0;
			shellPath = /bin/sh;
			shellScript = "\"${PODS_ROOT}/Target Support Files/Pods-quizzy/Pods-quizzy-frameworks.sh\"\n";
			showEnvVarsInLog = 0;
		};
		A55EABD7B0C7F3A422A6CC61 /* [CP] Check Pods Manifest.lock */ = {
			isa = PBXShellScriptBuildPhase;
			buildActionMask = 2147483647;
			files = (
			);
			inputFileListPaths = (
			);
			inputPaths = (
				"${PODS_PODFILE_DIR_PATH}/Podfile.lock",
				"${PODS_ROOT}/Manifest.lock",
			);
			name = "[CP] Check Pods Manifest.lock";
			outputFileListPaths = (
			);
			outputPaths = (
				"$(DERIVED_FILE_DIR)/Pods-quizzy-quizzyTests-checkManifestLockResult.txt",
			);
			runOnlyForDeploymentPostprocessing = 0;
			shellPath = /bin/sh;
			shellScript = "diff \"${PODS_PODFILE_DIR_PATH}/Podfile.lock\" \"${PODS_ROOT}/Manifest.lock\" > /dev/null\nif [ $? != 0 ] ; then\n    # print error to STDERR\n    echo \"error: The sandbox is not in sync with the Podfile.lock. Run 'pod install' or update your CocoaPods installation.\" >&2\n    exit 1\nfi\n# This output is used by Xcode 'outputs' to avoid re-running this script phase.\necho \"SUCCESS\" > \"${SCRIPT_OUTPUT_FILE_0}\"\n";
			showEnvVarsInLog = 0;
		};
		C38B50BA6285516D6DCD4F65 /* [CP] Check Pods Manifest.lock */ = {
			isa = PBXShellScriptBuildPhase;
			buildActionMask = 2147483647;
			files = (
			);
			inputFileListPaths = (
			);
			inputPaths = (
				"${PODS_PODFILE_DIR_PATH}/Podfile.lock",
				"${PODS_ROOT}/Manifest.lock",
			);
			name = "[CP] Check Pods Manifest.lock";
			outputFileListPaths = (
			);
			outputPaths = (
				"$(DERIVED_FILE_DIR)/Pods-quizzy-checkManifestLockResult.txt",
			);
			runOnlyForDeploymentPostprocessing = 0;
			shellPath = /bin/sh;
			shellScript = "diff \"${PODS_PODFILE_DIR_PATH}/Podfile.lock\" \"${PODS_ROOT}/Manifest.lock\" > /dev/null\nif [ $? != 0 ] ; then\n    # print error to STDERR\n    echo \"error: The sandbox is not in sync with the Podfile.lock. Run 'pod install' or update your CocoaPods installation.\" >&2\n    exit 1\nfi\n# This output is used by Xcode 'outputs' to avoid re-running this script phase.\necho \"SUCCESS\" > \"${SCRIPT_OUTPUT_FILE_0}\"\n";
			showEnvVarsInLog = 0;
		};
		C59DA0FBD6956966B86A3779 /* [CP] Embed Pods Frameworks */ = {
			isa = PBXShellScriptBuildPhase;
			buildActionMask = 2147483647;
			files = (
			);
			inputFileListPaths = (
				"${PODS_ROOT}/Target Support Files/Pods-quizzy-quizzyTests/Pods-quizzy-quizzyTests-frameworks-${CONFIGURATION}-input-files.xcfilelist",
			);
			name = "[CP] Embed Pods Frameworks";
			outputFileListPaths = (
				"${PODS_ROOT}/Target Support Files/Pods-quizzy-quizzyTests/Pods-quizzy-quizzyTests-frameworks-${CONFIGURATION}-output-files.xcfilelist",
			);
			runOnlyForDeploymentPostprocessing = 0;
			shellPath = /bin/sh;
			shellScript = "\"${PODS_ROOT}/Target Support Files/Pods-quizzy-quizzyTests/Pods-quizzy-quizzyTests-frameworks.sh\"\n";
			showEnvVarsInLog = 0;
		};
		E235C05ADACE081382539298 /* [CP] Copy Pods Resources */ = {
			isa = PBXShellScriptBuildPhase;
			buildActionMask = 2147483647;
			files = (
			);
			inputFileListPaths = (
				"${PODS_ROOT}/Target Support Files/Pods-quizzy/Pods-quizzy-resources-${CONFIGURATION}-input-files.xcfilelist",
			);
			name = "[CP] Copy Pods Resources";
			outputFileListPaths = (
				"${PODS_ROOT}/Target Support Files/Pods-quizzy/Pods-quizzy-resources-${CONFIGURATION}-output-files.xcfilelist",
			);
			runOnlyForDeploymentPostprocessing = 0;
			shellPath = /bin/sh;
			shellScript = "\"${PODS_ROOT}/Target Support Files/Pods-quizzy/Pods-quizzy-resources.sh\"\n";
			showEnvVarsInLog = 0;
		};
		F6A41C54EA430FDDC6A6ED99 /* [CP] Copy Pods Resources */ = {
			isa = PBXShellScriptBuildPhase;
			buildActionMask = 2147483647;
			files = (
			);
			inputFileListPaths = (
				"${PODS_ROOT}/Target Support Files/Pods-quizzy-quizzyTests/Pods-quizzy-quizzyTests-resources-${CONFIGURATION}-input-files.xcfilelist",
			);
			name = "[CP] Copy Pods Resources";
			outputFileListPaths = (
				"${PODS_ROOT}/Target Support Files/Pods-quizzy-quizzyTests/Pods-quizzy-quizzyTests-resources-${CONFIGURATION}-output-files.xcfilelist",
			);
			runOnlyForDeploymentPostprocessing = 0;
			shellPath = /bin/sh;
			shellScript = "\"${PODS_ROOT}/Target Support Files/Pods-quizzy-quizzyTests/Pods-quizzy-quizzyTests-resources.sh\"\n";
			showEnvVarsInLog = 0;
		};
/* End PBXShellScriptBuildPhase section */

/* Begin PBXSourcesBuildPhase section */
		00E356EA1AD99517003FC87E /* Sources */ = {
			isa = PBXSourcesBuildPhase;
			buildActionMask = 2147483647;
			files = (
				00E356F31AD99517003FC87E /* quizzyTests.m in Sources */,
			);
			runOnlyForDeploymentPostprocessing = 0;
		};
		13B07F871A680F5B00A75B9A /* Sources */ = {
			isa = PBXSourcesBuildPhase;
			buildActionMask = 2147483647;
			files = (
				13B07FBC1A68108700A75B9A /* AppDelegate.mm in Sources */,
				13B07FC11A68108700A75B9A /* main.m in Sources */,
			);
			runOnlyForDeploymentPostprocessing = 0;
		};
/* End PBXSourcesBuildPhase section */

/* Begin PBXTargetDependency section */
		00E356F51AD99517003FC87E /* PBXTargetDependency */ = {
			isa = PBXTargetDependency;
			target = 13B07F861A680F5B00A75B9A /* quizzy */;
			targetProxy = 00E356F41AD99517003FC87E /* PBXContainerItemProxy */;
		};
/* End PBXTargetDependency section */

/* Begin XCBuildConfiguration section */
		00E356F61AD99517003FC87E /* Debug */ = {
			isa = XCBuildConfiguration;
			baseConfigurationReference = 5B7EB9410499542E8C5724F5 /* Pods-quizzy-quizzyTests.debug.xcconfig */;
			buildSettings = {
				BUNDLE_LOADER = "$(TEST_HOST)";
				GCC_PREPROCESSOR_DEFINITIONS = (
					"DEBUG=1",
					"$(inherited)",
				);
				INFOPLIST_FILE = quizzyTests/Info.plist;
				IPHONEOS_DEPLOYMENT_TARGET = 13.4;
				LD_RUNPATH_SEARCH_PATHS = (
					"$(inherited)",
					"@executable_path/Frameworks",
					"@loader_path/Frameworks",
				);
				OTHER_LDFLAGS = (
					"-ObjC",
					"-lc++",
					"$(inherited)",
				);
				PRODUCT_BUNDLE_IDENTIFIER = "org.reactjs.native.example.$(PRODUCT_NAME:rfc1034identifier)";
				PRODUCT_NAME = "$(TARGET_NAME)";
				TEST_HOST = "$(BUILT_PRODUCTS_DIR)/quizzy.app/quizzy";
			};
			name = Debug;
		};
		00E356F71AD99517003FC87E /* Release */ = {
			isa = XCBuildConfiguration;
			baseConfigurationReference = 89C6BE57DB24E9ADA2F236DE /* Pods-quizzy-quizzyTests.release.xcconfig */;
			buildSettings = {
				BUNDLE_LOADER = "$(TEST_HOST)";
				COPY_PHASE_STRIP = NO;
				INFOPLIST_FILE = quizzyTests/Info.plist;
				IPHONEOS_DEPLOYMENT_TARGET = 13.4;
				LD_RUNPATH_SEARCH_PATHS = (
					"$(inherited)",
					"@executable_path/Frameworks",
					"@loader_path/Frameworks",
				);
				OTHER_LDFLAGS = (
					"-ObjC",
					"-lc++",
					"$(inherited)",
				);
				PRODUCT_BUNDLE_IDENTIFIER = "org.reactjs.native.example.$(PRODUCT_NAME:rfc1034identifier)";
				PRODUCT_NAME = "$(TARGET_NAME)";
				TEST_HOST = "$(BUILT_PRODUCTS_DIR)/quizzy.app/quizzy";
			};
			name = Release;
		};
		13B07F941A680F5B00A75B9A /* Debug */ = {
			isa = XCBuildConfiguration;
			baseConfigurationReference = 3B4392A12AC88292D35C810B /* Pods-quizzy.debug.xcconfig */;
			buildSettings = {
				ASSETCATALOG_COMPILER_APPICON_NAME = AppIcon;
				CLANG_ENABLE_MODULES = YES;
				CURRENT_PROJECT_VERSION = 1;
				ENABLE_BITCODE = NO;
				INFOPLIST_FILE = quizzy/Info.plist;
				LD_RUNPATH_SEARCH_PATHS = (
					"$(inherited)",
					"@executable_path/Frameworks",
				);
				MARKETING_VERSION = 1.0;
				OTHER_LDFLAGS = (
					"$(inherited)",
					"-ObjC",
					"-lc++",
				);
				PRODUCT_BUNDLE_IDENTIFIER = "org.reactjs.native.example.$(PRODUCT_NAME:rfc1034identifier)";
				PRODUCT_NAME = quizzy;
				SWIFT_OPTIMIZATION_LEVEL = "-Onone";
				SWIFT_VERSION = 5.0;
				VERSIONING_SYSTEM = "apple-generic";
			};
			name = Debug;
		};
		13B07F951A680F5B00A75B9A /* Release */ = {
			isa = XCBuildConfiguration;
			baseConfigurationReference = 5709B34CF0A7D63546082F79 /* Pods-quizzy.release.xcconfig */;
			buildSettings = {
				ASSETCATALOG_COMPILER_APPICON_NAME = AppIcon;
				CLANG_ENABLE_MODULES = YES;
				CURRENT_PROJECT_VERSION = 1;
				INFOPLIST_FILE = quizzy/Info.plist;
				LD_RUNPATH_SEARCH_PATHS = (
					"$(inherited)",
					"@executable_path/Frameworks",
				);
				MARKETING_VERSION = 1.0;
				OTHER_LDFLAGS = (
					"$(inherited)",
					"-ObjC",
					"-lc++",
				);
				PRODUCT_BUNDLE_IDENTIFIER = "org.reactjs.native.example.$(PRODUCT_NAME:rfc1034identifier)";
				PRODUCT_NAME = quizzy;
				SWIFT_VERSION = 5.0;
				VERSIONING_SYSTEM = "apple-generic";
			};
			name = Release;
		};
		83CBBA201A601CBA00E9B192 /* Debug */ = {
			isa = XCBuildConfiguration;
			buildSettings = {
				ALWAYS_SEARCH_USER_PATHS = NO;
				CLANG_ANALYZER_LOCALIZABILITY_NONLOCALIZED = YES;
				CLANG_CXX_LANGUAGE_STANDARD = "c++20";
				CLANG_CXX_LIBRARY = "libc++";
				CLANG_ENABLE_MODULES = YES;
				CLANG_ENABLE_OBJC_ARC = YES;
				CLANG_WARN_BLOCK_CAPTURE_AUTORELEASING = YES;
				CLANG_WARN_BOOL_CONVERSION = YES;
				CLANG_WARN_COMMA = YES;
				CLANG_WARN_CONSTANT_CONVERSION = YES;
				CLANG_WARN_DEPRECATED_OBJC_IMPLEMENTATIONS = YES;
				CLANG_WARN_DIRECT_OBJC_ISA_USAGE = YES_ERROR;
				CLANG_WARN_EMPTY_BODY = YES;
				CLANG_WARN_ENUM_CONVERSION = YES;
				CLANG_WARN_INFINITE_RECURSION = YES;
				CLANG_WARN_INT_CONVERSION = YES;
				CLANG_WARN_NON_LITERAL_NULL_CONVERSION = YES;
				CLANG_WARN_OBJC_IMPLICIT_RETAIN_SELF = YES;
				CLANG_WARN_OBJC_LITERAL_CONVERSION = YES;
				CLANG_WARN_OBJC_ROOT_CLASS = YES_ERROR;
				CLANG_WARN_QUOTED_INCLUDE_IN_FRAMEWORK_HEADER = YES;
				CLANG_WARN_RANGE_LOOP_ANALYSIS = YES;
				CLANG_WARN_STRICT_PROTOTYPES = YES;
				CLANG_WARN_SUSPICIOUS_MOVE = YES;
				CLANG_WARN_UNREACHABLE_CODE = YES;
				CLANG_WARN__DUPLICATE_METHOD_MATCH = YES;
				"CODE_SIGN_IDENTITY[sdk=iphoneos*]" = "iPhone Developer";
				COPY_PHASE_STRIP = NO;
				ENABLE_STRICT_OBJC_MSGSEND = YES;
				ENABLE_TESTABILITY = YES;
				"EXCLUDED_ARCHS[sdk=iphonesimulator*]" = "";
				GCC_C_LANGUAGE_STANDARD = gnu99;
				GCC_DYNAMIC_NO_PIC = NO;
				GCC_NO_COMMON_BLOCKS = YES;
				GCC_OPTIMIZATION_LEVEL = 0;
				GCC_PREPROCESSOR_DEFINITIONS = (
					"DEBUG=1",
					"$(inherited)",
				);
				GCC_SYMBOLS_PRIVATE_EXTERN = NO;
				GCC_WARN_64_TO_32_BIT_CONVERSION = YES;
				GCC_WARN_ABOUT_RETURN_TYPE = YES_ERROR;
				GCC_WARN_UNDECLARED_SELECTOR = YES;
				GCC_WARN_UNINITIALIZED_AUTOS = YES_AGGRESSIVE;
				GCC_WARN_UNUSED_FUNCTION = YES;
				GCC_WARN_UNUSED_VARIABLE = YES;
				IPHONEOS_DEPLOYMENT_TARGET = 13.4;
				LD_RUNPATH_SEARCH_PATHS = (
					/usr/lib/swift,
					"$(inherited)",
				);
				LIBRARY_SEARCH_PATHS = (
					"\"$(SDKROOT)/usr/lib/swift\"",
					"\"$(TOOLCHAIN_DIR)/usr/lib/swift/$(PLATFORM_NAME)\"",
					"\"$(inherited)\"",
				);
				MTL_ENABLE_DEBUG_INFO = YES;
				ONLY_ACTIVE_ARCH = YES;
				OTHER_CPLUSPLUSFLAGS = (
					"$(OTHER_CFLAGS)",
					"-DFOLLY_NO_CONFIG",
					"-DFOLLY_MOBILE=1",
					"-DFOLLY_USE_LIBCPP=1",
					"-DFOLLY_CFG_NO_COROUTINES=1",
				);
				SDKROOT = iphoneos;
			};
			name = Debug;
		};
		83CBBA211A601CBA00E9B192 /* Release */ = {
			isa = XCBuildConfiguration;
			buildSettings = {
				ALWAYS_SEARCH_USER_PATHS = NO;
				CLANG_ANALYZER_LOCALIZABILITY_NONLOCALIZED = YES;
				CLANG_CXX_LANGUAGE_STANDARD = "c++20";
				CLANG_CXX_LIBRARY = "libc++";
				CLANG_ENABLE_MODULES = YES;
				CLANG_ENABLE_OBJC_ARC = YES;
				CLANG_WARN_BLOCK_CAPTURE_AUTORELEASING = YES;
				CLANG_WARN_BOOL_CONVERSION = YES;
				CLANG_WARN_COMMA = YES;
				CLANG_WARN_CONSTANT_CONVERSION = YES;
				CLANG_WARN_DEPRECATED_OBJC_IMPLEMENTATIONS = YES;
				CLANG_WARN_DIRECT_OBJC_ISA_USAGE = YES_ERROR;
				CLANG_WARN_EMPTY_BODY = YES;
				CLANG_WARN_ENUM_CONVERSION = YES;
				CLANG_WARN_INFINITE_RECURSION = YES;
				CLANG_WARN_INT_CONVERSION = YES;
				CLANG_WARN_NON_LITERAL_NULL_CONVERSION = YES;
				CLANG_WARN_OBJC_IMPLICIT_RETAIN_SELF = YES;
				CLANG_WARN_OBJC_LITERAL_CONVERSION = YES;
				CLANG_WARN_OBJC_ROOT_CLASS = YES_ERROR;
				CLANG_WARN_QUOTED_INCLUDE_IN_FRAMEWORK_HEADER = YES;
				CLANG_WARN_RANGE_LOOP_ANALYSIS = YES;
				CLANG_WARN_STRICT_PROTOTYPES = YES;
				CLANG_WARN_SUSPICIOUS_MOVE = YES;
				CLANG_WARN_UNREACHABLE_CODE = YES;
				CLANG_WARN__DUPLICATE_METHOD_MATCH = YES;
				"CODE_SIGN_IDENTITY[sdk=iphoneos*]" = "iPhone Developer";
				COPY_PHASE_STRIP = YES;
				ENABLE_NS_ASSERTIONS = NO;
				ENABLE_STRICT_OBJC_MSGSEND = YES;
				"EXCLUDED_ARCHS[sdk=iphonesimulator*]" = "";
				GCC_C_LANGUAGE_STANDARD = gnu99;
				GCC_NO_COMMON_BLOCKS = YES;
				GCC_WARN_64_TO_32_BIT_CONVERSION = YES;
				GCC_WARN_ABOUT_RETURN_TYPE = YES_ERROR;
				GCC_WARN_UNDECLARED_SELECTOR = YES;
				GCC_WARN_UNINITIALIZED_AUTOS = YES_AGGRESSIVE;
				GCC_WARN_UNUSED_FUNCTION = YES;
				GCC_WARN_UNUSED_VARIABLE = YES;
				IPHONEOS_DEPLOYMENT_TARGET = 13.4;
				LD_RUNPATH_SEARCH_PATHS = (
					/usr/lib/swift,
					"$(inherited)",
				);
				LIBRARY_SEARCH_PATHS = (
					"\"$(SDKROOT)/usr/lib/swift\"",
					"\"$(TOOLCHAIN_DIR)/usr/lib/swift/$(PLATFORM_NAME)\"",
					"\"$(inherited)\"",
				);
				MTL_ENABLE_DEBUG_INFO = NO;
				OTHER_CPLUSPLUSFLAGS = (
					"$(OTHER_CFLAGS)",
					"-DFOLLY_NO_CONFIG",
					"-DFOLLY_MOBILE=1",
					"-DFOLLY_USE_LIBCPP=1",
					"-DFOLLY_CFG_NO_COROUTINES=1",
				);
				SDKROOT = iphoneos;
				VALIDATE_PRODUCT = YES;
			};
			name = Release;
		};
/* End XCBuildConfiguration section */

/* Begin XCConfigurationList section */
		00E357021AD99517003FC87E /* Build configuration list for PBXNativeTarget "quizzyTests" */ = {
			isa = XCConfigurationList;
			buildConfigurations = (
				00E356F61AD99517003FC87E /* Debug */,
				00E356F71AD99517003FC87E /* Release */,
			);
			defaultConfigurationIsVisible = 0;
			defaultConfigurationName = Release;
		};
		13B07F931A680F5B00A75B9A /* Build configuration list for PBXNativeTarget "quizzy" */ = {
			isa = XCConfigurationList;
			buildConfigurations = (
				13B07F941A680F5B00A75B9A /* Debug */,
				13B07F951A680F5B00A75B9A /* Release */,
			);
			defaultConfigurationIsVisible = 0;
			defaultConfigurationName = Release;
		};
		83CBB9FA1A601CBA00E9B192 /* Build configuration list for PBXProject "quizzy" */ = {
			isa = XCConfigurationList;
			buildConfigurations = (
				83CBBA201A601CBA00E9B192 /* Debug */,
				83CBBA211A601CBA00E9B192 /* Release */,
			);
			defaultConfigurationIsVisible = 0;
			defaultConfigurationName = Release;
		};
/* End XCConfigurationList section */
	};
	rootObject = 83CBB9F71A601CBA00E9B192 /* Project object */;
}
